// !$*UTF8*$!
{
	archiveVersion = 1;
	classes = {
	};
	objectVersion = 46;
	objects = {

/* Begin PBXBuildFile section */
		2C09E4A11550D10B0089ECD5 /* BTState.m in Sources */ = {isa = PBXBuildFile; fileRef = 2C09E4A01550D10B0089ECD5 /* BTState.m */; };
		2C5C1C651566200800035E03 /* app.html in Resources */ = {isa = PBXBuildFile; fileRef = 2C5C1C621566200800035E03 /* app.html */; };
		2C5C1C661566200800035E03 /* appCss.css in Resources */ = {isa = PBXBuildFile; fileRef = 2C5C1C631566200800035E03 /* appCss.css */; };
		2C5C1C671566200800035E03 /* appJs.html in Resources */ = {isa = PBXBuildFile; fileRef = 2C5C1C641566200800035E03 /* appJs.html */; };
		2C720C191567C6E900AC9BF4 /* BTNet.m in Sources */ = {isa = PBXBuildFile; fileRef = 2C720C161567C59100AC9BF4 /* BTNet.m */; };
		2C720C6F15684C3100AC9BF4 /* NSData+Base64.m in Sources */ = {isa = PBXBuildFile; fileRef = 2C720C5E15684C3100AC9BF4 /* NSData+Base64.m */; };
		2C720C7015684C3100AC9BF4 /* NSDate+RFC1123.m in Sources */ = {isa = PBXBuildFile; fileRef = 2C720C6015684C3100AC9BF4 /* NSDate+RFC1123.m */; };
		2C720C7115684C3100AC9BF4 /* NSDictionary+RequestEncoding.m in Sources */ = {isa = PBXBuildFile; fileRef = 2C720C6215684C3100AC9BF4 /* NSDictionary+RequestEncoding.m */; };
		2C720C7215684C3100AC9BF4 /* NSString+MKNetworkKitAdditions.m in Sources */ = {isa = PBXBuildFile; fileRef = 2C720C6415684C3100AC9BF4 /* NSString+MKNetworkKitAdditions.m */; };
		2C720C7315684C3100AC9BF4 /* UIAlertView+MKNetworkKitAdditions.m in Sources */ = {isa = PBXBuildFile; fileRef = 2C720C6615684C3100AC9BF4 /* UIAlertView+MKNetworkKitAdditions.m */; };
		2C720C7415684C3100AC9BF4 /* MKNetworkEngine.m in Sources */ = {isa = PBXBuildFile; fileRef = 2C720C6815684C3100AC9BF4 /* MKNetworkEngine.m */; };
		2C720C7515684C3100AC9BF4 /* MKNetworkOperation.m in Sources */ = {isa = PBXBuildFile; fileRef = 2C720C6B15684C3100AC9BF4 /* MKNetworkOperation.m */; };
		2C720C7615684C3100AC9BF4 /* Reachability.m in Sources */ = {isa = PBXBuildFile; fileRef = 2C720C6E15684C3100AC9BF4 /* Reachability.m */; };
		2CA99250154FCAA900CF92FC /* Default.png in Resources */ = {isa = PBXBuildFile; fileRef = 2CA9924C154FCAA900CF92FC /* Default.png */; };
		2CA99251154FCAA900CF92FC /* Default@2x.png in Resources */ = {isa = PBXBuildFile; fileRef = 2CA9924D154FCAA900CF92FC /* Default@2x.png */; };
		2CA99252154FCAA900CF92FC /* logo.png in Resources */ = {isa = PBXBuildFile; fileRef = 2CA9924E154FCAA900CF92FC /* logo.png */; };
		2CA99253154FCAA900CF92FC /* logo@2x.png in Resources */ = {isa = PBXBuildFile; fileRef = 2CA9924F154FCAA900CF92FC /* logo@2x.png */; };
		2CAE30591556262500742518 /* AudioToolbox.framework in Frameworks */ = {isa = PBXBuildFile; fileRef = 2CAE30581556262500742518 /* AudioToolbox.framework */; };
		2CD13242156783CA002386F3 /* DebugUIWebView.m in Sources */ = {isa = PBXBuildFile; fileRef = 2CD13241156783CA002386F3 /* DebugUIWebView.m */; };
		2CD132781567B639002386F3 /* CFNetwork.framework in Frameworks */ = {isa = PBXBuildFile; fileRef = 2CD132771567B639002386F3 /* CFNetwork.framework */; };
		2CD132AA1567B827002386F3 /* SystemConfiguration.framework in Frameworks */ = {isa = PBXBuildFile; fileRef = 2CD132791567B63F002386F3 /* SystemConfiguration.framework */; };
		2CD133E81567C2D9002386F3 /* Security.framework in Frameworks */ = {isa = PBXBuildFile; fileRef = 2CD133E61567C2C0002386F3 /* Security.framework */; };
		2CD1A02E153FB6B0008949F2 /* UIKit.framework in Frameworks */ = {isa = PBXBuildFile; fileRef = 2CD1A02D153FB6B0008949F2 /* UIKit.framework */; };
		2CD1A030153FB6B0008949F2 /* Foundation.framework in Frameworks */ = {isa = PBXBuildFile; fileRef = 2CD1A02F153FB6B0008949F2 /* Foundation.framework */; };
		2CD1A032153FB6B0008949F2 /* CoreGraphics.framework in Frameworks */ = {isa = PBXBuildFile; fileRef = 2CD1A031153FB6B0008949F2 /* CoreGraphics.framework */; };
		2CD1A038153FB6B0008949F2 /* InfoPlist.strings in Resources */ = {isa = PBXBuildFile; fileRef = 2CD1A036153FB6B0008949F2 /* InfoPlist.strings */; };
		2CD1A03A153FB6B0008949F2 /* main.m in Sources */ = {isa = PBXBuildFile; fileRef = 2CD1A039153FB6B0008949F2 /* main.m */; };
		2CD1A03E153FB6B1008949F2 /* AppDelegate.m in Sources */ = {isa = PBXBuildFile; fileRef = 2CD1A03D153FB6B1008949F2 /* AppDelegate.m */; };
		2CD1A074153FB7B6008949F2 /* BTAppDelegate.m in Sources */ = {isa = PBXBuildFile; fileRef = 2CD1A060153FB7B6008949F2 /* BTAppDelegate.m */; };
		2CD1A075153FB7B6008949F2 /* JSONKit.m in Sources */ = {isa = PBXBuildFile; fileRef = 2CD1A063153FB7B6008949F2 /* JSONKit.m */; settings = {COMPILER_FLAGS = "-fno-objc-arc"; }; };
		2CD1A076153FB7B6008949F2 /* NSFileManager+Tar.m in Sources */ = {isa = PBXBuildFile; fileRef = 2CD1A066153FB7B6008949F2 /* NSFileManager+Tar.m */; settings = {COMPILER_FLAGS = "-fno-objc-arc"; }; };
		2CD1A077153FB7B6008949F2 /* WebViewJavascriptBridge.m in Sources */ = {isa = PBXBuildFile; fileRef = 2CD1A069153FB7B6008949F2 /* WebViewJavascriptBridge.m */; settings = {COMPILER_FLAGS = "-fno-objc-arc"; }; };
		2CD1A089153FB85D008949F2 /* FBDialog.bundle in Resources */ = {isa = PBXBuildFile; fileRef = 2CD1A07C153FB85D008949F2 /* FBDialog.bundle */; };
		2CD1A08A153FB85D008949F2 /* libfacebook_ios_sdk.a in Frameworks */ = {isa = PBXBuildFile; fileRef = 2CD1A082153FB85D008949F2 /* libfacebook_ios_sdk.a */; };
/* End PBXBuildFile section */

/* Begin PBXFileReference section */
		2C09E49F1550D10B0089ECD5 /* BTState.h */ = {isa = PBXFileReference; fileEncoding = 4; lastKnownFileType = sourcecode.c.h; path = BTState.h; sourceTree = "<group>"; };
		2C09E4A01550D10B0089ECD5 /* BTState.m */ = {isa = PBXFileReference; fileEncoding = 4; lastKnownFileType = sourcecode.c.objc; path = BTState.m; sourceTree = "<group>"; };
		2C5C1C621566200800035E03 /* app.html */ = {isa = PBXFileReference; fileEncoding = 4; lastKnownFileType = text.html; path = app.html; sourceTree = "<group>"; };
		2C5C1C631566200800035E03 /* appCss.css */ = {isa = PBXFileReference; fileEncoding = 4; lastKnownFileType = text.css; path = appCss.css; sourceTree = "<group>"; };
		2C5C1C641566200800035E03 /* appJs.html */ = {isa = PBXFileReference; fileEncoding = 4; lastKnownFileType = text.html; path = appJs.html; sourceTree = "<group>"; };
		2C720C151567C59100AC9BF4 /* BTNet.h */ = {isa = PBXFileReference; lastKnownFileType = sourcecode.c.h; path = BTNet.h; sourceTree = "<group>"; };
		2C720C161567C59100AC9BF4 /* BTNet.m */ = {isa = PBXFileReference; lastKnownFileType = sourcecode.c.objc; path = BTNet.m; sourceTree = "<group>"; };
		2C720C5D15684C3100AC9BF4 /* NSData+Base64.h */ = {isa = PBXFileReference; fileEncoding = 4; lastKnownFileType = sourcecode.c.h; path = "NSData+Base64.h"; sourceTree = "<group>"; };
		2C720C5E15684C3100AC9BF4 /* NSData+Base64.m */ = {isa = PBXFileReference; fileEncoding = 4; lastKnownFileType = sourcecode.c.objc; path = "NSData+Base64.m"; sourceTree = "<group>"; };
		2C720C5F15684C3100AC9BF4 /* NSDate+RFC1123.h */ = {isa = PBXFileReference; fileEncoding = 4; lastKnownFileType = sourcecode.c.h; path = "NSDate+RFC1123.h"; sourceTree = "<group>"; };
		2C720C6015684C3100AC9BF4 /* NSDate+RFC1123.m */ = {isa = PBXFileReference; fileEncoding = 4; lastKnownFileType = sourcecode.c.objc; path = "NSDate+RFC1123.m"; sourceTree = "<group>"; };
		2C720C6115684C3100AC9BF4 /* NSDictionary+RequestEncoding.h */ = {isa = PBXFileReference; fileEncoding = 4; lastKnownFileType = sourcecode.c.h; path = "NSDictionary+RequestEncoding.h"; sourceTree = "<group>"; };
		2C720C6215684C3100AC9BF4 /* NSDictionary+RequestEncoding.m */ = {isa = PBXFileReference; fileEncoding = 4; lastKnownFileType = sourcecode.c.objc; path = "NSDictionary+RequestEncoding.m"; sourceTree = "<group>"; };
		2C720C6315684C3100AC9BF4 /* NSString+MKNetworkKitAdditions.h */ = {isa = PBXFileReference; fileEncoding = 4; lastKnownFileType = sourcecode.c.h; path = "NSString+MKNetworkKitAdditions.h"; sourceTree = "<group>"; };
		2C720C6415684C3100AC9BF4 /* NSString+MKNetworkKitAdditions.m */ = {isa = PBXFileReference; fileEncoding = 4; lastKnownFileType = sourcecode.c.objc; path = "NSString+MKNetworkKitAdditions.m"; sourceTree = "<group>"; };
		2C720C6515684C3100AC9BF4 /* UIAlertView+MKNetworkKitAdditions.h */ = {isa = PBXFileReference; fileEncoding = 4; lastKnownFileType = sourcecode.c.h; path = "UIAlertView+MKNetworkKitAdditions.h"; sourceTree = "<group>"; };
		2C720C6615684C3100AC9BF4 /* UIAlertView+MKNetworkKitAdditions.m */ = {isa = PBXFileReference; fileEncoding = 4; lastKnownFileType = sourcecode.c.objc; path = "UIAlertView+MKNetworkKitAdditions.m"; sourceTree = "<group>"; };
		2C720C6715684C3100AC9BF4 /* MKNetworkEngine.h */ = {isa = PBXFileReference; fileEncoding = 4; lastKnownFileType = sourcecode.c.h; path = MKNetworkEngine.h; sourceTree = "<group>"; };
		2C720C6815684C3100AC9BF4 /* MKNetworkEngine.m */ = {isa = PBXFileReference; fileEncoding = 4; lastKnownFileType = sourcecode.c.objc; path = MKNetworkEngine.m; sourceTree = "<group>"; };
		2C720C6915684C3100AC9BF4 /* MKNetworkKit.h */ = {isa = PBXFileReference; fileEncoding = 4; lastKnownFileType = sourcecode.c.h; path = MKNetworkKit.h; sourceTree = "<group>"; };
		2C720C6A15684C3100AC9BF4 /* MKNetworkOperation.h */ = {isa = PBXFileReference; fileEncoding = 4; lastKnownFileType = sourcecode.c.h; path = MKNetworkOperation.h; sourceTree = "<group>"; };
		2C720C6B15684C3100AC9BF4 /* MKNetworkOperation.m */ = {isa = PBXFileReference; fileEncoding = 4; lastKnownFileType = sourcecode.c.objc; path = MKNetworkOperation.m; sourceTree = "<group>"; };
		2C720C6D15684C3100AC9BF4 /* Reachability.h */ = {isa = PBXFileReference; fileEncoding = 4; lastKnownFileType = sourcecode.c.h; path = Reachability.h; sourceTree = "<group>"; };
		2C720C6E15684C3100AC9BF4 /* Reachability.m */ = {isa = PBXFileReference; fileEncoding = 4; lastKnownFileType = sourcecode.c.objc; path = Reachability.m; sourceTree = "<group>"; };
		2CA9924C154FCAA900CF92FC /* Default.png */ = {isa = PBXFileReference; lastKnownFileType = image.png; name = Default.png; path = images/Default.png; sourceTree = "<group>"; };
		2CA9924D154FCAA900CF92FC /* Default@2x.png */ = {isa = PBXFileReference; lastKnownFileType = image.png; name = "Default@2x.png"; path = "images/Default@2x.png"; sourceTree = "<group>"; };
		2CA9924E154FCAA900CF92FC /* logo.png */ = {isa = PBXFileReference; lastKnownFileType = image.png; name = logo.png; path = images/logo.png; sourceTree = "<group>"; };
		2CA9924F154FCAA900CF92FC /* logo@2x.png */ = {isa = PBXFileReference; lastKnownFileType = image.png; name = "logo@2x.png"; path = "images/logo@2x.png"; sourceTree = "<group>"; };
		2CAE30581556262500742518 /* AudioToolbox.framework */ = {isa = PBXFileReference; lastKnownFileType = wrapper.framework; name = AudioToolbox.framework; path = System/Library/Frameworks/AudioToolbox.framework; sourceTree = SDKROOT; };
		2CD13240156783CA002386F3 /* DebugUIWebView.h */ = {isa = PBXFileReference; fileEncoding = 4; lastKnownFileType = sourcecode.c.h; path = DebugUIWebView.h; sourceTree = "<group>"; };
		2CD13241156783CA002386F3 /* DebugUIWebView.m */ = {isa = PBXFileReference; fileEncoding = 4; lastKnownFileType = sourcecode.c.objc; path = DebugUIWebView.m; sourceTree = "<group>"; };
		2CD132771567B639002386F3 /* CFNetwork.framework */ = {isa = PBXFileReference; lastKnownFileType = wrapper.framework; name = CFNetwork.framework; path = System/Library/Frameworks/CFNetwork.framework; sourceTree = SDKROOT; };
		2CD132791567B63F002386F3 /* SystemConfiguration.framework */ = {isa = PBXFileReference; lastKnownFileType = wrapper.framework; name = SystemConfiguration.framework; path = System/Library/Frameworks/SystemConfiguration.framework; sourceTree = SDKROOT; };
		2CD1327B1567B645002386F3 /* MobileCoreServices.framework */ = {isa = PBXFileReference; lastKnownFileType = wrapper.framework; name = MobileCoreServices.framework; path = System/Library/Frameworks/MobileCoreServices.framework; sourceTree = SDKROOT; };
		2CD133081567C010002386F3 /* BTTypes.h */ = {isa = PBXFileReference; lastKnownFileType = sourcecode.c.h; path = BTTypes.h; sourceTree = "<group>"; };
		2CD133E61567C2C0002386F3 /* Security.framework */ = {isa = PBXFileReference; lastKnownFileType = wrapper.framework; name = Security.framework; path = System/Library/Frameworks/Security.framework; sourceTree = SDKROOT; };
		2CD1A029153FB6B0008949F2 /* dogo.app */ = {isa = PBXFileReference; explicitFileType = wrapper.application; includeInIndex = 0; path = dogo.app; sourceTree = BUILT_PRODUCTS_DIR; };
		2CD1A02D153FB6B0008949F2 /* UIKit.framework */ = {isa = PBXFileReference; lastKnownFileType = wrapper.framework; name = UIKit.framework; path = System/Library/Frameworks/UIKit.framework; sourceTree = SDKROOT; };
		2CD1A02F153FB6B0008949F2 /* Foundation.framework */ = {isa = PBXFileReference; lastKnownFileType = wrapper.framework; name = Foundation.framework; path = System/Library/Frameworks/Foundation.framework; sourceTree = SDKROOT; };
		2CD1A031153FB6B0008949F2 /* CoreGraphics.framework */ = {isa = PBXFileReference; lastKnownFileType = wrapper.framework; name = CoreGraphics.framework; path = System/Library/Frameworks/CoreGraphics.framework; sourceTree = SDKROOT; };
		2CD1A035153FB6B0008949F2 /* dogo-Info.plist */ = {isa = PBXFileReference; lastKnownFileType = text.plist.xml; path = "dogo-Info.plist"; sourceTree = "<group>"; };
		2CD1A037153FB6B0008949F2 /* en */ = {isa = PBXFileReference; lastKnownFileType = text.plist.strings; name = en; path = en.lproj/InfoPlist.strings; sourceTree = "<group>"; };
		2CD1A039153FB6B0008949F2 /* main.m */ = {isa = PBXFileReference; lastKnownFileType = sourcecode.c.objc; path = main.m; sourceTree = "<group>"; };
		2CD1A03B153FB6B1008949F2 /* dogo-Prefix.pch */ = {isa = PBXFileReference; lastKnownFileType = sourcecode.c.h; path = "dogo-Prefix.pch"; sourceTree = "<group>"; };
		2CD1A03C153FB6B1008949F2 /* AppDelegate.h */ = {isa = PBXFileReference; lastKnownFileType = sourcecode.c.h; path = AppDelegate.h; sourceTree = "<group>"; };
		2CD1A03D153FB6B1008949F2 /* AppDelegate.m */ = {isa = PBXFileReference; lastKnownFileType = sourcecode.c.objc; path = AppDelegate.m; sourceTree = "<group>"; };
		2CD1A05F153FB7B6008949F2 /* BTAppDelegate.h */ = {isa = PBXFileReference; fileEncoding = 4; lastKnownFileType = sourcecode.c.h; path = BTAppDelegate.h; sourceTree = "<group>"; };
		2CD1A060153FB7B6008949F2 /* BTAppDelegate.m */ = {isa = PBXFileReference; fileEncoding = 4; lastKnownFileType = sourcecode.c.objc; path = BTAppDelegate.m; sourceTree = "<group>"; };
		2CD1A062153FB7B6008949F2 /* JSONKit.h */ = {isa = PBXFileReference; fileEncoding = 4; lastKnownFileType = sourcecode.c.h; path = JSONKit.h; sourceTree = "<group>"; };
		2CD1A063153FB7B6008949F2 /* JSONKit.m */ = {isa = PBXFileReference; fileEncoding = 4; lastKnownFileType = sourcecode.c.objc; path = JSONKit.m; sourceTree = "<group>"; };
		2CD1A065153FB7B6008949F2 /* NSFileManager+Tar.h */ = {isa = PBXFileReference; fileEncoding = 4; lastKnownFileType = sourcecode.c.h; path = "NSFileManager+Tar.h"; sourceTree = "<group>"; };
		2CD1A066153FB7B6008949F2 /* NSFileManager+Tar.m */ = {isa = PBXFileReference; fileEncoding = 4; lastKnownFileType = sourcecode.c.objc; path = "NSFileManager+Tar.m"; sourceTree = "<group>"; };
		2CD1A068153FB7B6008949F2 /* WebViewJavascriptBridge.h */ = {isa = PBXFileReference; fileEncoding = 4; lastKnownFileType = sourcecode.c.h; path = WebViewJavascriptBridge.h; sourceTree = "<group>"; };
		2CD1A069153FB7B6008949F2 /* WebViewJavascriptBridge.m */ = {isa = PBXFileReference; fileEncoding = 4; lastKnownFileType = sourcecode.c.objc; path = WebViewJavascriptBridge.m; sourceTree = "<group>"; };
		2CD1A07A153FB85D008949F2 /* Facebook.h */ = {isa = PBXFileReference; fileEncoding = 4; lastKnownFileType = sourcecode.c.h; path = Facebook.h; sourceTree = "<group>"; };
		2CD1A07B153FB85D008949F2 /* FBConnect.h */ = {isa = PBXFileReference; fileEncoding = 4; lastKnownFileType = sourcecode.c.h; path = FBConnect.h; sourceTree = "<group>"; };
		2CD1A07C153FB85D008949F2 /* FBDialog.bundle */ = {isa = PBXFileReference; lastKnownFileType = "wrapper.plug-in"; path = FBDialog.bundle; sourceTree = "<group>"; };
		2CD1A07D153FB85D008949F2 /* FBDialog.h */ = {isa = PBXFileReference; fileEncoding = 4; lastKnownFileType = sourcecode.c.h; path = FBDialog.h; sourceTree = "<group>"; };
		2CD1A07E153FB85D008949F2 /* FBFrictionlessRequestSettings.h */ = {isa = PBXFileReference; fileEncoding = 4; lastKnownFileType = sourcecode.c.h; path = FBFrictionlessRequestSettings.h; sourceTree = "<group>"; };
		2CD1A07F153FB85D008949F2 /* FBLoginDialog.h */ = {isa = PBXFileReference; fileEncoding = 4; lastKnownFileType = sourcecode.c.h; path = FBLoginDialog.h; sourceTree = "<group>"; };
		2CD1A080153FB85D008949F2 /* FBRequest.h */ = {isa = PBXFileReference; fileEncoding = 4; lastKnownFileType = sourcecode.c.h; path = FBRequest.h; sourceTree = "<group>"; };
		2CD1A081153FB85D008949F2 /* JSON.h */ = {isa = PBXFileReference; fileEncoding = 4; lastKnownFileType = sourcecode.c.h; path = JSON.h; sourceTree = "<group>"; };
		2CD1A082153FB85D008949F2 /* libfacebook_ios_sdk.a */ = {isa = PBXFileReference; lastKnownFileType = archive.ar; path = libfacebook_ios_sdk.a; sourceTree = "<group>"; };
		2CD1A083153FB85D008949F2 /* NSObject+SBJSON.h */ = {isa = PBXFileReference; fileEncoding = 4; lastKnownFileType = sourcecode.c.h; path = "NSObject+SBJSON.h"; sourceTree = "<group>"; };
		2CD1A084153FB85D008949F2 /* NSString+SBJSON.h */ = {isa = PBXFileReference; fileEncoding = 4; lastKnownFileType = sourcecode.c.h; path = "NSString+SBJSON.h"; sourceTree = "<group>"; };
		2CD1A085153FB85D008949F2 /* SBJSON.h */ = {isa = PBXFileReference; fileEncoding = 4; lastKnownFileType = sourcecode.c.h; path = SBJSON.h; sourceTree = "<group>"; };
		2CD1A086153FB85D008949F2 /* SBJsonBase.h */ = {isa = PBXFileReference; fileEncoding = 4; lastKnownFileType = sourcecode.c.h; path = SBJsonBase.h; sourceTree = "<group>"; };
		2CD1A087153FB85D008949F2 /* SBJsonParser.h */ = {isa = PBXFileReference; fileEncoding = 4; lastKnownFileType = sourcecode.c.h; path = SBJsonParser.h; sourceTree = "<group>"; };
		2CD1A088153FB85D008949F2 /* SBJsonWriter.h */ = {isa = PBXFileReference; fileEncoding = 4; lastKnownFileType = sourcecode.c.h; path = SBJsonWriter.h; sourceTree = "<group>"; };
/* End PBXFileReference section */

/* Begin PBXFrameworksBuildPhase section */
		2CD1A026153FB6B0008949F2 /* Frameworks */ = {
			isa = PBXFrameworksBuildPhase;
			buildActionMask = 2147483647;
			files = (
				2CD133E81567C2D9002386F3 /* Security.framework in Frameworks */,
				2CD132AA1567B827002386F3 /* SystemConfiguration.framework in Frameworks */,
				2CD1A032153FB6B0008949F2 /* CoreGraphics.framework in Frameworks */,
				2CD132781567B639002386F3 /* CFNetwork.framework in Frameworks */,
				2CAE30591556262500742518 /* AudioToolbox.framework in Frameworks */,
				2CD1A02E153FB6B0008949F2 /* UIKit.framework in Frameworks */,
				2CD1A030153FB6B0008949F2 /* Foundation.framework in Frameworks */,
				2CD1A08A153FB85D008949F2 /* libfacebook_ios_sdk.a in Frameworks */,
			);
			runOnlyForDeploymentPostprocessing = 0;
		};
/* End PBXFrameworksBuildPhase section */

/* Begin PBXGroup section */
		2C5C1C611566200800035E03 /* dogo-ios-build */ = {
			isa = PBXGroup;
			children = (
				2C5C1C621566200800035E03 /* app.html */,
				2C5C1C631566200800035E03 /* appCss.css */,
				2C5C1C641566200800035E03 /* appJs.html */,
			);
			name = "dogo-ios-build";
			path = "../../../../../../../../build/dogo-ios-build";
			sourceTree = "<group>";
		};
		2C720C5B15684C3100AC9BF4 /* MKNetworkKit */ = {
			isa = PBXGroup;
			children = (
				2C720C5C15684C3100AC9BF4 /* Categories */,
				2C720C6715684C3100AC9BF4 /* MKNetworkEngine.h */,
				2C720C6815684C3100AC9BF4 /* MKNetworkEngine.m */,
				2C720C6915684C3100AC9BF4 /* MKNetworkKit.h */,
				2C720C6A15684C3100AC9BF4 /* MKNetworkOperation.h */,
				2C720C6B15684C3100AC9BF4 /* MKNetworkOperation.m */,
				2C720C6C15684C3100AC9BF4 /* Reachability */,
			);
			path = MKNetworkKit;
			sourceTree = "<group>";
		};
		2C720C5C15684C3100AC9BF4 /* Categories */ = {
			isa = PBXGroup;
			children = (
				2C720C5D15684C3100AC9BF4 /* NSData+Base64.h */,
				2C720C5E15684C3100AC9BF4 /* NSData+Base64.m */,
				2C720C5F15684C3100AC9BF4 /* NSDate+RFC1123.h */,
				2C720C6015684C3100AC9BF4 /* NSDate+RFC1123.m */,
				2C720C6115684C3100AC9BF4 /* NSDictionary+RequestEncoding.h */,
				2C720C6215684C3100AC9BF4 /* NSDictionary+RequestEncoding.m */,
				2C720C6315684C3100AC9BF4 /* NSString+MKNetworkKitAdditions.h */,
				2C720C6415684C3100AC9BF4 /* NSString+MKNetworkKitAdditions.m */,
				2C720C6515684C3100AC9BF4 /* UIAlertView+MKNetworkKitAdditions.h */,
				2C720C6615684C3100AC9BF4 /* UIAlertView+MKNetworkKitAdditions.m */,
			);
			path = Categories;
			sourceTree = "<group>";
		};
		2C720C6C15684C3100AC9BF4 /* Reachability */ = {
			isa = PBXGroup;
			children = (
				2C720C6D15684C3100AC9BF4 /* Reachability.h */,
				2C720C6E15684C3100AC9BF4 /* Reachability.m */,
			);
			path = Reachability;
			sourceTree = "<group>";
		};
		2CA9924B154FC9E400CF92FC /* images */ = {
			isa = PBXGroup;
			children = (
				2CA9924C154FCAA900CF92FC /* Default.png */,
				2CA9924D154FCAA900CF92FC /* Default@2x.png */,
				2CA9924E154FCAA900CF92FC /* logo.png */,
				2CA9924F154FCAA900CF92FC /* logo@2x.png */,
			);
			name = images;
			path = ..;
			sourceTree = "<group>";
		};
		2CD1A01E153FB6B0008949F2 = {
			isa = PBXGroup;
			children = (
				2CD1A033153FB6B0008949F2 /* dogo */,
				2CD1A02C153FB6B0008949F2 /* Frameworks */,
				2CD1A02A153FB6B0008949F2 /* Products */,
			);
			sourceTree = "<group>";
		};
		2CD1A02A153FB6B0008949F2 /* Products */ = {
			isa = PBXGroup;
			children = (
				2CD1A029153FB6B0008949F2 /* dogo.app */,
			);
			name = Products;
			sourceTree = "<group>";
		};
		2CD1A02C153FB6B0008949F2 /* Frameworks */ = {
			isa = PBXGroup;
			children = (
				2CD133E61567C2C0002386F3 /* Security.framework */,
				2CD1327B1567B645002386F3 /* MobileCoreServices.framework */,
				2CD132791567B63F002386F3 /* SystemConfiguration.framework */,
				2CD132771567B639002386F3 /* CFNetwork.framework */,
				2CD1A031153FB6B0008949F2 /* CoreGraphics.framework */,
				2CD1A02F153FB6B0008949F2 /* Foundation.framework */,
				2CD1A02D153FB6B0008949F2 /* UIKit.framework */,
				2CAE30581556262500742518 /* AudioToolbox.framework */,
			);
			name = Frameworks;
			sourceTree = "<group>";
		};
		2CD1A033153FB6B0008949F2 /* dogo */ = {
			isa = PBXGroup;
			children = (
				2CD1A03C153FB6B1008949F2 /* AppDelegate.h */,
				2CD1A03D153FB6B1008949F2 /* AppDelegate.m */,
				2C5C1C611566200800035E03 /* dogo-ios-build */,
				2CD1A079153FB85D008949F2 /* facebook-ios-sdk */,
				2CD1A048153FB7B6008949F2 /* blowtorch-ios-sdk */,
				2CA9924B154FC9E400CF92FC /* images */,
				2CD1A034153FB6B0008949F2 /* Supporting Files */,
			);
			path = dogo;
			sourceTree = "<group>";
		};
		2CD1A034153FB6B0008949F2 /* Supporting Files */ = {
			isa = PBXGroup;
			children = (
				2CD1A035153FB6B0008949F2 /* dogo-Info.plist */,
				2CD1A036153FB6B0008949F2 /* InfoPlist.strings */,
				2CD1A039153FB6B0008949F2 /* main.m */,
				2CD1A03B153FB6B1008949F2 /* dogo-Prefix.pch */,
			);
			name = "Supporting Files";
			sourceTree = "<group>";
		};
		2CD1A048153FB7B6008949F2 /* blowtorch-ios-sdk */ = {
			isa = PBXGroup;
			children = (
				2CD1A05F153FB7B6008949F2 /* BTAppDelegate.h */,
				2CD1A060153FB7B6008949F2 /* BTAppDelegate.m */,
				2C09E49F1550D10B0089ECD5 /* BTState.h */,
				2C09E4A01550D10B0089ECD5 /* BTState.m */,
				2CD13240156783CA002386F3 /* DebugUIWebView.h */,
				2CD13241156783CA002386F3 /* DebugUIWebView.m */,
				2C720C151567C59100AC9BF4 /* BTNet.h */,
				2C720C161567C59100AC9BF4 /* BTNet.m */,
				2CD133081567C010002386F3 /* BTTypes.h */,
				2CD1A061153FB7B6008949F2 /* JSONKit */,
				2CD1A064153FB7B6008949F2 /* Light-Untar */,
				2CD1A067153FB7B6008949F2 /* WebViewJavascriptBridge */,
				2C720C5B15684C3100AC9BF4 /* MKNetworkKit */,
			);
			name = "blowtorch-ios-sdk";
			path = "../../../../dependencies/blowtorch/sdk/blowtorch-ios-sdk";
			sourceTree = "<group>";
		};
		2CD1A061153FB7B6008949F2 /* JSONKit */ = {
			isa = PBXGroup;
			children = (
				2CD1A062153FB7B6008949F2 /* JSONKit.h */,
				2CD1A063153FB7B6008949F2 /* JSONKit.m */,
			);
			path = JSONKit;
			sourceTree = "<group>";
		};
		2CD1A064153FB7B6008949F2 /* Light-Untar */ = {
			isa = PBXGroup;
			children = (
				2CD1A065153FB7B6008949F2 /* NSFileManager+Tar.h */,
				2CD1A066153FB7B6008949F2 /* NSFileManager+Tar.m */,
			);
			path = "Light-Untar";
			sourceTree = "<group>";
		};
		2CD1A067153FB7B6008949F2 /* WebViewJavascriptBridge */ = {
			isa = PBXGroup;
			children = (
				2CD1A068153FB7B6008949F2 /* WebViewJavascriptBridge.h */,
				2CD1A069153FB7B6008949F2 /* WebViewJavascriptBridge.m */,
			);
			path = WebViewJavascriptBridge;
			sourceTree = "<group>";
		};
		2CD1A079153FB85D008949F2 /* facebook-ios-sdk */ = {
			isa = PBXGroup;
			children = (
				2CD1A07A153FB85D008949F2 /* Facebook.h */,
				2CD1A07B153FB85D008949F2 /* FBConnect.h */,
				2CD1A07C153FB85D008949F2 /* FBDialog.bundle */,
				2CD1A07D153FB85D008949F2 /* FBDialog.h */,
				2CD1A07E153FB85D008949F2 /* FBFrictionlessRequestSettings.h */,
				2CD1A07F153FB85D008949F2 /* FBLoginDialog.h */,
				2CD1A080153FB85D008949F2 /* FBRequest.h */,
				2CD1A081153FB85D008949F2 /* JSON.h */,
				2CD1A082153FB85D008949F2 /* libfacebook_ios_sdk.a */,
				2CD1A083153FB85D008949F2 /* NSObject+SBJSON.h */,
				2CD1A084153FB85D008949F2 /* NSString+SBJSON.h */,
				2CD1A085153FB85D008949F2 /* SBJSON.h */,
				2CD1A086153FB85D008949F2 /* SBJsonBase.h */,
				2CD1A087153FB85D008949F2 /* SBJsonParser.h */,
				2CD1A088153FB85D008949F2 /* SBJsonWriter.h */,
			);
			name = "facebook-ios-sdk";
			path = "../../../../dependencies/facebook-ios-sdk/lib/facebook-ios-sdk";
			sourceTree = "<group>";
		};
/* End PBXGroup section */

/* Begin PBXNativeTarget section */
		2CD1A028153FB6B0008949F2 /* dogo */ = {
			isa = PBXNativeTarget;
			buildConfigurationList = 2CD1A041153FB6B1008949F2 /* Build configuration list for PBXNativeTarget "dogo" */;
			buildPhases = (
				2CD1A025153FB6B0008949F2 /* Sources */,
				2CD1A026153FB6B0008949F2 /* Frameworks */,
				2CD1A027153FB6B0008949F2 /* Resources */,
			);
			buildRules = (
			);
			dependencies = (
			);
			name = dogo;
			productName = dogo;
			productReference = 2CD1A029153FB6B0008949F2 /* dogo.app */;
			productType = "com.apple.product-type.application";
		};
/* End PBXNativeTarget section */

/* Begin PBXProject section */
		2CD1A020153FB6B0008949F2 /* Project object */ = {
			isa = PBXProject;
			attributes = {
				LastUpgradeCheck = 0430;
				ORGANIZATIONNAME = Meebo;
			};
			buildConfigurationList = 2CD1A023153FB6B0008949F2 /* Build configuration list for PBXProject "dogo" */;
			compatibilityVersion = "Xcode 3.2";
			developmentRegion = English;
			hasScannedForEncodings = 0;
			knownRegions = (
				en,
			);
			mainGroup = 2CD1A01E153FB6B0008949F2;
			productRefGroup = 2CD1A02A153FB6B0008949F2 /* Products */;
			projectDirPath = "";
			projectRoot = "";
			targets = (
				2CD1A028153FB6B0008949F2 /* dogo */,
			);
		};
/* End PBXProject section */

/* Begin PBXResourcesBuildPhase section */
		2CD1A027153FB6B0008949F2 /* Resources */ = {
			isa = PBXResourcesBuildPhase;
			buildActionMask = 2147483647;
			files = (
				2CD1A038153FB6B0008949F2 /* InfoPlist.strings in Resources */,
				2CD1A089153FB85D008949F2 /* FBDialog.bundle in Resources */,
				2CA99250154FCAA900CF92FC /* Default.png in Resources */,
				2CA99251154FCAA900CF92FC /* Default@2x.png in Resources */,
				2CA99252154FCAA900CF92FC /* logo.png in Resources */,
				2CA99253154FCAA900CF92FC /* logo@2x.png in Resources */,
				2C5C1C651566200800035E03 /* app.html in Resources */,
				2C5C1C661566200800035E03 /* appCss.css in Resources */,
				2C5C1C671566200800035E03 /* appJs.html in Resources */,
			);
			runOnlyForDeploymentPostprocessing = 0;
		};
/* End PBXResourcesBuildPhase section */

/* Begin PBXSourcesBuildPhase section */
		2CD1A025153FB6B0008949F2 /* Sources */ = {
			isa = PBXSourcesBuildPhase;
			buildActionMask = 2147483647;
			files = (
				2C720C191567C6E900AC9BF4 /* BTNet.m in Sources */,
				2CD1A03A153FB6B0008949F2 /* main.m in Sources */,
				2CD1A03E153FB6B1008949F2 /* AppDelegate.m in Sources */,
				2CD1A074153FB7B6008949F2 /* BTAppDelegate.m in Sources */,
				2CD1A075153FB7B6008949F2 /* JSONKit.m in Sources */,
				2CD1A076153FB7B6008949F2 /* NSFileManager+Tar.m in Sources */,
				2CD1A077153FB7B6008949F2 /* WebViewJavascriptBridge.m in Sources */,
				2C09E4A11550D10B0089ECD5 /* BTState.m in Sources */,
				2CD13242156783CA002386F3 /* DebugUIWebView.m in Sources */,
				2C720C6F15684C3100AC9BF4 /* NSData+Base64.m in Sources */,
				2C720C7015684C3100AC9BF4 /* NSDate+RFC1123.m in Sources */,
				2C720C7115684C3100AC9BF4 /* NSDictionary+RequestEncoding.m in Sources */,
				2C720C7215684C3100AC9BF4 /* NSString+MKNetworkKitAdditions.m in Sources */,
				2C720C7315684C3100AC9BF4 /* UIAlertView+MKNetworkKitAdditions.m in Sources */,
				2C720C7415684C3100AC9BF4 /* MKNetworkEngine.m in Sources */,
				2C720C7515684C3100AC9BF4 /* MKNetworkOperation.m in Sources */,
				2C720C7615684C3100AC9BF4 /* Reachability.m in Sources */,
			);
			runOnlyForDeploymentPostprocessing = 0;
		};
/* End PBXSourcesBuildPhase section */

/* Begin PBXVariantGroup section */
		2CD1A036153FB6B0008949F2 /* InfoPlist.strings */ = {
			isa = PBXVariantGroup;
			children = (
				2CD1A037153FB6B0008949F2 /* en */,
			);
			name = InfoPlist.strings;
			sourceTree = "<group>";
		};
/* End PBXVariantGroup section */

/* Begin XCBuildConfiguration section */
		2CD1A03F153FB6B1008949F2 /* Debug */ = {
			isa = XCBuildConfiguration;
			buildSettings = {
				ALWAYS_SEARCH_USER_PATHS = NO;
				ARCHS = "$(ARCHS_STANDARD_32_BIT)";
				CLANG_ENABLE_OBJC_ARC = YES;
				CODE_SIGN_IDENTITY = "iPhone Developer";
				"CODE_SIGN_IDENTITY[sdk=iphoneos*]" = "iPhone Developer";
				COPY_PHASE_STRIP = NO;
				GCC_C_LANGUAGE_STANDARD = gnu99;
				GCC_DYNAMIC_NO_PIC = NO;
				GCC_OPTIMIZATION_LEVEL = 0;
				GCC_PREPROCESSOR_DEFINITIONS = (
					"DEBUG=1",
					"$(inherited)",
				);
				GCC_SYMBOLS_PRIVATE_EXTERN = NO;
				GCC_VERSION = com.apple.compilers.llvm.clang.1_0;
				GCC_WARN_ABOUT_RETURN_TYPE = YES;
				GCC_WARN_UNINITIALIZED_AUTOS = YES;
				GCC_WARN_UNUSED_VARIABLE = YES;
				IPHONEOS_DEPLOYMENT_TARGET = 5.1;
				PRODUCT_NAME = "";
				PROVISIONING_PROFILE = "";
				"PROVISIONING_PROFILE[sdk=iphoneos*]" = "";
				SDKROOT = iphoneos;
			};
			name = Debug;
		};
		2CD1A040153FB6B1008949F2 /* Release */ = {
			isa = XCBuildConfiguration;
			buildSettings = {
				ALWAYS_SEARCH_USER_PATHS = NO;
				ARCHS = "$(ARCHS_STANDARD_32_BIT)";
				CLANG_ENABLE_OBJC_ARC = YES;
				CODE_SIGN_IDENTITY = "iPhone Developer";
				"CODE_SIGN_IDENTITY[sdk=iphoneos*]" = "iPhone Developer";
				COPY_PHASE_STRIP = YES;
				GCC_C_LANGUAGE_STANDARD = gnu99;
				GCC_VERSION = com.apple.compilers.llvm.clang.1_0;
				GCC_WARN_ABOUT_RETURN_TYPE = YES;
				GCC_WARN_UNINITIALIZED_AUTOS = YES;
				GCC_WARN_UNUSED_VARIABLE = YES;
				IPHONEOS_DEPLOYMENT_TARGET = 5.1;
				OTHER_CFLAGS = "-DNS_BLOCK_ASSERTIONS=1";
				PRODUCT_NAME = "";
				PROVISIONING_PROFILE = "";
				"PROVISIONING_PROFILE[sdk=iphoneos*]" = "";
				SDKROOT = iphoneos;
				VALIDATE_PRODUCT = YES;
			};
			name = Release;
		};
		2CD1A042153FB6B1008949F2 /* Debug */ = {
			isa = XCBuildConfiguration;
			buildSettings = {
				GCC_PRECOMPILE_PREFIX_HEADER = YES;
				GCC_PREFIX_HEADER = "dogo/dogo-Prefix.pch";
				INFOPLIST_FILE = "dogo/dogo-Info.plist";
				IPHONEOS_DEPLOYMENT_TARGET = 5.0;
				LIBRARY_SEARCH_PATHS = (
					"$(inherited)",
					"\"$(SRCROOT)/../../../dependencies/facebook-ios-sdk/lib/facebook-ios-sdk\"",
				);
				OTHER_CFLAGS = "";
				PRODUCT_NAME = "$(TARGET_NAME)";
				WRAPPER_EXTENSION = app;
			};
			name = Debug;
		};
		2CD1A043153FB6B1008949F2 /* Release */ = {
			isa = XCBuildConfiguration;
			buildSettings = {
				GCC_PRECOMPILE_PREFIX_HEADER = YES;
				GCC_PREFIX_HEADER = "dogo/dogo-Prefix.pch";
				INFOPLIST_FILE = "dogo/dogo-Info.plist";
				IPHONEOS_DEPLOYMENT_TARGET = 5.0;
				LIBRARY_SEARCH_PATHS = (
					"$(inherited)",
					"\"$(SRCROOT)/../../../dependencies/facebook-ios-sdk/lib/facebook-ios-sdk\"",
				);
				PRODUCT_NAME = "$(TARGET_NAME)";
				WRAPPER_EXTENSION = app;
			};
			name = Release;
		};
/* End XCBuildConfiguration section */

/* Begin XCConfigurationList section */
		2CD1A023153FB6B0008949F2 /* Build configuration list for PBXProject "dogo" */ = {
			isa = XCConfigurationList;
			buildConfigurations = (
				2CD1A03F153FB6B1008949F2 /* Debug */,
				2CD1A040153FB6B1008949F2 /* Release */,
			);
			defaultConfigurationIsVisible = 0;
			defaultConfigurationName = Release;
		};
		2CD1A041153FB6B1008949F2 /* Build configuration list for PBXNativeTarget "dogo" */ = {
			isa = XCConfigurationList;
			buildConfigurations = (
				2CD1A042153FB6B1008949F2 /* Debug */,
				2CD1A043153FB6B1008949F2 /* Release */,
			);
			defaultConfigurationIsVisible = 0;
			defaultConfigurationName = Release;
		};
/* End XCConfigurationList section */
	};
	rootObject = 2CD1A020153FB6B0008949F2 /* Project object */;
}
