// !$*UTF8*$!
{
	archiveVersion = 1;
	classes = {
	};
	objectVersion = 46;
	objects = {

/* Begin PBXBuildFile section */
		2C09E4A11550D10B0089ECD5 /* BTState.m in Sources */ = {isa = PBXBuildFile; fileRef = 2C09E4A01550D10B0089ECD5 /* BTState.m */; };
		2C0AF7B3168903BF00E35CEA /* BTFacebook.m in Sources */ = {isa = PBXBuildFile; fileRef = 2C0AF7B2168903BF00E35CEA /* BTFacebook.m */; };
		2C1884961687C2830071A3CE /* AdSupport.framework in Frameworks */ = {isa = PBXBuildFile; fileRef = 2C1884951687C2830071A3CE /* AdSupport.framework */; settings = {ATTRIBUTES = (Weak, ); }; };
		2C1884981687C28D0071A3CE /* Accounts.framework in Frameworks */ = {isa = PBXBuildFile; fileRef = 2C1884971687C28D0071A3CE /* Accounts.framework */; settings = {ATTRIBUTES = (Weak, ); }; };
		2C18849A1687C2950071A3CE /* Social.framework in Frameworks */ = {isa = PBXBuildFile; fileRef = 2C1884991687C2950071A3CE /* Social.framework */; settings = {ATTRIBUTES = (Weak, ); }; };
		2C25DD2F15E9E4220005D147 /* dev-hostname.txt in Resources */ = {isa = PBXBuildFile; fileRef = 2C25DD2E15E9E4220005D147 /* dev-hostname.txt */; };
		2C456677162A072E004CD78B /* BTTextInput.m in Sources */ = {isa = PBXBuildFile; fileRef = 2C456676162A072E004CD78B /* BTTextInput.m */; };
		2C45667A162A07AD004CD78B /* BTModule.m in Sources */ = {isa = PBXBuildFile; fileRef = 2C456679162A0780004CD78B /* BTModule.m */; };
		2C45667D162A286B004CD78B /* BTImage.m in Sources */ = {isa = PBXBuildFile; fileRef = 2C45667C162A286B004CD78B /* BTImage.m */; };
		2C45BA8A1652D0F600F11CED /* NSString+Util.m in Sources */ = {isa = PBXBuildFile; fileRef = 2C45BA891652D0F600F11CED /* NSString+Util.m */; };
		2C4EF9EF1573196800EE57C8 /* BTViewController.m in Sources */ = {isa = PBXBuildFile; fileRef = 2C4EF9EE1573196800EE57C8 /* BTViewController.m */; };
		2C55C96E1631229B006DFEB6 /* mobileApp in Resources */ = {isa = PBXBuildFile; fileRef = 2C55C96D1631229B006DFEB6 /* mobileApp */; };
		2C647E4F1697917A0067E6B6 /* FacebookSDK.framework in Frameworks */ = {isa = PBXBuildFile; fileRef = 2C647E4E1697917A0067E6B6 /* FacebookSDK.framework */; };
		2C647E521697918A0067E6B6 /* FacebookSDKResources.bundle in Resources */ = {isa = PBXBuildFile; fileRef = 2C647E511697918A0067E6B6 /* FacebookSDKResources.bundle */; };
		2C709418165A14DA007DDECD /* logo.png in Resources */ = {isa = PBXBuildFile; fileRef = 2C709417165A14DA007DDECD /* logo.png */; };
		2C70941C165A14E9007DDECD /* Default.png in Resources */ = {isa = PBXBuildFile; fileRef = 2C70941B165A14E9007DDECD /* Default.png */; };
		2C70941E165A14EE007DDECD /* Default@2x.png in Resources */ = {isa = PBXBuildFile; fileRef = 2C70941D165A14EE007DDECD /* Default@2x.png */; };
		2C709420165A14F2007DDECD /* Default-568h@2x.png in Resources */ = {isa = PBXBuildFile; fileRef = 2C70941F165A14F2007DDECD /* Default-568h@2x.png */; };
		2C709428165A87F5007DDECD /* fonts in Resources */ = {isa = PBXBuildFile; fileRef = 2C709427165A87F5007DDECD /* fonts */; };
		2C70942A165A8965007DDECD /* logo@2x.png in Resources */ = {isa = PBXBuildFile; fileRef = 2C709429165A8965007DDECD /* logo@2x.png */; };
		2C720C191567C6E900AC9BF4 /* BTNet.m in Sources */ = {isa = PBXBuildFile; fileRef = 2C720C161567C59100AC9BF4 /* BTNet.m */; };
		2C8A769B162218AC000312FC /* WebViewJavascriptBridge.js.txt in Resources */ = {isa = PBXBuildFile; fileRef = 2C8A7699162218AC000312FC /* WebViewJavascriptBridge.js.txt */; };
		2C8A769C162218AC000312FC /* WebViewJavascriptBridge.m in Sources */ = {isa = PBXBuildFile; fileRef = 2C8A769A162218AC000312FC /* WebViewJavascriptBridge.m */; };
		2C8A76B116271FF8000312FC /* WebViewProxy.m in Sources */ = {isa = PBXBuildFile; fileRef = 2C8A76B016271FF8000312FC /* WebViewProxy.m */; };
		2CA0A5F1167636A500EFDA7E /* BTResponse.m in Sources */ = {isa = PBXBuildFile; fileRef = 2CA0A5F0167636A500EFDA7E /* BTResponse.m */; };
		2CAE30591556262500742518 /* AudioToolbox.framework in Frameworks */ = {isa = PBXBuildFile; fileRef = 2CAE30581556262500742518 /* AudioToolbox.framework */; };
		2CBA74D2162A2D0000DE2E95 /* BTCache.m in Sources */ = {isa = PBXBuildFile; fileRef = 2CBA74D1162A2D0000DE2E95 /* BTCache.m */; };
		2CBA74F3162A427600DE2E95 /* UIImage+Alpha.m in Sources */ = {isa = PBXBuildFile; fileRef = 2CBA74ED162A427600DE2E95 /* UIImage+Alpha.m */; };
		2CBA74F4162A427600DE2E95 /* UIImage+Resize.m in Sources */ = {isa = PBXBuildFile; fileRef = 2CBA74EF162A427600DE2E95 /* UIImage+Resize.m */; };
		2CBA74F5162A427600DE2E95 /* UIImage+RoundedCorner.m in Sources */ = {isa = PBXBuildFile; fileRef = 2CBA74F1162A427600DE2E95 /* UIImage+RoundedCorner.m */; };
		2CCAFE691569EC1C002766A1 /* vibrate.wav in Resources */ = {isa = PBXBuildFile; fileRef = 2CCAFE681569EC1C002766A1 /* vibrate.wav */; };
		2CD13242156783CA002386F3 /* DebugUIWebView.m in Sources */ = {isa = PBXBuildFile; fileRef = 2CD13241156783CA002386F3 /* DebugUIWebView.m */; };
		2CD132781567B639002386F3 /* CFNetwork.framework in Frameworks */ = {isa = PBXBuildFile; fileRef = 2CD132771567B639002386F3 /* CFNetwork.framework */; };
		2CD132AA1567B827002386F3 /* SystemConfiguration.framework in Frameworks */ = {isa = PBXBuildFile; fileRef = 2CD132791567B63F002386F3 /* SystemConfiguration.framework */; };
		2CD133E81567C2D9002386F3 /* Security.framework in Frameworks */ = {isa = PBXBuildFile; fileRef = 2CD133E61567C2C0002386F3 /* Security.framework */; };
		2CD1A02E153FB6B0008949F2 /* UIKit.framework in Frameworks */ = {isa = PBXBuildFile; fileRef = 2CD1A02D153FB6B0008949F2 /* UIKit.framework */; };
		2CD1A030153FB6B0008949F2 /* Foundation.framework in Frameworks */ = {isa = PBXBuildFile; fileRef = 2CD1A02F153FB6B0008949F2 /* Foundation.framework */; };
		2CD1A032153FB6B0008949F2 /* CoreGraphics.framework in Frameworks */ = {isa = PBXBuildFile; fileRef = 2CD1A031153FB6B0008949F2 /* CoreGraphics.framework */; };
		2CD1A038153FB6B0008949F2 /* InfoPlist.strings in Resources */ = {isa = PBXBuildFile; fileRef = 2CD1A036153FB6B0008949F2 /* InfoPlist.strings */; };
		2CD1A03A153FB6B0008949F2 /* main.m in Sources */ = {isa = PBXBuildFile; fileRef = 2CD1A039153FB6B0008949F2 /* main.m */; };
		2CD1A03E153FB6B1008949F2 /* AppDelegate.m in Sources */ = {isa = PBXBuildFile; fileRef = 2CD1A03D153FB6B1008949F2 /* AppDelegate.m */; };
		2CD1A074153FB7B6008949F2 /* BTAppDelegate.m in Sources */ = {isa = PBXBuildFile; fileRef = 2CD1A060153FB7B6008949F2 /* BTAppDelegate.m */; };
		2CD1A076153FB7B6008949F2 /* NSFileManager+Tar.m in Sources */ = {isa = PBXBuildFile; fileRef = 2CD1A066153FB7B6008949F2 /* NSFileManager+Tar.m */; settings = {COMPILER_FLAGS = "-fno-objc-arc"; }; };
		2CF1C8AE15E9AFE700F4916D /* app.html in Resources */ = {isa = PBXBuildFile; fileRef = 2CF1C8AB15E9AFE700F4916D /* app.html */; };
		2CF1C8AF15E9AFE700F4916D /* appCss.css in Resources */ = {isa = PBXBuildFile; fileRef = 2CF1C8AC15E9AFE700F4916D /* appCss.css */; };
		2CF1C8B015E9AFE700F4916D /* appJs.html in Resources */ = {isa = PBXBuildFile; fileRef = 2CF1C8AD15E9AFE700F4916D /* appJs.html */; };
		2CFE18D91580A48100188E06 /* BTIndex.m in Sources */ = {isa = PBXBuildFile; fileRef = 2CFE18D81580A48100188E06 /* BTIndex.m */; };
		2CFF879515D2B6FB00F73150 /* UIDeviceHardware.m in Sources */ = {isa = PBXBuildFile; fileRef = 2CFF879415D2B6FB00F73150 /* UIDeviceHardware.m */; };
/* End PBXBuildFile section */

/* Begin PBXContainerItemProxy section */
		2CF1C8BD15E9BABA00F4916D /* PBXContainerItemProxy */ = {
			isa = PBXContainerItemProxy;
			containerPortal = 2CD1A020153FB6B0008949F2 /* Project object */;
			proxyType = 1;
			remoteGlobalIDString = 2CF1C8B915E9BAA600F4916D;
			remoteInfo = "dogo-ios-build";
		};
/* End PBXContainerItemProxy section */

/* Begin PBXFileReference section */
		2C09E49F1550D10B0089ECD5 /* BTState.h */ = {isa = PBXFileReference; fileEncoding = 4; lastKnownFileType = sourcecode.c.h; path = BTState.h; sourceTree = "<group>"; };
		2C09E4A01550D10B0089ECD5 /* BTState.m */ = {isa = PBXFileReference; fileEncoding = 4; lastKnownFileType = sourcecode.c.objc; path = BTState.m; sourceTree = "<group>"; };
		2C0AF7B1168903BF00E35CEA /* BTFacebook.h */ = {isa = PBXFileReference; fileEncoding = 4; lastKnownFileType = sourcecode.c.h; path = BTFacebook.h; sourceTree = "<group>"; };
		2C0AF7B2168903BF00E35CEA /* BTFacebook.m */ = {isa = PBXFileReference; fileEncoding = 4; lastKnownFileType = sourcecode.c.objc; path = BTFacebook.m; sourceTree = "<group>"; };
		2C1884951687C2830071A3CE /* AdSupport.framework */ = {isa = PBXFileReference; lastKnownFileType = wrapper.framework; name = AdSupport.framework; path = System/Library/Frameworks/AdSupport.framework; sourceTree = SDKROOT; };
		2C1884971687C28D0071A3CE /* Accounts.framework */ = {isa = PBXFileReference; lastKnownFileType = wrapper.framework; name = Accounts.framework; path = System/Library/Frameworks/Accounts.framework; sourceTree = SDKROOT; };
		2C1884991687C2950071A3CE /* Social.framework */ = {isa = PBXFileReference; lastKnownFileType = wrapper.framework; name = Social.framework; path = System/Library/Frameworks/Social.framework; sourceTree = SDKROOT; };
		2C25DD2E15E9E4220005D147 /* dev-hostname.txt */ = {isa = PBXFileReference; fileEncoding = 4; lastKnownFileType = text; name = "dev-hostname.txt"; path = "../../Users/marcus/code/dogo/build/dogo-ios-build/dev-hostname.txt"; sourceTree = "<group>"; };
		2C456675162A072E004CD78B /* BTTextInput.h */ = {isa = PBXFileReference; fileEncoding = 4; lastKnownFileType = sourcecode.c.h; path = BTTextInput.h; sourceTree = "<group>"; };
		2C456676162A072E004CD78B /* BTTextInput.m */ = {isa = PBXFileReference; fileEncoding = 4; lastKnownFileType = sourcecode.c.objc; path = BTTextInput.m; sourceTree = "<group>"; };
		2C456678162A0780004CD78B /* BTModule.h */ = {isa = PBXFileReference; lastKnownFileType = sourcecode.c.h; path = BTModule.h; sourceTree = "<group>"; };
		2C456679162A0780004CD78B /* BTModule.m */ = {isa = PBXFileReference; lastKnownFileType = sourcecode.c.objc; path = BTModule.m; sourceTree = "<group>"; };
		2C45667B162A286B004CD78B /* BTImage.h */ = {isa = PBXFileReference; fileEncoding = 4; lastKnownFileType = sourcecode.c.h; path = BTImage.h; sourceTree = "<group>"; };
		2C45667C162A286B004CD78B /* BTImage.m */ = {isa = PBXFileReference; fileEncoding = 4; lastKnownFileType = sourcecode.c.objc; path = BTImage.m; sourceTree = "<group>"; };
		2C45BA881652D0F600F11CED /* NSString+Util.h */ = {isa = PBXFileReference; fileEncoding = 4; lastKnownFileType = sourcecode.c.h; path = "NSString+Util.h"; sourceTree = "<group>"; };
		2C45BA891652D0F600F11CED /* NSString+Util.m */ = {isa = PBXFileReference; fileEncoding = 4; lastKnownFileType = sourcecode.c.objc; path = "NSString+Util.m"; sourceTree = "<group>"; };
		2C4EF9ED1573196800EE57C8 /* BTViewController.h */ = {isa = PBXFileReference; fileEncoding = 4; lastKnownFileType = sourcecode.c.h; path = BTViewController.h; sourceTree = "<group>"; };
		2C4EF9EE1573196800EE57C8 /* BTViewController.m */ = {isa = PBXFileReference; fileEncoding = 4; lastKnownFileType = sourcecode.c.objc; path = BTViewController.m; sourceTree = "<group>"; };
		2C55C96D1631229B006DFEB6 /* mobileApp */ = {isa = PBXFileReference; lastKnownFileType = folder; name = mobileApp; path = ../../graphics/mobileApp; sourceTree = "<group>"; };
		2C647E4E1697917A0067E6B6 /* FacebookSDK.framework */ = {isa = PBXFileReference; lastKnownFileType = wrapper.framework; name = FacebookSDK.framework; path = "../../../dependencies/facebook-ios-sdk/build/FacebookSDK.framework"; sourceTree = "<group>"; };
		2C647E511697918A0067E6B6 /* FacebookSDKResources.bundle */ = {isa = PBXFileReference; lastKnownFileType = "wrapper.plug-in"; name = FacebookSDKResources.bundle; path = "../../../dependencies/facebook-ios-sdk/build/FacebookSDK.framework/Versions/A/Resources/FacebookSDKResources.bundle"; sourceTree = "<group>"; };
		2C647E54169791940067E6B6 /* Facebook.h */ = {isa = PBXFileReference; fileEncoding = 4; lastKnownFileType = sourcecode.c.h; path = Facebook.h; sourceTree = "<group>"; };
		2C647E55169791940067E6B6 /* FacebookSDK.h */ = {isa = PBXFileReference; fileEncoding = 4; lastKnownFileType = sourcecode.c.h; path = FacebookSDK.h; sourceTree = "<group>"; };
		2C647E56169791940067E6B6 /* FBCacheDescriptor.h */ = {isa = PBXFileReference; fileEncoding = 4; lastKnownFileType = sourcecode.c.h; path = FBCacheDescriptor.h; sourceTree = "<group>"; };
		2C647E57169791940067E6B6 /* FBConnect.h */ = {isa = PBXFileReference; fileEncoding = 4; lastKnownFileType = sourcecode.c.h; path = FBConnect.h; sourceTree = "<group>"; };
		2C647E58169791940067E6B6 /* FBDialog.h */ = {isa = PBXFileReference; fileEncoding = 4; lastKnownFileType = sourcecode.c.h; path = FBDialog.h; sourceTree = "<group>"; };
		2C647E59169791940067E6B6 /* FBError.h */ = {isa = PBXFileReference; fileEncoding = 4; lastKnownFileType = sourcecode.c.h; path = FBError.h; sourceTree = "<group>"; };
		2C647E5A169791940067E6B6 /* FBFrictionlessRequestSettings.h */ = {isa = PBXFileReference; fileEncoding = 4; lastKnownFileType = sourcecode.c.h; path = FBFrictionlessRequestSettings.h; sourceTree = "<group>"; };
		2C647E5B169791940067E6B6 /* FBFriendPickerViewController.h */ = {isa = PBXFileReference; fileEncoding = 4; lastKnownFileType = sourcecode.c.h; path = FBFriendPickerViewController.h; sourceTree = "<group>"; };
		2C647E5C169791940067E6B6 /* FBGraphLocation.h */ = {isa = PBXFileReference; fileEncoding = 4; lastKnownFileType = sourcecode.c.h; path = FBGraphLocation.h; sourceTree = "<group>"; };
		2C647E5D169791940067E6B6 /* FBGraphObject.h */ = {isa = PBXFileReference; fileEncoding = 4; lastKnownFileType = sourcecode.c.h; path = FBGraphObject.h; sourceTree = "<group>"; };
		2C647E5E169791940067E6B6 /* FBGraphPlace.h */ = {isa = PBXFileReference; fileEncoding = 4; lastKnownFileType = sourcecode.c.h; path = FBGraphPlace.h; sourceTree = "<group>"; };
		2C647E5F169791940067E6B6 /* FBGraphUser.h */ = {isa = PBXFileReference; fileEncoding = 4; lastKnownFileType = sourcecode.c.h; path = FBGraphUser.h; sourceTree = "<group>"; };
		2C647E60169791940067E6B6 /* FBLoginDialog.h */ = {isa = PBXFileReference; fileEncoding = 4; lastKnownFileType = sourcecode.c.h; path = FBLoginDialog.h; sourceTree = "<group>"; };
		2C647E61169791940067E6B6 /* FBLoginView.h */ = {isa = PBXFileReference; fileEncoding = 4; lastKnownFileType = sourcecode.c.h; path = FBLoginView.h; sourceTree = "<group>"; };
		2C647E62169791940067E6B6 /* FBNativeDialogs.h */ = {isa = PBXFileReference; fileEncoding = 4; lastKnownFileType = sourcecode.c.h; path = FBNativeDialogs.h; sourceTree = "<group>"; };
		2C647E63169791940067E6B6 /* FBOpenGraphAction.h */ = {isa = PBXFileReference; fileEncoding = 4; lastKnownFileType = sourcecode.c.h; path = FBOpenGraphAction.h; sourceTree = "<group>"; };
		2C647E64169791940067E6B6 /* FBPlacePickerViewController.h */ = {isa = PBXFileReference; fileEncoding = 4; lastKnownFileType = sourcecode.c.h; path = FBPlacePickerViewController.h; sourceTree = "<group>"; };
		2C647E65169791940067E6B6 /* FBProfilePictureView.h */ = {isa = PBXFileReference; fileEncoding = 4; lastKnownFileType = sourcecode.c.h; path = FBProfilePictureView.h; sourceTree = "<group>"; };
		2C647E66169791940067E6B6 /* FBRequest.h */ = {isa = PBXFileReference; fileEncoding = 4; lastKnownFileType = sourcecode.c.h; path = FBRequest.h; sourceTree = "<group>"; };
		2C647E67169791940067E6B6 /* FBRequestConnection.h */ = {isa = PBXFileReference; fileEncoding = 4; lastKnownFileType = sourcecode.c.h; path = FBRequestConnection.h; sourceTree = "<group>"; };
		2C647E68169791940067E6B6 /* FBSBJSON.h */ = {isa = PBXFileReference; fileEncoding = 4; lastKnownFileType = sourcecode.c.h; path = FBSBJSON.h; sourceTree = "<group>"; };
		2C647E69169791940067E6B6 /* FBSBJsonBase.h */ = {isa = PBXFileReference; fileEncoding = 4; lastKnownFileType = sourcecode.c.h; path = FBSBJsonBase.h; sourceTree = "<group>"; };
		2C647E6A169791940067E6B6 /* FBSBJsonParser.h */ = {isa = PBXFileReference; fileEncoding = 4; lastKnownFileType = sourcecode.c.h; path = FBSBJsonParser.h; sourceTree = "<group>"; };
		2C647E6B169791940067E6B6 /* FBSBJsonWriter.h */ = {isa = PBXFileReference; fileEncoding = 4; lastKnownFileType = sourcecode.c.h; path = FBSBJsonWriter.h; sourceTree = "<group>"; };
		2C647E6C169791940067E6B6 /* FBSession.h */ = {isa = PBXFileReference; fileEncoding = 4; lastKnownFileType = sourcecode.c.h; path = FBSession.h; sourceTree = "<group>"; };
		2C647E6D169791940067E6B6 /* FBSessionManualTokenCachingStrategy.h */ = {isa = PBXFileReference; fileEncoding = 4; lastKnownFileType = sourcecode.c.h; path = FBSessionManualTokenCachingStrategy.h; sourceTree = "<group>"; };
		2C647E6E169791940067E6B6 /* FBSessionTokenCachingStrategy.h */ = {isa = PBXFileReference; fileEncoding = 4; lastKnownFileType = sourcecode.c.h; path = FBSessionTokenCachingStrategy.h; sourceTree = "<group>"; };
		2C647E6F169791940067E6B6 /* FBSettings.h */ = {isa = PBXFileReference; fileEncoding = 4; lastKnownFileType = sourcecode.c.h; path = FBSettings.h; sourceTree = "<group>"; };
		2C647E70169791940067E6B6 /* FBTestSession.h */ = {isa = PBXFileReference; fileEncoding = 4; lastKnownFileType = sourcecode.c.h; path = FBTestSession.h; sourceTree = "<group>"; };
		2C647E71169791940067E6B6 /* FBUserSettingsViewController.h */ = {isa = PBXFileReference; fileEncoding = 4; lastKnownFileType = sourcecode.c.h; path = FBUserSettingsViewController.h; sourceTree = "<group>"; };
		2C647E72169791940067E6B6 /* FBViewController.h */ = {isa = PBXFileReference; fileEncoding = 4; lastKnownFileType = sourcecode.c.h; path = FBViewController.h; sourceTree = "<group>"; };
		2C709417165A14DA007DDECD /* logo.png */ = {isa = PBXFileReference; lastKnownFileType = image.png; path = logo.png; sourceTree = "<group>"; };
		2C70941B165A14E9007DDECD /* Default.png */ = {isa = PBXFileReference; lastKnownFileType = image.png; path = Default.png; sourceTree = "<group>"; };
		2C70941D165A14EE007DDECD /* Default@2x.png */ = {isa = PBXFileReference; lastKnownFileType = image.png; path = "Default@2x.png"; sourceTree = "<group>"; };
		2C70941F165A14F2007DDECD /* Default-568h@2x.png */ = {isa = PBXFileReference; lastKnownFileType = image.png; path = "Default-568h@2x.png"; sourceTree = "<group>"; };
		2C709427165A87F5007DDECD /* fonts */ = {isa = PBXFileReference; lastKnownFileType = folder; name = fonts; path = ../../fonts; sourceTree = "<group>"; };
		2C709429165A8965007DDECD /* logo@2x.png */ = {isa = PBXFileReference; lastKnownFileType = image.png; path = "logo@2x.png"; sourceTree = "<group>"; };
		2C720C151567C59100AC9BF4 /* BTNet.h */ = {isa = PBXFileReference; lastKnownFileType = sourcecode.c.h; path = BTNet.h; sourceTree = "<group>"; };
		2C720C161567C59100AC9BF4 /* BTNet.m */ = {isa = PBXFileReference; lastKnownFileType = sourcecode.c.objc; path = BTNet.m; sourceTree = "<group>"; };
		2C8A7698162218AC000312FC /* WebViewJavascriptBridge.h */ = {isa = PBXFileReference; fileEncoding = 4; lastKnownFileType = sourcecode.c.h; path = WebViewJavascriptBridge.h; sourceTree = "<group>"; xcLanguageSpecificationIdentifier = xcode.lang.objcpp; };
		2C8A7699162218AC000312FC /* WebViewJavascriptBridge.js.txt */ = {isa = PBXFileReference; fileEncoding = 4; lastKnownFileType = text; path = WebViewJavascriptBridge.js.txt; sourceTree = "<group>"; };
		2C8A769A162218AC000312FC /* WebViewJavascriptBridge.m */ = {isa = PBXFileReference; fileEncoding = 4; lastKnownFileType = sourcecode.c.objc; path = WebViewJavascriptBridge.m; sourceTree = "<group>"; xcLanguageSpecificationIdentifier = xcode.lang.objc; };
		2C8A76AF16271FF8000312FC /* WebViewProxy.h */ = {isa = PBXFileReference; fileEncoding = 4; lastKnownFileType = sourcecode.c.h; path = WebViewProxy.h; sourceTree = "<group>"; };
		2C8A76B016271FF8000312FC /* WebViewProxy.m */ = {isa = PBXFileReference; fileEncoding = 4; lastKnownFileType = sourcecode.c.objc; path = WebViewProxy.m; sourceTree = "<group>"; };
		2CA0A5EF167636A500EFDA7E /* BTResponse.h */ = {isa = PBXFileReference; fileEncoding = 4; lastKnownFileType = sourcecode.c.h; path = BTResponse.h; sourceTree = "<group>"; };
		2CA0A5F0167636A500EFDA7E /* BTResponse.m */ = {isa = PBXFileReference; fileEncoding = 4; lastKnownFileType = sourcecode.c.objc; path = BTResponse.m; sourceTree = "<group>"; };
		2CAE30581556262500742518 /* AudioToolbox.framework */ = {isa = PBXFileReference; lastKnownFileType = wrapper.framework; name = AudioToolbox.framework; path = System/Library/Frameworks/AudioToolbox.framework; sourceTree = SDKROOT; };
		2CBA74D0162A2D0000DE2E95 /* BTCache.h */ = {isa = PBXFileReference; fileEncoding = 4; lastKnownFileType = sourcecode.c.h; path = BTCache.h; sourceTree = "<group>"; };
		2CBA74D1162A2D0000DE2E95 /* BTCache.m */ = {isa = PBXFileReference; fileEncoding = 4; lastKnownFileType = sourcecode.c.objc; path = BTCache.m; sourceTree = "<group>"; };
		2CBA74EC162A427600DE2E95 /* UIImage+Alpha.h */ = {isa = PBXFileReference; fileEncoding = 4; lastKnownFileType = sourcecode.c.h; path = "UIImage+Alpha.h"; sourceTree = "<group>"; };
		2CBA74ED162A427600DE2E95 /* UIImage+Alpha.m */ = {isa = PBXFileReference; fileEncoding = 4; lastKnownFileType = sourcecode.c.objc; path = "UIImage+Alpha.m"; sourceTree = "<group>"; };
		2CBA74EE162A427600DE2E95 /* UIImage+Resize.h */ = {isa = PBXFileReference; fileEncoding = 4; lastKnownFileType = sourcecode.c.h; path = "UIImage+Resize.h"; sourceTree = "<group>"; };
		2CBA74EF162A427600DE2E95 /* UIImage+Resize.m */ = {isa = PBXFileReference; fileEncoding = 4; lastKnownFileType = sourcecode.c.objc; path = "UIImage+Resize.m"; sourceTree = "<group>"; };
		2CBA74F0162A427600DE2E95 /* UIImage+RoundedCorner.h */ = {isa = PBXFileReference; fileEncoding = 4; lastKnownFileType = sourcecode.c.h; path = "UIImage+RoundedCorner.h"; sourceTree = "<group>"; };
		2CBA74F1162A427600DE2E95 /* UIImage+RoundedCorner.m */ = {isa = PBXFileReference; fileEncoding = 4; lastKnownFileType = sourcecode.c.objc; path = "UIImage+RoundedCorner.m"; sourceTree = "<group>"; };
		2CCAFE681569EC1C002766A1 /* vibrate.wav */ = {isa = PBXFileReference; lastKnownFileType = audio.wav; path = vibrate.wav; sourceTree = "<group>"; };
		2CD13240156783CA002386F3 /* DebugUIWebView.h */ = {isa = PBXFileReference; fileEncoding = 4; lastKnownFileType = sourcecode.c.h; path = DebugUIWebView.h; sourceTree = "<group>"; };
		2CD13241156783CA002386F3 /* DebugUIWebView.m */ = {isa = PBXFileReference; fileEncoding = 4; lastKnownFileType = sourcecode.c.objc; path = DebugUIWebView.m; sourceTree = "<group>"; };
		2CD132771567B639002386F3 /* CFNetwork.framework */ = {isa = PBXFileReference; lastKnownFileType = wrapper.framework; name = CFNetwork.framework; path = System/Library/Frameworks/CFNetwork.framework; sourceTree = SDKROOT; };
		2CD132791567B63F002386F3 /* SystemConfiguration.framework */ = {isa = PBXFileReference; lastKnownFileType = wrapper.framework; name = SystemConfiguration.framework; path = System/Library/Frameworks/SystemConfiguration.framework; sourceTree = SDKROOT; };
		2CD1327B1567B645002386F3 /* MobileCoreServices.framework */ = {isa = PBXFileReference; lastKnownFileType = wrapper.framework; name = MobileCoreServices.framework; path = System/Library/Frameworks/MobileCoreServices.framework; sourceTree = SDKROOT; };
		2CD133E61567C2C0002386F3 /* Security.framework */ = {isa = PBXFileReference; lastKnownFileType = wrapper.framework; name = Security.framework; path = System/Library/Frameworks/Security.framework; sourceTree = SDKROOT; };
		2CD1A029153FB6B0008949F2 /* dogo.app */ = {isa = PBXFileReference; explicitFileType = wrapper.application; includeInIndex = 0; path = dogo.app; sourceTree = BUILT_PRODUCTS_DIR; };
		2CD1A02D153FB6B0008949F2 /* UIKit.framework */ = {isa = PBXFileReference; lastKnownFileType = wrapper.framework; name = UIKit.framework; path = System/Library/Frameworks/UIKit.framework; sourceTree = SDKROOT; };
		2CD1A02F153FB6B0008949F2 /* Foundation.framework */ = {isa = PBXFileReference; lastKnownFileType = wrapper.framework; name = Foundation.framework; path = System/Library/Frameworks/Foundation.framework; sourceTree = SDKROOT; };
		2CD1A031153FB6B0008949F2 /* CoreGraphics.framework */ = {isa = PBXFileReference; lastKnownFileType = wrapper.framework; name = CoreGraphics.framework; path = System/Library/Frameworks/CoreGraphics.framework; sourceTree = SDKROOT; };
		2CD1A035153FB6B0008949F2 /* dogo-Info.plist */ = {isa = PBXFileReference; lastKnownFileType = text.plist.xml; path = "dogo-Info.plist"; sourceTree = "<group>"; };
		2CD1A037153FB6B0008949F2 /* en */ = {isa = PBXFileReference; lastKnownFileType = text.plist.strings; name = en; path = en.lproj/InfoPlist.strings; sourceTree = "<group>"; };
		2CD1A039153FB6B0008949F2 /* main.m */ = {isa = PBXFileReference; lastKnownFileType = sourcecode.c.objc; path = main.m; sourceTree = "<group>"; };
		2CD1A03B153FB6B1008949F2 /* dogo-Prefix.pch */ = {isa = PBXFileReference; lastKnownFileType = sourcecode.c.h; path = "dogo-Prefix.pch"; sourceTree = "<group>"; };
		2CD1A03C153FB6B1008949F2 /* AppDelegate.h */ = {isa = PBXFileReference; lastKnownFileType = sourcecode.c.h; path = AppDelegate.h; sourceTree = "<group>"; };
		2CD1A03D153FB6B1008949F2 /* AppDelegate.m */ = {isa = PBXFileReference; lastKnownFileType = sourcecode.c.objc; path = AppDelegate.m; sourceTree = "<group>"; };
		2CD1A05F153FB7B6008949F2 /* BTAppDelegate.h */ = {isa = PBXFileReference; fileEncoding = 4; lastKnownFileType = sourcecode.c.h; path = BTAppDelegate.h; sourceTree = "<group>"; };
		2CD1A060153FB7B6008949F2 /* BTAppDelegate.m */ = {isa = PBXFileReference; fileEncoding = 4; lastKnownFileType = sourcecode.c.objc; path = BTAppDelegate.m; sourceTree = "<group>"; };
		2CD1A065153FB7B6008949F2 /* NSFileManager+Tar.h */ = {isa = PBXFileReference; fileEncoding = 4; lastKnownFileType = sourcecode.c.h; path = "NSFileManager+Tar.h"; sourceTree = "<group>"; };
		2CD1A066153FB7B6008949F2 /* NSFileManager+Tar.m */ = {isa = PBXFileReference; fileEncoding = 4; lastKnownFileType = sourcecode.c.objc; path = "NSFileManager+Tar.m"; sourceTree = "<group>"; };
		2CF1C8AB15E9AFE700F4916D /* app.html */ = {isa = PBXFileReference; fileEncoding = 4; lastKnownFileType = text.html; name = app.html; path = "../../Users/marcus/code/dogo/build/dogo-ios-build/app.html"; sourceTree = "<group>"; };
		2CF1C8AC15E9AFE700F4916D /* appCss.css */ = {isa = PBXFileReference; fileEncoding = 4; lastKnownFileType = text.css; name = appCss.css; path = "../../Users/marcus/code/dogo/build/dogo-ios-build/appCss.css"; sourceTree = "<group>"; };
		2CF1C8AD15E9AFE700F4916D /* appJs.html */ = {isa = PBXFileReference; fileEncoding = 4; lastKnownFileType = text.html; name = appJs.html; path = "../../Users/marcus/code/dogo/build/dogo-ios-build/appJs.html"; sourceTree = "<group>"; };
		2CFE18D71580A48100188E06 /* BTIndex.h */ = {isa = PBXFileReference; fileEncoding = 4; lastKnownFileType = sourcecode.c.h; path = BTIndex.h; sourceTree = "<group>"; };
		2CFE18D81580A48100188E06 /* BTIndex.m */ = {isa = PBXFileReference; fileEncoding = 4; lastKnownFileType = sourcecode.c.objc; path = BTIndex.m; sourceTree = "<group>"; };
		2CFF879315D2B6FB00F73150 /* UIDeviceHardware.h */ = {isa = PBXFileReference; fileEncoding = 4; lastKnownFileType = sourcecode.c.h; path = UIDeviceHardware.h; sourceTree = "<group>"; };
		2CFF879415D2B6FB00F73150 /* UIDeviceHardware.m */ = {isa = PBXFileReference; fileEncoding = 4; lastKnownFileType = sourcecode.c.objc; path = UIDeviceHardware.m; sourceTree = "<group>"; };
/* End PBXFileReference section */

/* Begin PBXFrameworksBuildPhase section */
		2CD1A026153FB6B0008949F2 /* Frameworks */ = {
			isa = PBXFrameworksBuildPhase;
			buildActionMask = 2147483647;
			files = (
				2C18849A1687C2950071A3CE /* Social.framework in Frameworks */,
				2C1884981687C28D0071A3CE /* Accounts.framework in Frameworks */,
				2C1884961687C2830071A3CE /* AdSupport.framework in Frameworks */,
				2CD133E81567C2D9002386F3 /* Security.framework in Frameworks */,
				2CD132AA1567B827002386F3 /* SystemConfiguration.framework in Frameworks */,
				2CD1A032153FB6B0008949F2 /* CoreGraphics.framework in Frameworks */,
				2CD132781567B639002386F3 /* CFNetwork.framework in Frameworks */,
				2CAE30591556262500742518 /* AudioToolbox.framework in Frameworks */,
				2CD1A02E153FB6B0008949F2 /* UIKit.framework in Frameworks */,
				2CD1A030153FB6B0008949F2 /* Foundation.framework in Frameworks */,
				2C647E4F1697917A0067E6B6 /* FacebookSDK.framework in Frameworks */,
			);
			runOnlyForDeploymentPostprocessing = 0;
		};
/* End PBXFrameworksBuildPhase section */

/* Begin PBXGroup section */
		2C456674162A072E004CD78B /* blowtorch-ios-modules */ = {
			isa = PBXGroup;
			children = (
				2C456675162A072E004CD78B /* BTTextInput.h */,
				2C456676162A072E004CD78B /* BTTextInput.m */,
				2C45667B162A286B004CD78B /* BTImage.h */,
				2C45667C162A286B004CD78B /* BTImage.m */,
				2C0AF7B1168903BF00E35CEA /* BTFacebook.h */,
				2C0AF7B2168903BF00E35CEA /* BTFacebook.m */,
			);
			name = "blowtorch-ios-modules";
			path = "../../../../dependencies/blowtorch/sdk/blowtorch-ios-modules";
			sourceTree = "<group>";
		};
		2C45BA871652D0F600F11CED /* Categories */ = {
			isa = PBXGroup;
			children = (
				2C45BA881652D0F600F11CED /* NSString+Util.h */,
				2C45BA891652D0F600F11CED /* NSString+Util.m */,
			);
			path = Categories;
			sourceTree = "<group>";
		};
		2C5C1C611566200800035E03 /* dogo-ios-build */ = {
			isa = PBXGroup;
			children = (
				2CF1C8AB15E9AFE700F4916D /* app.html */,
				2CF1C8AC15E9AFE700F4916D /* appCss.css */,
				2CF1C8AD15E9AFE700F4916D /* appJs.html */,
				2C25DD2E15E9E4220005D147 /* dev-hostname.txt */,
			);
			name = "dogo-ios-build";
			path = "../../../../../../../../build/dogo-ios-build";
			sourceTree = "<group>";
		};
		2C647E53169791940067E6B6 /* DeprecatedHeaders */ = {
			isa = PBXGroup;
			children = (
				2C647E54169791940067E6B6 /* Facebook.h */,
				2C647E55169791940067E6B6 /* FacebookSDK.h */,
				2C647E56169791940067E6B6 /* FBCacheDescriptor.h */,
				2C647E57169791940067E6B6 /* FBConnect.h */,
				2C647E58169791940067E6B6 /* FBDialog.h */,
				2C647E59169791940067E6B6 /* FBError.h */,
				2C647E5A169791940067E6B6 /* FBFrictionlessRequestSettings.h */,
				2C647E5B169791940067E6B6 /* FBFriendPickerViewController.h */,
				2C647E5C169791940067E6B6 /* FBGraphLocation.h */,
				2C647E5D169791940067E6B6 /* FBGraphObject.h */,
				2C647E5E169791940067E6B6 /* FBGraphPlace.h */,
				2C647E5F169791940067E6B6 /* FBGraphUser.h */,
				2C647E60169791940067E6B6 /* FBLoginDialog.h */,
				2C647E61169791940067E6B6 /* FBLoginView.h */,
				2C647E62169791940067E6B6 /* FBNativeDialogs.h */,
				2C647E63169791940067E6B6 /* FBOpenGraphAction.h */,
				2C647E64169791940067E6B6 /* FBPlacePickerViewController.h */,
				2C647E65169791940067E6B6 /* FBProfilePictureView.h */,
				2C647E66169791940067E6B6 /* FBRequest.h */,
				2C647E67169791940067E6B6 /* FBRequestConnection.h */,
				2C647E68169791940067E6B6 /* FBSBJSON.h */,
				2C647E69169791940067E6B6 /* FBSBJsonBase.h */,
				2C647E6A169791940067E6B6 /* FBSBJsonParser.h */,
				2C647E6B169791940067E6B6 /* FBSBJsonWriter.h */,
				2C647E6C169791940067E6B6 /* FBSession.h */,
				2C647E6D169791940067E6B6 /* FBSessionManualTokenCachingStrategy.h */,
				2C647E6E169791940067E6B6 /* FBSessionTokenCachingStrategy.h */,
				2C647E6F169791940067E6B6 /* FBSettings.h */,
				2C647E70169791940067E6B6 /* FBTestSession.h */,
				2C647E71169791940067E6B6 /* FBUserSettingsViewController.h */,
				2C647E72169791940067E6B6 /* FBViewController.h */,
			);
			name = DeprecatedHeaders;
			path = "../../../dependencies/facebook-ios-sdk/build/FacebookSDK.framework/Versions/A/DeprecatedHeaders";
			sourceTree = "<group>";
		};
		2C709423165A865D007DDECD /* graphics */ = {
			isa = PBXGroup;
			children = (
				2C55C96D1631229B006DFEB6 /* mobileApp */,
			);
			name = graphics;
			sourceTree = "<group>";
		};
		2C8A7697162218AC000312FC /* WebViewJavascriptBridge */ = {
			isa = PBXGroup;
			children = (
				2C8A7698162218AC000312FC /* WebViewJavascriptBridge.h */,
				2C8A7699162218AC000312FC /* WebViewJavascriptBridge.js.txt */,
				2C8A769A162218AC000312FC /* WebViewJavascriptBridge.m */,
			);
			name = WebViewJavascriptBridge;
			path = ../../dependencies/WebViewJavascriptBridge/WebViewJavascriptBridge;
			sourceTree = "<group>";
		};
		2C8A76AE16271FF8000312FC /* WebViewProxy */ = {
			isa = PBXGroup;
			children = (
				2C8A76AF16271FF8000312FC /* WebViewProxy.h */,
				2C8A76B016271FF8000312FC /* WebViewProxy.m */,
			);
			name = WebViewProxy;
			path = ../../dependencies/WebViewProxy/WebViewProxy;
			sourceTree = "<group>";
		};
		2CBA74EA162A427600DE2E95 /* UIImage-Categories */ = {
			isa = PBXGroup;
			children = (
				2CBA74EC162A427600DE2E95 /* UIImage+Alpha.h */,
				2CBA74ED162A427600DE2E95 /* UIImage+Alpha.m */,
				2CBA74EE162A427600DE2E95 /* UIImage+Resize.h */,
				2CBA74EF162A427600DE2E95 /* UIImage+Resize.m */,
				2CBA74F0162A427600DE2E95 /* UIImage+RoundedCorner.h */,
				2CBA74F1162A427600DE2E95 /* UIImage+RoundedCorner.m */,
			);
			name = "UIImage-Categories";
			path = "../../dependencies/UIImage-Categories";
			sourceTree = "<group>";
		};
		2CCAFE671569EC1C002766A1 /* sounds */ = {
			isa = PBXGroup;
			children = (
				2CCAFE681569EC1C002766A1 /* vibrate.wav */,
			);
			path = sounds;
			sourceTree = SOURCE_ROOT;
		};
		2CD1A01E153FB6B0008949F2 = {
			isa = PBXGroup;
			children = (
				2C1884991687C2950071A3CE /* Social.framework */,
				2C1884971687C28D0071A3CE /* Accounts.framework */,
				2C1884951687C2830071A3CE /* AdSupport.framework */,
				2C709427165A87F5007DDECD /* fonts */,
				2C709423165A865D007DDECD /* graphics */,
				2CCAFE671569EC1C002766A1 /* sounds */,
				2C70941F165A14F2007DDECD /* Default-568h@2x.png */,
				2C70941D165A14EE007DDECD /* Default@2x.png */,
				2C70941B165A14E9007DDECD /* Default.png */,
				2C709417165A14DA007DDECD /* logo.png */,
				2C709429165A8965007DDECD /* logo@2x.png */,
				2CD1A033153FB6B0008949F2 /* dogo */,
				2CD1A02C153FB6B0008949F2 /* Frameworks */,
				2CD1A02A153FB6B0008949F2 /* Products */,
			);
			sourceTree = "<group>";
		};
		2CD1A02A153FB6B0008949F2 /* Products */ = {
			isa = PBXGroup;
			children = (
				2CD1A029153FB6B0008949F2 /* dogo.app */,
			);
			name = Products;
			sourceTree = "<group>";
		};
		2CD1A02C153FB6B0008949F2 /* Frameworks */ = {
			isa = PBXGroup;
			children = (
				2CD133E61567C2C0002386F3 /* Security.framework */,
				2CD1327B1567B645002386F3 /* MobileCoreServices.framework */,
				2CD132791567B63F002386F3 /* SystemConfiguration.framework */,
				2CD132771567B639002386F3 /* CFNetwork.framework */,
				2CD1A031153FB6B0008949F2 /* CoreGraphics.framework */,
				2CD1A02F153FB6B0008949F2 /* Foundation.framework */,
				2CD1A02D153FB6B0008949F2 /* UIKit.framework */,
				2CAE30581556262500742518 /* AudioToolbox.framework */,
				2C647E4E1697917A0067E6B6 /* FacebookSDK.framework */,
				2C647E53169791940067E6B6 /* DeprecatedHeaders */,
				2C647E511697918A0067E6B6 /* FacebookSDKResources.bundle */,
			);
			name = Frameworks;
			sourceTree = "<group>";
		};
		2CD1A033153FB6B0008949F2 /* dogo */ = {
			isa = PBXGroup;
			children = (
				2CD1A03C153FB6B1008949F2 /* AppDelegate.h */,
				2CD1A03D153FB6B1008949F2 /* AppDelegate.m */,
				2CFF879315D2B6FB00F73150 /* UIDeviceHardware.h */,
				2CFF879415D2B6FB00F73150 /* UIDeviceHardware.m */,
				2C5C1C611566200800035E03 /* dogo-ios-build */,
				2C456674162A072E004CD78B /* blowtorch-ios-modules */,
				2CD1A048153FB7B6008949F2 /* blowtorch-ios-sdk */,
				2CD1A034153FB6B0008949F2 /* Supporting Files */,
			);
			path = dogo;
			sourceTree = "<group>";
		};
		2CD1A034153FB6B0008949F2 /* Supporting Files */ = {
			isa = PBXGroup;
			children = (
				2CD1A035153FB6B0008949F2 /* dogo-Info.plist */,
				2CD1A036153FB6B0008949F2 /* InfoPlist.strings */,
				2CD1A039153FB6B0008949F2 /* main.m */,
				2CD1A03B153FB6B1008949F2 /* dogo-Prefix.pch */,
			);
			name = "Supporting Files";
			sourceTree = "<group>";
		};
		2CD1A048153FB7B6008949F2 /* blowtorch-ios-sdk */ = {
			isa = PBXGroup;
			children = (
				2CD1A05F153FB7B6008949F2 /* BTAppDelegate.h */,
				2CD1A060153FB7B6008949F2 /* BTAppDelegate.m */,
				2C4EF9ED1573196800EE57C8 /* BTViewController.h */,
				2C4EF9EE1573196800EE57C8 /* BTViewController.m */,
				2C456678162A0780004CD78B /* BTModule.h */,
				2C456679162A0780004CD78B /* BTModule.m */,
				2C09E49F1550D10B0089ECD5 /* BTState.h */,
				2C09E4A01550D10B0089ECD5 /* BTState.m */,
				2CBA74D0162A2D0000DE2E95 /* BTCache.h */,
				2CBA74D1162A2D0000DE2E95 /* BTCache.m */,
				2CD13240156783CA002386F3 /* DebugUIWebView.h */,
				2CD13241156783CA002386F3 /* DebugUIWebView.m */,
				2C720C151567C59100AC9BF4 /* BTNet.h */,
				2C720C161567C59100AC9BF4 /* BTNet.m */,
				2CFE18D71580A48100188E06 /* BTIndex.h */,
				2CFE18D81580A48100188E06 /* BTIndex.m */,
				2CA0A5EF167636A500EFDA7E /* BTResponse.h */,
				2CA0A5F0167636A500EFDA7E /* BTResponse.m */,
				2C45BA871652D0F600F11CED /* Categories */,
				2CD1A064153FB7B6008949F2 /* Light-Untar */,
				2C8A7697162218AC000312FC /* WebViewJavascriptBridge */,
				2C8A76AE16271FF8000312FC /* WebViewProxy */,
				2CBA74EA162A427600DE2E95 /* UIImage-Categories */,
			);
			name = "blowtorch-ios-sdk";
			path = "../../../../dependencies/blowtorch/sdk/blowtorch-ios-sdk";
			sourceTree = "<group>";
		};
		2CD1A064153FB7B6008949F2 /* Light-Untar */ = {
			isa = PBXGroup;
			children = (
				2CD1A065153FB7B6008949F2 /* NSFileManager+Tar.h */,
				2CD1A066153FB7B6008949F2 /* NSFileManager+Tar.m */,
			);
			path = "Light-Untar";
			sourceTree = "<group>";
		};
/* End PBXGroup section */

/* Begin PBXLegacyTarget section */
		2CF1C8B915E9BAA600F4916D /* dogo-ios-build */ = {
			isa = PBXLegacyTarget;
			buildArgumentsString = "ios-client";
			buildConfigurationList = 2CF1C8BA15E9BAA600F4916D /* Build configuration list for PBXLegacyTarget "dogo-ios-build" */;
			buildPhases = (
			);
			buildToolPath = /usr/bin/make;
			buildWorkingDirectory = ../../..;
			dependencies = (
			);
			name = "dogo-ios-build";
			passBuildSettingsInEnvironment = 1;
			productName = "dogo-ios-build";
		};
/* End PBXLegacyTarget section */

/* Begin PBXNativeTarget section */
		2CD1A028153FB6B0008949F2 /* dogo */ = {
			isa = PBXNativeTarget;
			buildConfigurationList = 2CD1A041153FB6B1008949F2 /* Build configuration list for PBXNativeTarget "dogo" */;
			buildPhases = (
				2CD1A025153FB6B0008949F2 /* Sources */,
				2CD1A026153FB6B0008949F2 /* Frameworks */,
				2CD1A027153FB6B0008949F2 /* Resources */,
			);
			buildRules = (
			);
			dependencies = (
				2CF1C8BE15E9BABA00F4916D /* PBXTargetDependency */,
			);
			name = dogo;
			productName = dogo;
			productReference = 2CD1A029153FB6B0008949F2 /* dogo.app */;
			productType = "com.apple.product-type.application";
		};
/* End PBXNativeTarget section */

/* Begin PBXProject section */
		2CD1A020153FB6B0008949F2 /* Project object */ = {
			isa = PBXProject;
			attributes = {
				LastUpgradeCheck = 0450;
				ORGANIZATIONNAME = Meebo;
			};
			buildConfigurationList = 2CD1A023153FB6B0008949F2 /* Build configuration list for PBXProject "dogo" */;
			compatibilityVersion = "Xcode 3.2";
			developmentRegion = English;
			hasScannedForEncodings = 0;
			knownRegions = (
				en,
			);
			mainGroup = 2CD1A01E153FB6B0008949F2;
			productRefGroup = 2CD1A02A153FB6B0008949F2 /* Products */;
			projectDirPath = "";
			projectRoot = "";
			targets = (
				2CD1A028153FB6B0008949F2 /* dogo */,
				2CF1C8B915E9BAA600F4916D /* dogo-ios-build */,
			);
		};
/* End PBXProject section */

/* Begin PBXResourcesBuildPhase section */
		2CD1A027153FB6B0008949F2 /* Resources */ = {
			isa = PBXResourcesBuildPhase;
			buildActionMask = 2147483647;
			files = (
				2CD1A038153FB6B0008949F2 /* InfoPlist.strings in Resources */,
				2CCAFE691569EC1C002766A1 /* vibrate.wav in Resources */,
				2CF1C8AE15E9AFE700F4916D /* app.html in Resources */,
				2CF1C8AF15E9AFE700F4916D /* appCss.css in Resources */,
				2CF1C8B015E9AFE700F4916D /* appJs.html in Resources */,
				2C25DD2F15E9E4220005D147 /* dev-hostname.txt in Resources */,
				2C8A769B162218AC000312FC /* WebViewJavascriptBridge.js.txt in Resources */,
				2C55C96E1631229B006DFEB6 /* mobileApp in Resources */,
				2C709418165A14DA007DDECD /* logo.png in Resources */,
				2C70941C165A14E9007DDECD /* Default.png in Resources */,
				2C70941E165A14EE007DDECD /* Default@2x.png in Resources */,
				2C709420165A14F2007DDECD /* Default-568h@2x.png in Resources */,
				2C709428165A87F5007DDECD /* fonts in Resources */,
				2C70942A165A8965007DDECD /* logo@2x.png in Resources */,
				2C647E521697918A0067E6B6 /* FacebookSDKResources.bundle in Resources */,
			);
			runOnlyForDeploymentPostprocessing = 0;
		};
/* End PBXResourcesBuildPhase section */

/* Begin PBXSourcesBuildPhase section */
		2CD1A025153FB6B0008949F2 /* Sources */ = {
			isa = PBXSourcesBuildPhase;
			buildActionMask = 2147483647;
			files = (
				2C45667A162A07AD004CD78B /* BTModule.m in Sources */,
				2C720C191567C6E900AC9BF4 /* BTNet.m in Sources */,
				2CD1A03A153FB6B0008949F2 /* main.m in Sources */,
				2CD1A03E153FB6B1008949F2 /* AppDelegate.m in Sources */,
				2CD1A074153FB7B6008949F2 /* BTAppDelegate.m in Sources */,
				2CD1A076153FB7B6008949F2 /* NSFileManager+Tar.m in Sources */,
				2C09E4A11550D10B0089ECD5 /* BTState.m in Sources */,
				2CD13242156783CA002386F3 /* DebugUIWebView.m in Sources */,
				2C4EF9EF1573196800EE57C8 /* BTViewController.m in Sources */,
				2CFE18D91580A48100188E06 /* BTIndex.m in Sources */,
				2CFF879515D2B6FB00F73150 /* UIDeviceHardware.m in Sources */,
				2C8A769C162218AC000312FC /* WebViewJavascriptBridge.m in Sources */,
				2C8A76B116271FF8000312FC /* WebViewProxy.m in Sources */,
				2C456677162A072E004CD78B /* BTTextInput.m in Sources */,
				2C45667D162A286B004CD78B /* BTImage.m in Sources */,
				2CBA74D2162A2D0000DE2E95 /* BTCache.m in Sources */,
				2CBA74F3162A427600DE2E95 /* UIImage+Alpha.m in Sources */,
				2CBA74F4162A427600DE2E95 /* UIImage+Resize.m in Sources */,
				2CBA74F5162A427600DE2E95 /* UIImage+RoundedCorner.m in Sources */,
				2C45BA8A1652D0F600F11CED /* NSString+Util.m in Sources */,
				2CA0A5F1167636A500EFDA7E /* BTResponse.m in Sources */,
				2C0AF7B3168903BF00E35CEA /* BTFacebook.m in Sources */,
			);
			runOnlyForDeploymentPostprocessing = 0;
		};
/* End PBXSourcesBuildPhase section */

/* Begin PBXTargetDependency section */
		2CF1C8BE15E9BABA00F4916D /* PBXTargetDependency */ = {
			isa = PBXTargetDependency;
			target = 2CF1C8B915E9BAA600F4916D /* dogo-ios-build */;
			targetProxy = 2CF1C8BD15E9BABA00F4916D /* PBXContainerItemProxy */;
		};
/* End PBXTargetDependency section */

/* Begin PBXVariantGroup section */
		2CD1A036153FB6B0008949F2 /* InfoPlist.strings */ = {
			isa = PBXVariantGroup;
			children = (
				2CD1A037153FB6B0008949F2 /* en */,
			);
			name = InfoPlist.strings;
			sourceTree = "<group>";
		};
/* End PBXVariantGroup section */

/* Begin XCBuildConfiguration section */
		2CD1A03F153FB6B1008949F2 /* Debug */ = {
			isa = XCBuildConfiguration;
			buildSettings = {
				ALWAYS_SEARCH_USER_PATHS = NO;
				ARCHS = "$(ARCHS_STANDARD_32_BIT)";
				CLANG_ENABLE_OBJC_ARC = YES;
				CODE_SIGN_IDENTITY = "iPhone Developer";
				"CODE_SIGN_IDENTITY[sdk=iphoneos*]" = "iPhone Developer";
				COPY_PHASE_STRIP = NO;
				GCC_C_LANGUAGE_STANDARD = gnu99;
				GCC_DYNAMIC_NO_PIC = NO;
				GCC_OPTIMIZATION_LEVEL = 0;
				GCC_PREPROCESSOR_DEFINITIONS = (
					"DEBUG=1",
					"$(inherited)",
				);
				GCC_SYMBOLS_PRIVATE_EXTERN = NO;
				GCC_VERSION = com.apple.compilers.llvm.clang.1_0;
				GCC_WARN_ABOUT_RETURN_TYPE = YES;
				GCC_WARN_UNINITIALIZED_AUTOS = YES;
				GCC_WARN_UNUSED_VARIABLE = YES;
				IPHONEOS_DEPLOYMENT_TARGET = 5.1;
				PRODUCT_NAME = "";
				PROVISIONING_PROFILE = "";
				"PROVISIONING_PROFILE[sdk=iphoneos*]" = "";
				SDKROOT = iphoneos;
			};
			name = Debug;
		};
		2CD1A040153FB6B1008949F2 /* Release */ = {
			isa = XCBuildConfiguration;
			buildSettings = {
				ALWAYS_SEARCH_USER_PATHS = NO;
				ARCHS = "$(ARCHS_STANDARD_32_BIT)";
				CLANG_ENABLE_OBJC_ARC = YES;
				CODE_SIGN_IDENTITY = "iPhone Developer";
				"CODE_SIGN_IDENTITY[sdk=iphoneos*]" = "iPhone Developer";
				COPY_PHASE_STRIP = YES;
				GCC_C_LANGUAGE_STANDARD = gnu99;
				GCC_VERSION = com.apple.compilers.llvm.clang.1_0;
				GCC_WARN_ABOUT_RETURN_TYPE = YES;
				GCC_WARN_UNINITIALIZED_AUTOS = YES;
				GCC_WARN_UNUSED_VARIABLE = YES;
				IPHONEOS_DEPLOYMENT_TARGET = 5.1;
				OTHER_CFLAGS = "-DNS_BLOCK_ASSERTIONS=1";
				PRODUCT_NAME = "";
				PROVISIONING_PROFILE = "";
				"PROVISIONING_PROFILE[sdk=iphoneos*]" = "";
				SDKROOT = iphoneos;
				VALIDATE_PRODUCT = YES;
			};
			name = Release;
		};
		2CD1A042153FB6B1008949F2 /* Debug */ = {
			isa = XCBuildConfiguration;
			buildSettings = {
				FRAMEWORK_SEARCH_PATHS = (
					"$(inherited)",
					"\"$(SRCROOT)/../../../dependencies/facebook-ios-sdk/build\"",
				);
				GCC_PRECOMPILE_PREFIX_HEADER = YES;
				GCC_PREFIX_HEADER = "dogo/dogo-Prefix.pch";
				INFOPLIST_FILE = "dogo/dogo-Info.plist";
				IPHONEOS_DEPLOYMENT_TARGET = 5.0;
				LIBRARY_SEARCH_PATHS = "$(inherited)";
				OTHER_CFLAGS = "";
				OTHER_LDFLAGS = "-lsqlite3.0";
				PRODUCT_NAME = "$(TARGET_NAME)";
				WRAPPER_EXTENSION = app;
			};
			name = Debug;
		};
		2CD1A043153FB6B1008949F2 /* Release */ = {
			isa = XCBuildConfiguration;
			buildSettings = {
				FRAMEWORK_SEARCH_PATHS = (
					"$(inherited)",
					"\"$(SRCROOT)/../../../dependencies/facebook-ios-sdk/build\"",
				);
				GCC_PRECOMPILE_PREFIX_HEADER = YES;
				GCC_PREFIX_HEADER = "dogo/dogo-Prefix.pch";
				INFOPLIST_FILE = "dogo/dogo-Info.plist";
				IPHONEOS_DEPLOYMENT_TARGET = 5.0;
				LIBRARY_SEARCH_PATHS = "$(inherited)";
				OTHER_LDFLAGS = "-lsqlite3.0";
				PRODUCT_NAME = "$(TARGET_NAME)";
				WRAPPER_EXTENSION = app;
			};
			name = Release;
		};
		2CF1C8BB15E9BAA600F4916D /* Debug */ = {
			isa = XCBuildConfiguration;
			buildSettings = {
				ARCHS = "$(ARCHS_STANDARD_64_BIT)";
				CLANG_CXX_LANGUAGE_STANDARD = "gnu++0x";
				CLANG_CXX_LIBRARY = "libc++";
				CLANG_WARN__DUPLICATE_METHOD_MATCH = YES;
				COMBINE_HIDPI_IMAGES = YES;
				DEBUGGING_SYMBOLS = YES;
				GCC_ENABLE_OBJC_EXCEPTIONS = YES;
				GCC_GENERATE_DEBUGGING_SYMBOLS = YES;
				GCC_OPTIMIZATION_LEVEL = 0;
				GCC_WARN_64_TO_32_BIT_CONVERSION = YES;
				MACOSX_DEPLOYMENT_TARGET = 10.8;
				ONLY_ACTIVE_ARCH = YES;
				OTHER_CFLAGS = "";
				OTHER_LDFLAGS = "";
				PRODUCT_NAME = "$(TARGET_NAME)";
				SDKROOT = macosx;
			};
			name = Debug;
		};
		2CF1C8BC15E9BAA600F4916D /* Release */ = {
			isa = XCBuildConfiguration;
			buildSettings = {
				ARCHS = "$(ARCHS_STANDARD_64_BIT)";
				CLANG_CXX_LANGUAGE_STANDARD = "gnu++0x";
				CLANG_CXX_LIBRARY = "libc++";
				CLANG_WARN__DUPLICATE_METHOD_MATCH = YES;
				COMBINE_HIDPI_IMAGES = YES;
				DEBUG_INFORMATION_FORMAT = "dwarf-with-dsym";
				GCC_ENABLE_OBJC_EXCEPTIONS = YES;
				GCC_WARN_64_TO_32_BIT_CONVERSION = YES;
				MACOSX_DEPLOYMENT_TARGET = 10.8;
				OTHER_CFLAGS = "";
				OTHER_LDFLAGS = "";
				PRODUCT_NAME = "$(TARGET_NAME)";
				SDKROOT = macosx;
			};
			name = Release;
		};
/* End XCBuildConfiguration section */

/* Begin XCConfigurationList section */
		2CD1A023153FB6B0008949F2 /* Build configuration list for PBXProject "dogo" */ = {
			isa = XCConfigurationList;
			buildConfigurations = (
				2CD1A03F153FB6B1008949F2 /* Debug */,
				2CD1A040153FB6B1008949F2 /* Release */,
			);
			defaultConfigurationIsVisible = 0;
			defaultConfigurationName = Release;
		};
		2CD1A041153FB6B1008949F2 /* Build configuration list for PBXNativeTarget "dogo" */ = {
			isa = XCConfigurationList;
			buildConfigurations = (
				2CD1A042153FB6B1008949F2 /* Debug */,
				2CD1A043153FB6B1008949F2 /* Release */,
			);
			defaultConfigurationIsVisible = 0;
			defaultConfigurationName = Release;
		};
		2CF1C8BA15E9BAA600F4916D /* Build configuration list for PBXLegacyTarget "dogo-ios-build" */ = {
			isa = XCConfigurationList;
			buildConfigurations = (
				2CF1C8BB15E9BAA600F4916D /* Debug */,
				2CF1C8BC15E9BAA600F4916D /* Release */,
			);
			defaultConfigurationIsVisible = 0;
			defaultConfigurationName = Release;
		};
/* End XCConfigurationList section */
	};
	rootObject = 2CD1A020153FB6B0008949F2 /* Project object */;
}
