// !$*UTF8*$!
{
	archiveVersion = 1;
	classes = {
	};
	objectVersion = 46;
	objects = {

/* Begin PBXBuildFile section */
		2CD1A02E153FB6B0008949F2 /* UIKit.framework in Frameworks */ = {isa = PBXBuildFile; fileRef = 2CD1A02D153FB6B0008949F2 /* UIKit.framework */; };
		2CD1A030153FB6B0008949F2 /* Foundation.framework in Frameworks */ = {isa = PBXBuildFile; fileRef = 2CD1A02F153FB6B0008949F2 /* Foundation.framework */; };
		2CD1A032153FB6B0008949F2 /* CoreGraphics.framework in Frameworks */ = {isa = PBXBuildFile; fileRef = 2CD1A031153FB6B0008949F2 /* CoreGraphics.framework */; };
		2CD1A038153FB6B0008949F2 /* InfoPlist.strings in Resources */ = {isa = PBXBuildFile; fileRef = 2CD1A036153FB6B0008949F2 /* InfoPlist.strings */; };
		2CD1A03A153FB6B0008949F2 /* main.m in Sources */ = {isa = PBXBuildFile; fileRef = 2CD1A039153FB6B0008949F2 /* main.m */; };
		2CD1A03E153FB6B1008949F2 /* AppDelegate.m in Sources */ = {isa = PBXBuildFile; fileRef = 2CD1A03D153FB6B1008949F2 /* AppDelegate.m */; };
		2CD1A06A153FB7B6008949F2 /* AFHTTPClient.m in Sources */ = {isa = PBXBuildFile; fileRef = 2CD1A04B153FB7B6008949F2 /* AFHTTPClient.m */; settings = {COMPILER_FLAGS = "-fno-objc-arc"; }; };
		2CD1A06B153FB7B6008949F2 /* AFHTTPRequestOperation.m in Sources */ = {isa = PBXBuildFile; fileRef = 2CD1A04D153FB7B6008949F2 /* AFHTTPRequestOperation.m */; settings = {COMPILER_FLAGS = "-fno-objc-arc"; }; };
		2CD1A06C153FB7B6008949F2 /* AFImageRequestOperation.m in Sources */ = {isa = PBXBuildFile; fileRef = 2CD1A04F153FB7B6008949F2 /* AFImageRequestOperation.m */; settings = {COMPILER_FLAGS = "-fno-objc-arc"; }; };
		2CD1A06D153FB7B6008949F2 /* AFJSONRequestOperation.m in Sources */ = {isa = PBXBuildFile; fileRef = 2CD1A051153FB7B6008949F2 /* AFJSONRequestOperation.m */; settings = {COMPILER_FLAGS = "-fno-objc-arc"; }; };
		2CD1A06E153FB7B6008949F2 /* AFJSONUtilities.m in Sources */ = {isa = PBXBuildFile; fileRef = 2CD1A053153FB7B6008949F2 /* AFJSONUtilities.m */; settings = {COMPILER_FLAGS = "-fno-objc-arc"; }; };
		2CD1A06F153FB7B6008949F2 /* AFNetworkActivityIndicatorManager.m in Sources */ = {isa = PBXBuildFile; fileRef = 2CD1A055153FB7B6008949F2 /* AFNetworkActivityIndicatorManager.m */; settings = {COMPILER_FLAGS = "-fno-objc-arc"; }; };
		2CD1A070153FB7B6008949F2 /* AFPropertyListRequestOperation.m in Sources */ = {isa = PBXBuildFile; fileRef = 2CD1A058153FB7B6008949F2 /* AFPropertyListRequestOperation.m */; settings = {COMPILER_FLAGS = "-fno-objc-arc"; }; };
		2CD1A071153FB7B6008949F2 /* AFURLConnectionOperation.m in Sources */ = {isa = PBXBuildFile; fileRef = 2CD1A05A153FB7B6008949F2 /* AFURLConnectionOperation.m */; settings = {COMPILER_FLAGS = "-fno-objc-arc"; }; };
		2CD1A072153FB7B6008949F2 /* AFXMLRequestOperation.m in Sources */ = {isa = PBXBuildFile; fileRef = 2CD1A05C153FB7B6008949F2 /* AFXMLRequestOperation.m */; settings = {COMPILER_FLAGS = "-fno-objc-arc"; }; };
		2CD1A073153FB7B6008949F2 /* UIImageView+AFNetworking.m in Sources */ = {isa = PBXBuildFile; fileRef = 2CD1A05E153FB7B6008949F2 /* UIImageView+AFNetworking.m */; settings = {COMPILER_FLAGS = "-fno-objc-arc"; }; };
		2CD1A074153FB7B6008949F2 /* BTAppDelegate.m in Sources */ = {isa = PBXBuildFile; fileRef = 2CD1A060153FB7B6008949F2 /* BTAppDelegate.m */; };
		2CD1A075153FB7B6008949F2 /* JSONKit.m in Sources */ = {isa = PBXBuildFile; fileRef = 2CD1A063153FB7B6008949F2 /* JSONKit.m */; settings = {COMPILER_FLAGS = "-fno-objc-arc"; }; };
		2CD1A076153FB7B6008949F2 /* NSFileManager+Tar.m in Sources */ = {isa = PBXBuildFile; fileRef = 2CD1A066153FB7B6008949F2 /* NSFileManager+Tar.m */; settings = {COMPILER_FLAGS = "-fno-objc-arc"; }; };
		2CD1A077153FB7B6008949F2 /* WebViewJavascriptBridge.m in Sources */ = {isa = PBXBuildFile; fileRef = 2CD1A069153FB7B6008949F2 /* WebViewJavascriptBridge.m */; settings = {COMPILER_FLAGS = "-fno-objc-arc"; }; };
		2CD1A089153FB85D008949F2 /* FBDialog.bundle in Resources */ = {isa = PBXBuildFile; fileRef = 2CD1A07C153FB85D008949F2 /* FBDialog.bundle */; };
		2CD1A08A153FB85D008949F2 /* libfacebook_ios_sdk.a in Frameworks */ = {isa = PBXBuildFile; fileRef = 2CD1A082153FB85D008949F2 /* libfacebook_ios_sdk.a */; };
		2CDB811515434EB80005A558 /* State.m in Sources */ = {isa = PBXBuildFile; fileRef = 2CDB811415434EB80005A558 /* State.m */; };
		2CDB811D15438D3A0005A558 /* Net.m in Sources */ = {isa = PBXBuildFile; fileRef = 2CDB811C15438D3A0005A558 /* Net.m */; };
		2CE4B6E415449D6C00AC6828 /* app.html in Resources */ = {isa = PBXBuildFile; fileRef = 2CE4B6E315449D6C00AC6828 /* app.html */; };
/* End PBXBuildFile section */

/* Begin PBXFileReference section */
		2CD1A029153FB6B0008949F2 /* dogo.app */ = {isa = PBXFileReference; explicitFileType = wrapper.application; includeInIndex = 0; path = dogo.app; sourceTree = BUILT_PRODUCTS_DIR; };
		2CD1A02D153FB6B0008949F2 /* UIKit.framework */ = {isa = PBXFileReference; lastKnownFileType = wrapper.framework; name = UIKit.framework; path = System/Library/Frameworks/UIKit.framework; sourceTree = SDKROOT; };
		2CD1A02F153FB6B0008949F2 /* Foundation.framework */ = {isa = PBXFileReference; lastKnownFileType = wrapper.framework; name = Foundation.framework; path = System/Library/Frameworks/Foundation.framework; sourceTree = SDKROOT; };
		2CD1A031153FB6B0008949F2 /* CoreGraphics.framework */ = {isa = PBXFileReference; lastKnownFileType = wrapper.framework; name = CoreGraphics.framework; path = System/Library/Frameworks/CoreGraphics.framework; sourceTree = SDKROOT; };
		2CD1A035153FB6B0008949F2 /* dogo-Info.plist */ = {isa = PBXFileReference; lastKnownFileType = text.plist.xml; path = "dogo-Info.plist"; sourceTree = "<group>"; };
		2CD1A037153FB6B0008949F2 /* en */ = {isa = PBXFileReference; lastKnownFileType = text.plist.strings; name = en; path = en.lproj/InfoPlist.strings; sourceTree = "<group>"; };
		2CD1A039153FB6B0008949F2 /* main.m */ = {isa = PBXFileReference; lastKnownFileType = sourcecode.c.objc; path = main.m; sourceTree = "<group>"; };
		2CD1A03B153FB6B1008949F2 /* dogo-Prefix.pch */ = {isa = PBXFileReference; lastKnownFileType = sourcecode.c.h; path = "dogo-Prefix.pch"; sourceTree = "<group>"; };
		2CD1A03C153FB6B1008949F2 /* AppDelegate.h */ = {isa = PBXFileReference; lastKnownFileType = sourcecode.c.h; path = AppDelegate.h; sourceTree = "<group>"; };
		2CD1A03D153FB6B1008949F2 /* AppDelegate.m */ = {isa = PBXFileReference; lastKnownFileType = sourcecode.c.objc; path = AppDelegate.m; sourceTree = "<group>"; };
		2CD1A04A153FB7B6008949F2 /* AFHTTPClient.h */ = {isa = PBXFileReference; fileEncoding = 4; lastKnownFileType = sourcecode.c.h; path = AFHTTPClient.h; sourceTree = "<group>"; };
		2CD1A04B153FB7B6008949F2 /* AFHTTPClient.m */ = {isa = PBXFileReference; fileEncoding = 4; lastKnownFileType = sourcecode.c.objc; path = AFHTTPClient.m; sourceTree = "<group>"; };
		2CD1A04C153FB7B6008949F2 /* AFHTTPRequestOperation.h */ = {isa = PBXFileReference; fileEncoding = 4; lastKnownFileType = sourcecode.c.h; path = AFHTTPRequestOperation.h; sourceTree = "<group>"; };
		2CD1A04D153FB7B6008949F2 /* AFHTTPRequestOperation.m */ = {isa = PBXFileReference; fileEncoding = 4; lastKnownFileType = sourcecode.c.objc; path = AFHTTPRequestOperation.m; sourceTree = "<group>"; };
		2CD1A04E153FB7B6008949F2 /* AFImageRequestOperation.h */ = {isa = PBXFileReference; fileEncoding = 4; lastKnownFileType = sourcecode.c.h; path = AFImageRequestOperation.h; sourceTree = "<group>"; };
		2CD1A04F153FB7B6008949F2 /* AFImageRequestOperation.m */ = {isa = PBXFileReference; fileEncoding = 4; lastKnownFileType = sourcecode.c.objc; path = AFImageRequestOperation.m; sourceTree = "<group>"; };
		2CD1A050153FB7B6008949F2 /* AFJSONRequestOperation.h */ = {isa = PBXFileReference; fileEncoding = 4; lastKnownFileType = sourcecode.c.h; path = AFJSONRequestOperation.h; sourceTree = "<group>"; };
		2CD1A051153FB7B6008949F2 /* AFJSONRequestOperation.m */ = {isa = PBXFileReference; fileEncoding = 4; lastKnownFileType = sourcecode.c.objc; path = AFJSONRequestOperation.m; sourceTree = "<group>"; };
		2CD1A052153FB7B6008949F2 /* AFJSONUtilities.h */ = {isa = PBXFileReference; fileEncoding = 4; lastKnownFileType = sourcecode.c.h; path = AFJSONUtilities.h; sourceTree = "<group>"; };
		2CD1A053153FB7B6008949F2 /* AFJSONUtilities.m */ = {isa = PBXFileReference; fileEncoding = 4; lastKnownFileType = sourcecode.c.objc; path = AFJSONUtilities.m; sourceTree = "<group>"; };
		2CD1A054153FB7B6008949F2 /* AFNetworkActivityIndicatorManager.h */ = {isa = PBXFileReference; fileEncoding = 4; lastKnownFileType = sourcecode.c.h; path = AFNetworkActivityIndicatorManager.h; sourceTree = "<group>"; };
		2CD1A055153FB7B6008949F2 /* AFNetworkActivityIndicatorManager.m */ = {isa = PBXFileReference; fileEncoding = 4; lastKnownFileType = sourcecode.c.objc; path = AFNetworkActivityIndicatorManager.m; sourceTree = "<group>"; };
		2CD1A056153FB7B6008949F2 /* AFNetworking.h */ = {isa = PBXFileReference; fileEncoding = 4; lastKnownFileType = sourcecode.c.h; path = AFNetworking.h; sourceTree = "<group>"; };
		2CD1A057153FB7B6008949F2 /* AFPropertyListRequestOperation.h */ = {isa = PBXFileReference; fileEncoding = 4; lastKnownFileType = sourcecode.c.h; path = AFPropertyListRequestOperation.h; sourceTree = "<group>"; };
		2CD1A058153FB7B6008949F2 /* AFPropertyListRequestOperation.m */ = {isa = PBXFileReference; fileEncoding = 4; lastKnownFileType = sourcecode.c.objc; path = AFPropertyListRequestOperation.m; sourceTree = "<group>"; };
		2CD1A059153FB7B6008949F2 /* AFURLConnectionOperation.h */ = {isa = PBXFileReference; fileEncoding = 4; lastKnownFileType = sourcecode.c.h; path = AFURLConnectionOperation.h; sourceTree = "<group>"; };
		2CD1A05A153FB7B6008949F2 /* AFURLConnectionOperation.m */ = {isa = PBXFileReference; fileEncoding = 4; lastKnownFileType = sourcecode.c.objc; path = AFURLConnectionOperation.m; sourceTree = "<group>"; };
		2CD1A05B153FB7B6008949F2 /* AFXMLRequestOperation.h */ = {isa = PBXFileReference; fileEncoding = 4; lastKnownFileType = sourcecode.c.h; path = AFXMLRequestOperation.h; sourceTree = "<group>"; };
		2CD1A05C153FB7B6008949F2 /* AFXMLRequestOperation.m */ = {isa = PBXFileReference; fileEncoding = 4; lastKnownFileType = sourcecode.c.objc; path = AFXMLRequestOperation.m; sourceTree = "<group>"; };
		2CD1A05D153FB7B6008949F2 /* UIImageView+AFNetworking.h */ = {isa = PBXFileReference; fileEncoding = 4; lastKnownFileType = sourcecode.c.h; path = "UIImageView+AFNetworking.h"; sourceTree = "<group>"; };
		2CD1A05E153FB7B6008949F2 /* UIImageView+AFNetworking.m */ = {isa = PBXFileReference; fileEncoding = 4; lastKnownFileType = sourcecode.c.objc; path = "UIImageView+AFNetworking.m"; sourceTree = "<group>"; };
		2CD1A05F153FB7B6008949F2 /* BTAppDelegate.h */ = {isa = PBXFileReference; fileEncoding = 4; lastKnownFileType = sourcecode.c.h; path = BTAppDelegate.h; sourceTree = "<group>"; };
		2CD1A060153FB7B6008949F2 /* BTAppDelegate.m */ = {isa = PBXFileReference; fileEncoding = 4; lastKnownFileType = sourcecode.c.objc; path = BTAppDelegate.m; sourceTree = "<group>"; };
		2CD1A062153FB7B6008949F2 /* JSONKit.h */ = {isa = PBXFileReference; fileEncoding = 4; lastKnownFileType = sourcecode.c.h; path = JSONKit.h; sourceTree = "<group>"; };
		2CD1A063153FB7B6008949F2 /* JSONKit.m */ = {isa = PBXFileReference; fileEncoding = 4; lastKnownFileType = sourcecode.c.objc; path = JSONKit.m; sourceTree = "<group>"; };
		2CD1A065153FB7B6008949F2 /* NSFileManager+Tar.h */ = {isa = PBXFileReference; fileEncoding = 4; lastKnownFileType = sourcecode.c.h; path = "NSFileManager+Tar.h"; sourceTree = "<group>"; };
		2CD1A066153FB7B6008949F2 /* NSFileManager+Tar.m */ = {isa = PBXFileReference; fileEncoding = 4; lastKnownFileType = sourcecode.c.objc; path = "NSFileManager+Tar.m"; sourceTree = "<group>"; };
		2CD1A068153FB7B6008949F2 /* WebViewJavascriptBridge.h */ = {isa = PBXFileReference; fileEncoding = 4; lastKnownFileType = sourcecode.c.h; path = WebViewJavascriptBridge.h; sourceTree = "<group>"; };
		2CD1A069153FB7B6008949F2 /* WebViewJavascriptBridge.m */ = {isa = PBXFileReference; fileEncoding = 4; lastKnownFileType = sourcecode.c.objc; path = WebViewJavascriptBridge.m; sourceTree = "<group>"; };
		2CD1A07A153FB85D008949F2 /* Facebook.h */ = {isa = PBXFileReference; fileEncoding = 4; lastKnownFileType = sourcecode.c.h; path = Facebook.h; sourceTree = "<group>"; };
		2CD1A07B153FB85D008949F2 /* FBConnect.h */ = {isa = PBXFileReference; fileEncoding = 4; lastKnownFileType = sourcecode.c.h; path = FBConnect.h; sourceTree = "<group>"; };
		2CD1A07C153FB85D008949F2 /* FBDialog.bundle */ = {isa = PBXFileReference; lastKnownFileType = "wrapper.plug-in"; path = FBDialog.bundle; sourceTree = "<group>"; };
		2CD1A07D153FB85D008949F2 /* FBDialog.h */ = {isa = PBXFileReference; fileEncoding = 4; lastKnownFileType = sourcecode.c.h; path = FBDialog.h; sourceTree = "<group>"; };
		2CD1A07E153FB85D008949F2 /* FBFrictionlessRequestSettings.h */ = {isa = PBXFileReference; fileEncoding = 4; lastKnownFileType = sourcecode.c.h; path = FBFrictionlessRequestSettings.h; sourceTree = "<group>"; };
		2CD1A07F153FB85D008949F2 /* FBLoginDialog.h */ = {isa = PBXFileReference; fileEncoding = 4; lastKnownFileType = sourcecode.c.h; path = FBLoginDialog.h; sourceTree = "<group>"; };
		2CD1A080153FB85D008949F2 /* FBRequest.h */ = {isa = PBXFileReference; fileEncoding = 4; lastKnownFileType = sourcecode.c.h; path = FBRequest.h; sourceTree = "<group>"; };
		2CD1A081153FB85D008949F2 /* JSON.h */ = {isa = PBXFileReference; fileEncoding = 4; lastKnownFileType = sourcecode.c.h; path = JSON.h; sourceTree = "<group>"; };
		2CD1A082153FB85D008949F2 /* libfacebook_ios_sdk.a */ = {isa = PBXFileReference; lastKnownFileType = archive.ar; path = libfacebook_ios_sdk.a; sourceTree = "<group>"; };
		2CD1A083153FB85D008949F2 /* NSObject+SBJSON.h */ = {isa = PBXFileReference; fileEncoding = 4; lastKnownFileType = sourcecode.c.h; path = "NSObject+SBJSON.h"; sourceTree = "<group>"; };
		2CD1A084153FB85D008949F2 /* NSString+SBJSON.h */ = {isa = PBXFileReference; fileEncoding = 4; lastKnownFileType = sourcecode.c.h; path = "NSString+SBJSON.h"; sourceTree = "<group>"; };
		2CD1A085153FB85D008949F2 /* SBJSON.h */ = {isa = PBXFileReference; fileEncoding = 4; lastKnownFileType = sourcecode.c.h; path = SBJSON.h; sourceTree = "<group>"; };
		2CD1A086153FB85D008949F2 /* SBJsonBase.h */ = {isa = PBXFileReference; fileEncoding = 4; lastKnownFileType = sourcecode.c.h; path = SBJsonBase.h; sourceTree = "<group>"; };
		2CD1A087153FB85D008949F2 /* SBJsonParser.h */ = {isa = PBXFileReference; fileEncoding = 4; lastKnownFileType = sourcecode.c.h; path = SBJsonParser.h; sourceTree = "<group>"; };
		2CD1A088153FB85D008949F2 /* SBJsonWriter.h */ = {isa = PBXFileReference; fileEncoding = 4; lastKnownFileType = sourcecode.c.h; path = SBJsonWriter.h; sourceTree = "<group>"; };
		2CDB811315434EB80005A558 /* State.h */ = {isa = PBXFileReference; fileEncoding = 4; lastKnownFileType = sourcecode.c.h; path = State.h; sourceTree = "<group>"; };
		2CDB811415434EB80005A558 /* State.m */ = {isa = PBXFileReference; fileEncoding = 4; lastKnownFileType = sourcecode.c.objc; path = State.m; sourceTree = "<group>"; };
		2CDB811B15438D3A0005A558 /* Net.h */ = {isa = PBXFileReference; fileEncoding = 4; lastKnownFileType = sourcecode.c.h; path = Net.h; sourceTree = "<group>"; };
		2CDB811C15438D3A0005A558 /* Net.m */ = {isa = PBXFileReference; fileEncoding = 4; lastKnownFileType = sourcecode.c.objc; path = Net.m; sourceTree = "<group>"; };
		2CE4B6E315449D6C00AC6828 /* app.html */ = {isa = PBXFileReference; fileEncoding = 4; lastKnownFileType = text.html; path = app.html; sourceTree = "<group>"; };
/* End PBXFileReference section */

/* Begin PBXFrameworksBuildPhase section */
		2CD1A026153FB6B0008949F2 /* Frameworks */ = {
			isa = PBXFrameworksBuildPhase;
			buildActionMask = 2147483647;
			files = (
				2CD1A02E153FB6B0008949F2 /* UIKit.framework in Frameworks */,
				2CD1A030153FB6B0008949F2 /* Foundation.framework in Frameworks */,
				2CD1A032153FB6B0008949F2 /* CoreGraphics.framework in Frameworks */,
				2CD1A08A153FB85D008949F2 /* libfacebook_ios_sdk.a in Frameworks */,
			);
			runOnlyForDeploymentPostprocessing = 0;
		};
/* End PBXFrameworksBuildPhase section */

/* Begin PBXGroup section */
		2CD1A01E153FB6B0008949F2 = {
			isa = PBXGroup;
			children = (
				2CD1A033153FB6B0008949F2 /* dogo */,
				2CD1A02C153FB6B0008949F2 /* Frameworks */,
				2CD1A02A153FB6B0008949F2 /* Products */,
			);
			sourceTree = "<group>";
		};
		2CD1A02A153FB6B0008949F2 /* Products */ = {
			isa = PBXGroup;
			children = (
				2CD1A029153FB6B0008949F2 /* dogo.app */,
			);
			name = Products;
			sourceTree = "<group>";
		};
		2CD1A02C153FB6B0008949F2 /* Frameworks */ = {
			isa = PBXGroup;
			children = (
				2CD1A02D153FB6B0008949F2 /* UIKit.framework */,
				2CD1A02F153FB6B0008949F2 /* Foundation.framework */,
				2CD1A031153FB6B0008949F2 /* CoreGraphics.framework */,
			);
			name = Frameworks;
			sourceTree = "<group>";
		};
		2CD1A033153FB6B0008949F2 /* dogo */ = {
			isa = PBXGroup;
			children = (
				2CD1A03C153FB6B1008949F2 /* AppDelegate.h */,
				2CD1A03D153FB6B1008949F2 /* AppDelegate.m */,
				2CDB811315434EB80005A558 /* State.h */,
				2CDB811415434EB80005A558 /* State.m */,
				2CDB811B15438D3A0005A558 /* Net.h */,
				2CDB811C15438D3A0005A558 /* Net.m */,
				2CE4B6E215449D6C00AC6828 /* dogo-client */,
				2CD1A079153FB85D008949F2 /* facebook-ios-sdk */,
				2CD1A048153FB7B6008949F2 /* blowtorch-ios-sdk */,
				2CD1A034153FB6B0008949F2 /* Supporting Files */,
			);
			path = dogo;
			sourceTree = "<group>";
		};
		2CD1A034153FB6B0008949F2 /* Supporting Files */ = {
			isa = PBXGroup;
			children = (
				2CD1A035153FB6B0008949F2 /* dogo-Info.plist */,
				2CD1A036153FB6B0008949F2 /* InfoPlist.strings */,
				2CD1A039153FB6B0008949F2 /* main.m */,
				2CD1A03B153FB6B1008949F2 /* dogo-Prefix.pch */,
			);
			name = "Supporting Files";
			sourceTree = "<group>";
		};
		2CD1A048153FB7B6008949F2 /* blowtorch-ios-sdk */ = {
			isa = PBXGroup;
			children = (
				2CD1A049153FB7B6008949F2 /* AFNetworking */,
				2CD1A05F153FB7B6008949F2 /* BTAppDelegate.h */,
				2CD1A060153FB7B6008949F2 /* BTAppDelegate.m */,
				2CD1A061153FB7B6008949F2 /* JSONKit */,
				2CD1A064153FB7B6008949F2 /* Light-Untar */,
				2CD1A067153FB7B6008949F2 /* WebViewJavascriptBridge */,
			);
			name = "blowtorch-ios-sdk";
			path = "../../../../dependencies/blowtorch/sdk/blowtorch-ios-sdk";
			sourceTree = "<group>";
		};
		2CD1A049153FB7B6008949F2 /* AFNetworking */ = {
			isa = PBXGroup;
			children = (
				2CD1A04A153FB7B6008949F2 /* AFHTTPClient.h */,
				2CD1A04B153FB7B6008949F2 /* AFHTTPClient.m */,
				2CD1A04C153FB7B6008949F2 /* AFHTTPRequestOperation.h */,
				2CD1A04D153FB7B6008949F2 /* AFHTTPRequestOperation.m */,
				2CD1A04E153FB7B6008949F2 /* AFImageRequestOperation.h */,
				2CD1A04F153FB7B6008949F2 /* AFImageRequestOperation.m */,
				2CD1A050153FB7B6008949F2 /* AFJSONRequestOperation.h */,
				2CD1A051153FB7B6008949F2 /* AFJSONRequestOperation.m */,
				2CD1A052153FB7B6008949F2 /* AFJSONUtilities.h */,
				2CD1A053153FB7B6008949F2 /* AFJSONUtilities.m */,
				2CD1A054153FB7B6008949F2 /* AFNetworkActivityIndicatorManager.h */,
				2CD1A055153FB7B6008949F2 /* AFNetworkActivityIndicatorManager.m */,
				2CD1A056153FB7B6008949F2 /* AFNetworking.h */,
				2CD1A057153FB7B6008949F2 /* AFPropertyListRequestOperation.h */,
				2CD1A058153FB7B6008949F2 /* AFPropertyListRequestOperation.m */,
				2CD1A059153FB7B6008949F2 /* AFURLConnectionOperation.h */,
				2CD1A05A153FB7B6008949F2 /* AFURLConnectionOperation.m */,
				2CD1A05B153FB7B6008949F2 /* AFXMLRequestOperation.h */,
				2CD1A05C153FB7B6008949F2 /* AFXMLRequestOperation.m */,
				2CD1A05D153FB7B6008949F2 /* UIImageView+AFNetworking.h */,
				2CD1A05E153FB7B6008949F2 /* UIImageView+AFNetworking.m */,
			);
			path = AFNetworking;
			sourceTree = "<group>";
		};
		2CD1A061153FB7B6008949F2 /* JSONKit */ = {
			isa = PBXGroup;
			children = (
				2CD1A062153FB7B6008949F2 /* JSONKit.h */,
				2CD1A063153FB7B6008949F2 /* JSONKit.m */,
			);
			path = JSONKit;
			sourceTree = "<group>";
		};
		2CD1A064153FB7B6008949F2 /* Light-Untar */ = {
			isa = PBXGroup;
			children = (
				2CD1A065153FB7B6008949F2 /* NSFileManager+Tar.h */,
				2CD1A066153FB7B6008949F2 /* NSFileManager+Tar.m */,
			);
			path = "Light-Untar";
			sourceTree = "<group>";
		};
		2CD1A067153FB7B6008949F2 /* WebViewJavascriptBridge */ = {
			isa = PBXGroup;
			children = (
				2CD1A068153FB7B6008949F2 /* WebViewJavascriptBridge.h */,
				2CD1A069153FB7B6008949F2 /* WebViewJavascriptBridge.m */,
			);
			path = WebViewJavascriptBridge;
			sourceTree = "<group>";
		};
		2CD1A079153FB85D008949F2 /* facebook-ios-sdk */ = {
			isa = PBXGroup;
			children = (
				2CD1A07A153FB85D008949F2 /* Facebook.h */,
				2CD1A07B153FB85D008949F2 /* FBConnect.h */,
				2CD1A07C153FB85D008949F2 /* FBDialog.bundle */,
				2CD1A07D153FB85D008949F2 /* FBDialog.h */,
				2CD1A07E153FB85D008949F2 /* FBFrictionlessRequestSettings.h */,
				2CD1A07F153FB85D008949F2 /* FBLoginDialog.h */,
				2CD1A080153FB85D008949F2 /* FBRequest.h */,
				2CD1A081153FB85D008949F2 /* JSON.h */,
				2CD1A082153FB85D008949F2 /* libfacebook_ios_sdk.a */,
				2CD1A083153FB85D008949F2 /* NSObject+SBJSON.h */,
				2CD1A084153FB85D008949F2 /* NSString+SBJSON.h */,
				2CD1A085153FB85D008949F2 /* SBJSON.h */,
				2CD1A086153FB85D008949F2 /* SBJsonBase.h */,
				2CD1A087153FB85D008949F2 /* SBJsonParser.h */,
				2CD1A088153FB85D008949F2 /* SBJsonWriter.h */,
			);
			name = "facebook-ios-sdk";
			path = "../../../../dependencies/facebook-ios-sdk/lib/facebook-ios-sdk";
			sourceTree = "<group>";
		};
		2CE4B6E215449D6C00AC6828 /* dogo-client */ = {
			isa = PBXGroup;
			children = (
				2CE4B6E315449D6C00AC6828 /* app.html */,
			);
			name = "dogo-client";
			path = "../../../../build/client/dogo-client";
			sourceTree = "<group>";
		};
/* End PBXGroup section */

/* Begin PBXNativeTarget section */
		2CD1A028153FB6B0008949F2 /* dogo */ = {
			isa = PBXNativeTarget;
			buildConfigurationList = 2CD1A041153FB6B1008949F2 /* Build configuration list for PBXNativeTarget "dogo" */;
			buildPhases = (
				2CD1A025153FB6B0008949F2 /* Sources */,
				2CD1A026153FB6B0008949F2 /* Frameworks */,
				2CD1A027153FB6B0008949F2 /* Resources */,
			);
			buildRules = (
			);
			dependencies = (
			);
			name = dogo;
			productName = dogo;
			productReference = 2CD1A029153FB6B0008949F2 /* dogo.app */;
			productType = "com.apple.product-type.application";
		};
/* End PBXNativeTarget section */

/* Begin PBXProject section */
		2CD1A020153FB6B0008949F2 /* Project object */ = {
			isa = PBXProject;
			attributes = {
				LastUpgradeCheck = 0430;
				ORGANIZATIONNAME = Meebo;
			};
			buildConfigurationList = 2CD1A023153FB6B0008949F2 /* Build configuration list for PBXProject "dogo" */;
			compatibilityVersion = "Xcode 3.2";
			developmentRegion = English;
			hasScannedForEncodings = 0;
			knownRegions = (
				en,
			);
			mainGroup = 2CD1A01E153FB6B0008949F2;
			productRefGroup = 2CD1A02A153FB6B0008949F2 /* Products */;
			projectDirPath = "";
			projectRoot = "";
			targets = (
				2CD1A028153FB6B0008949F2 /* dogo */,
			);
		};
/* End PBXProject section */

/* Begin PBXResourcesBuildPhase section */
		2CD1A027153FB6B0008949F2 /* Resources */ = {
			isa = PBXResourcesBuildPhase;
			buildActionMask = 2147483647;
			files = (
				2CD1A038153FB6B0008949F2 /* InfoPlist.strings in Resources */,
				2CD1A089153FB85D008949F2 /* FBDialog.bundle in Resources */,
				2CE4B6E415449D6C00AC6828 /* app.html in Resources */,
			);
			runOnlyForDeploymentPostprocessing = 0;
		};
/* End PBXResourcesBuildPhase section */

/* Begin PBXSourcesBuildPhase section */
		2CD1A025153FB6B0008949F2 /* Sources */ = {
			isa = PBXSourcesBuildPhase;
			buildActionMask = 2147483647;
			files = (
				2CD1A03A153FB6B0008949F2 /* main.m in Sources */,
				2CD1A03E153FB6B1008949F2 /* AppDelegate.m in Sources */,
				2CD1A06A153FB7B6008949F2 /* AFHTTPClient.m in Sources */,
				2CD1A06B153FB7B6008949F2 /* AFHTTPRequestOperation.m in Sources */,
				2CD1A06C153FB7B6008949F2 /* AFImageRequestOperation.m in Sources */,
				2CD1A06D153FB7B6008949F2 /* AFJSONRequestOperation.m in Sources */,
				2CD1A06E153FB7B6008949F2 /* AFJSONUtilities.m in Sources */,
				2CD1A06F153FB7B6008949F2 /* AFNetworkActivityIndicatorManager.m in Sources */,
				2CD1A070153FB7B6008949F2 /* AFPropertyListRequestOperation.m in Sources */,
				2CD1A071153FB7B6008949F2 /* AFURLConnectionOperation.m in Sources */,
				2CD1A072153FB7B6008949F2 /* AFXMLRequestOperation.m in Sources */,
				2CD1A073153FB7B6008949F2 /* UIImageView+AFNetworking.m in Sources */,
				2CD1A074153FB7B6008949F2 /* BTAppDelegate.m in Sources */,
				2CD1A075153FB7B6008949F2 /* JSONKit.m in Sources */,
				2CD1A076153FB7B6008949F2 /* NSFileManager+Tar.m in Sources */,
				2CD1A077153FB7B6008949F2 /* WebViewJavascriptBridge.m in Sources */,
				2CDB811515434EB80005A558 /* State.m in Sources */,
				2CDB811D15438D3A0005A558 /* Net.m in Sources */,
			);
			runOnlyForDeploymentPostprocessing = 0;
		};
/* End PBXSourcesBuildPhase section */

/* Begin PBXVariantGroup section */
		2CD1A036153FB6B0008949F2 /* InfoPlist.strings */ = {
			isa = PBXVariantGroup;
			children = (
				2CD1A037153FB6B0008949F2 /* en */,
			);
			name = InfoPlist.strings;
			sourceTree = "<group>";
		};
/* End PBXVariantGroup section */

/* Begin XCBuildConfiguration section */
		2CD1A03F153FB6B1008949F2 /* Debug */ = {
			isa = XCBuildConfiguration;
			buildSettings = {
				ALWAYS_SEARCH_USER_PATHS = NO;
				ARCHS = "$(ARCHS_STANDARD_32_BIT)";
				CLANG_ENABLE_OBJC_ARC = YES;
				"CODE_SIGN_IDENTITY[sdk=iphoneos*]" = "iPhone Developer";
				COPY_PHASE_STRIP = NO;
				GCC_C_LANGUAGE_STANDARD = gnu99;
				GCC_DYNAMIC_NO_PIC = NO;
				GCC_OPTIMIZATION_LEVEL = 0;
				GCC_PREPROCESSOR_DEFINITIONS = (
					"DEBUG=1",
					"$(inherited)",
				);
				GCC_SYMBOLS_PRIVATE_EXTERN = NO;
				GCC_VERSION = com.apple.compilers.llvm.clang.1_0;
				GCC_WARN_ABOUT_RETURN_TYPE = YES;
				GCC_WARN_UNINITIALIZED_AUTOS = YES;
				GCC_WARN_UNUSED_VARIABLE = YES;
				IPHONEOS_DEPLOYMENT_TARGET = 5.1;
				SDKROOT = iphoneos;
			};
			name = Debug;
		};
		2CD1A040153FB6B1008949F2 /* Release */ = {
			isa = XCBuildConfiguration;
			buildSettings = {
				ALWAYS_SEARCH_USER_PATHS = NO;
				ARCHS = "$(ARCHS_STANDARD_32_BIT)";
				CLANG_ENABLE_OBJC_ARC = YES;
				"CODE_SIGN_IDENTITY[sdk=iphoneos*]" = "iPhone Developer";
				COPY_PHASE_STRIP = YES;
				GCC_C_LANGUAGE_STANDARD = gnu99;
				GCC_VERSION = com.apple.compilers.llvm.clang.1_0;
				GCC_WARN_ABOUT_RETURN_TYPE = YES;
				GCC_WARN_UNINITIALIZED_AUTOS = YES;
				GCC_WARN_UNUSED_VARIABLE = YES;
				IPHONEOS_DEPLOYMENT_TARGET = 5.1;
				OTHER_CFLAGS = "-DNS_BLOCK_ASSERTIONS=1";
				SDKROOT = iphoneos;
				VALIDATE_PRODUCT = YES;
			};
			name = Release;
		};
		2CD1A042153FB6B1008949F2 /* Debug */ = {
			isa = XCBuildConfiguration;
			buildSettings = {
				GCC_PRECOMPILE_PREFIX_HEADER = YES;
				GCC_PREFIX_HEADER = "dogo/dogo-Prefix.pch";
				INFOPLIST_FILE = "dogo/dogo-Info.plist";
				LIBRARY_SEARCH_PATHS = (
					"$(inherited)",
					"\"$(SRCROOT)/../../../dependencies/facebook-ios-sdk/lib/facebook-ios-sdk\"",
				);
				PRODUCT_NAME = "$(TARGET_NAME)";
				WRAPPER_EXTENSION = app;
			};
			name = Debug;
		};
		2CD1A043153FB6B1008949F2 /* Release */ = {
			isa = XCBuildConfiguration;
			buildSettings = {
				GCC_PRECOMPILE_PREFIX_HEADER = YES;
				GCC_PREFIX_HEADER = "dogo/dogo-Prefix.pch";
				INFOPLIST_FILE = "dogo/dogo-Info.plist";
				LIBRARY_SEARCH_PATHS = (
					"$(inherited)",
					"\"$(SRCROOT)/../../../dependencies/facebook-ios-sdk/lib/facebook-ios-sdk\"",
				);
				PRODUCT_NAME = "$(TARGET_NAME)";
				WRAPPER_EXTENSION = app;
			};
			name = Release;
		};
/* End XCBuildConfiguration section */

/* Begin XCConfigurationList section */
		2CD1A023153FB6B0008949F2 /* Build configuration list for PBXProject "dogo" */ = {
			isa = XCConfigurationList;
			buildConfigurations = (
				2CD1A03F153FB6B1008949F2 /* Debug */,
				2CD1A040153FB6B1008949F2 /* Release */,
			);
			defaultConfigurationIsVisible = 0;
			defaultConfigurationName = Release;
		};
		2CD1A041153FB6B1008949F2 /* Build configuration list for PBXNativeTarget "dogo" */ = {
			isa = XCConfigurationList;
			buildConfigurations = (
				2CD1A042153FB6B1008949F2 /* Debug */,
				2CD1A043153FB6B1008949F2 /* Release */,
			);
			defaultConfigurationIsVisible = 0;
			defaultConfigurationName = Release;
		};
/* End XCConfigurationList section */
	};
	rootObject = 2CD1A020153FB6B0008949F2 /* Project object */;
}
