// !$*UTF8*$!
{
	archiveVersion = 1;
	classes = {
	};
	objectVersion = 46;
	objects = {

/* Begin PBXBuildFile section */
		2C1884961687C2830071A3CE /* AdSupport.framework in Frameworks */ = {isa = PBXBuildFile; fileRef = 2C1884951687C2830071A3CE /* AdSupport.framework */; settings = {ATTRIBUTES = (Weak, ); }; };
		2C1884981687C28D0071A3CE /* Accounts.framework in Frameworks */ = {isa = PBXBuildFile; fileRef = 2C1884971687C28D0071A3CE /* Accounts.framework */; settings = {ATTRIBUTES = (Weak, ); }; };
		2C18849A1687C2950071A3CE /* Social.framework in Frameworks */ = {isa = PBXBuildFile; fileRef = 2C1884991687C2950071A3CE /* Social.framework */; settings = {ATTRIBUTES = (Weak, ); }; };
		2C2153B416C9947F00255CFB /* .gitignore in Resources */ = {isa = PBXBuildFile; fileRef = 2C2153AA16C9947F00255CFB /* .gitignore */; };
		2C2153B516C9947F00255CFB /* NSArray+HHFunctional.m in Sources */ = {isa = PBXBuildFile; fileRef = 2C2153AC16C9947F00255CFB /* NSArray+HHFunctional.m */; };
		2C2153B616C9947F00255CFB /* NSArray+NSString+HHMakeStructs.m in Sources */ = {isa = PBXBuildFile; fileRef = 2C2153AE16C9947F00255CFB /* NSArray+NSString+HHMakeStructs.m */; };
		2C2153B716C9947F00255CFB /* NSString+HHUriEncoding.m in Sources */ = {isa = PBXBuildFile; fileRef = 2C2153B016C9947F00255CFB /* NSString+HHUriEncoding.m */; };
		2C2153B816C9947F00255CFB /* README.md in Resources */ = {isa = PBXBuildFile; fileRef = 2C2153B116C9947F00255CFB /* README.md */; };
		2C2153B916C9947F00255CFB /* UIImage+HHImages.m in Sources */ = {isa = PBXBuildFile; fileRef = 2C2153B316C9947F00255CFB /* UIImage+HHImages.m */; };
		2C2568AC16AE0DF9007C60B7 /* Base64.m in Sources */ = {isa = PBXBuildFile; fileRef = 2C2568AB16AE0DF9007C60B7 /* Base64.m */; };
		2C256F7C16B0BB4E007C60B7 /* UIColor+Util.m in Sources */ = {isa = PBXBuildFile; fileRef = 2C256F7B16B0BB4E007C60B7 /* UIColor+Util.m */; };
		2C409AC116CB4EB6006C49F9 /* opensans-italic.ttf in Resources */ = {isa = PBXBuildFile; fileRef = 2C409ABD16CB4EB6006C49F9 /* opensans-italic.ttf */; };
		2C409AC216CB4EB6006C49F9 /* opensans-light-italic.ttf in Resources */ = {isa = PBXBuildFile; fileRef = 2C409ABE16CB4EB6006C49F9 /* opensans-light-italic.ttf */; };
		2C409AC316CB4EB6006C49F9 /* opensans-light.ttf in Resources */ = {isa = PBXBuildFile; fileRef = 2C409ABF16CB4EB6006C49F9 /* opensans-light.ttf */; };
		2C409AC416CB4EB6006C49F9 /* opensans.ttf in Resources */ = {isa = PBXBuildFile; fileRef = 2C409AC016CB4EB6006C49F9 /* opensans.ttf */; };
		2C650B3016A5DCAD000F381E /* BTAudio.m in Sources */ = {isa = PBXBuildFile; fileRef = 2C650AD016A5DCAD000F381E /* BTAudio.m */; };
		2C650B4116A5DCAD000F381E /* BTFacebook.m in Sources */ = {isa = PBXBuildFile; fileRef = 2C650AF616A5DCAD000F381E /* BTFacebook.m */; };
		2C650B4216A5DCAD000F381E /* BTImage.m in Sources */ = {isa = PBXBuildFile; fileRef = 2C650AF816A5DCAD000F381E /* BTImage.m */; };
		2C650B4316A5DCAD000F381E /* BTTextInput.m in Sources */ = {isa = PBXBuildFile; fileRef = 2C650AFA16A5DCAD000F381E /* BTTextInput.m */; };
		2C650C2716A5DFA1000F381E /* FacebookSDK.framework in Frameworks */ = {isa = PBXBuildFile; fileRef = 2C650C2616A5DFA1000F381E /* FacebookSDK.framework */; };
		2C650C4916A5DFD1000F381E /* FacebookSDKResources.bundle in Resources */ = {isa = PBXBuildFile; fileRef = 2C650C4816A5DFD1000F381E /* FacebookSDKResources.bundle */; };
		2C650CB616A5E459000F381E /* BTAppDelegate.m in Sources */ = {isa = PBXBuildFile; fileRef = 2C650C6316A5E459000F381E /* BTAppDelegate.m */; };
		2C650CB716A5E459000F381E /* BTCache.m in Sources */ = {isa = PBXBuildFile; fileRef = 2C650C6516A5E459000F381E /* BTCache.m */; };
		2C650CB816A5E459000F381E /* BTIndex.m in Sources */ = {isa = PBXBuildFile; fileRef = 2C650C6716A5E459000F381E /* BTIndex.m */; };
		2C650CB916A5E459000F381E /* BTModule.m in Sources */ = {isa = PBXBuildFile; fileRef = 2C650C6916A5E459000F381E /* BTModule.m */; };
		2C650CBA16A5E459000F381E /* BTNet.m in Sources */ = {isa = PBXBuildFile; fileRef = 2C650C6B16A5E459000F381E /* BTNet.m */; };
		2C650CBB16A5E459000F381E /* BTResponse.m in Sources */ = {isa = PBXBuildFile; fileRef = 2C650C6D16A5E459000F381E /* BTResponse.m */; };
		2C650CBC16A5E459000F381E /* BTState.m in Sources */ = {isa = PBXBuildFile; fileRef = 2C650C6F16A5E459000F381E /* BTState.m */; };
		2C650CBD16A5E459000F381E /* BTViewController.m in Sources */ = {isa = PBXBuildFile; fileRef = 2C650C7116A5E459000F381E /* BTViewController.m */; };
		2C650CBE16A5E459000F381E /* NSString+Util.m in Sources */ = {isa = PBXBuildFile; fileRef = 2C650C7416A5E459000F381E /* NSString+Util.m */; };
		2C650CBF16A5E459000F381E /* README.md in Resources */ = {isa = PBXBuildFile; fileRef = 2C650C7616A5E459000F381E /* README.md */; };
		2C650CC016A5E459000F381E /* UIImage+Alpha.m in Sources */ = {isa = PBXBuildFile; fileRef = 2C650C7816A5E459000F381E /* UIImage+Alpha.m */; };
		2C650CC116A5E459000F381E /* UIImage+Resize.m in Sources */ = {isa = PBXBuildFile; fileRef = 2C650C7A16A5E459000F381E /* UIImage+Resize.m */; };
		2C650CC216A5E459000F381E /* UIImage+RoundedCorner.m in Sources */ = {isa = PBXBuildFile; fileRef = 2C650C7C16A5E459000F381E /* UIImage+RoundedCorner.m */; };
		2C650CC316A5E459000F381E /* DebugUIWebView.m in Sources */ = {isa = PBXBuildFile; fileRef = 2C650C7E16A5E459000F381E /* DebugUIWebView.m */; };
		2C650CC616A5E459000F381E /* NSFileManager+Tar.m in Sources */ = {isa = PBXBuildFile; fileRef = 2C650C8416A5E459000F381E /* NSFileManager+Tar.m */; settings = {COMPILER_FLAGS = "-fno-objc-arc"; }; };
		2C650CE416A5E459000F381E /* WebViewProxy.m in Sources */ = {isa = PBXBuildFile; fileRef = 2C650CB116A5E459000F381E /* WebViewProxy.m */; };
		2C650CF216A5E50E000F381E /* WebViewJavascriptBridge.js.txt in Resources */ = {isa = PBXBuildFile; fileRef = 2C650CF016A5E50E000F381E /* WebViewJavascriptBridge.js.txt */; };
		2C650CF316A5E50E000F381E /* WebViewJavascriptBridge.m in Sources */ = {isa = PBXBuildFile; fileRef = 2C650CF116A5E50E000F381E /* WebViewJavascriptBridge.m */; };
		2C650CF916A5E6CF000F381E /* app.html in Resources */ = {isa = PBXBuildFile; fileRef = 2C650CF516A5E6CF000F381E /* app.html */; };
		2C650CFA16A5E6CF000F381E /* appCss.css in Resources */ = {isa = PBXBuildFile; fileRef = 2C650CF616A5E6CF000F381E /* appCss.css */; };
		2C650CFB16A5E6CF000F381E /* appJs.html in Resources */ = {isa = PBXBuildFile; fileRef = 2C650CF716A5E6CF000F381E /* appJs.html */; };
		2C650CFC16A5E6CF000F381E /* dev-hostname.txt in Resources */ = {isa = PBXBuildFile; fileRef = 2C650CF816A5E6CF000F381E /* dev-hostname.txt */; };
		2C650D8216A5E7D1000F381E /* mobileApp in Resources */ = {isa = PBXBuildFile; fileRef = 2C650D8116A5E7D1000F381E /* mobileApp */; };
		2C709418165A14DA007DDECD /* logo.png in Resources */ = {isa = PBXBuildFile; fileRef = 2C709417165A14DA007DDECD /* logo.png */; };
		2C70941C165A14E9007DDECD /* Default.png in Resources */ = {isa = PBXBuildFile; fileRef = 2C70941B165A14E9007DDECD /* Default.png */; };
		2C70941E165A14EE007DDECD /* Default@2x.png in Resources */ = {isa = PBXBuildFile; fileRef = 2C70941D165A14EE007DDECD /* Default@2x.png */; };
		2C709420165A14F2007DDECD /* Default-568h@2x.png in Resources */ = {isa = PBXBuildFile; fileRef = 2C70941F165A14F2007DDECD /* Default-568h@2x.png */; };
		2C70942A165A8965007DDECD /* logo@2x.png in Resources */ = {isa = PBXBuildFile; fileRef = 2C709429165A8965007DDECD /* logo@2x.png */; };
		2CAE30591556262500742518 /* AudioToolbox.framework in Frameworks */ = {isa = PBXBuildFile; fileRef = 2CAE30581556262500742518 /* AudioToolbox.framework */; };
		2CC5C23E169FB874005050DB /* AVFoundation.framework in Frameworks */ = {isa = PBXBuildFile; fileRef = 2CC5C23D169FB874005050DB /* AVFoundation.framework */; };
		2CCAFE691569EC1C002766A1 /* vibrate.wav in Resources */ = {isa = PBXBuildFile; fileRef = 2CCAFE681569EC1C002766A1 /* vibrate.wav */; };
		2CD132781567B639002386F3 /* CFNetwork.framework in Frameworks */ = {isa = PBXBuildFile; fileRef = 2CD132771567B639002386F3 /* CFNetwork.framework */; };
		2CD132AA1567B827002386F3 /* SystemConfiguration.framework in Frameworks */ = {isa = PBXBuildFile; fileRef = 2CD132791567B63F002386F3 /* SystemConfiguration.framework */; };
		2CD133E81567C2D9002386F3 /* Security.framework in Frameworks */ = {isa = PBXBuildFile; fileRef = 2CD133E61567C2C0002386F3 /* Security.framework */; };
		2CD1A02E153FB6B0008949F2 /* UIKit.framework in Frameworks */ = {isa = PBXBuildFile; fileRef = 2CD1A02D153FB6B0008949F2 /* UIKit.framework */; };
		2CD1A030153FB6B0008949F2 /* Foundation.framework in Frameworks */ = {isa = PBXBuildFile; fileRef = 2CD1A02F153FB6B0008949F2 /* Foundation.framework */; };
		2CD1A032153FB6B0008949F2 /* CoreGraphics.framework in Frameworks */ = {isa = PBXBuildFile; fileRef = 2CD1A031153FB6B0008949F2 /* CoreGraphics.framework */; };
		2CD1A038153FB6B0008949F2 /* InfoPlist.strings in Resources */ = {isa = PBXBuildFile; fileRef = 2CD1A036153FB6B0008949F2 /* InfoPlist.strings */; };
		2CD1A03A153FB6B0008949F2 /* main.m in Sources */ = {isa = PBXBuildFile; fileRef = 2CD1A039153FB6B0008949F2 /* main.m */; };
		2CD1A03E153FB6B1008949F2 /* AppDelegate.m in Sources */ = {isa = PBXBuildFile; fileRef = 2CD1A03D153FB6B1008949F2 /* AppDelegate.m */; };
		2CFF879515D2B6FB00F73150 /* UIDeviceHardware.m in Sources */ = {isa = PBXBuildFile; fileRef = 2CFF879415D2B6FB00F73150 /* UIDeviceHardware.m */; };
/* End PBXBuildFile section */

/* Begin PBXContainerItemProxy section */
		2CF1C8BD15E9BABA00F4916D /* PBXContainerItemProxy */ = {
			isa = PBXContainerItemProxy;
			containerPortal = 2CD1A020153FB6B0008949F2 /* Project object */;
			proxyType = 1;
			remoteGlobalIDString = 2CF1C8B915E9BAA600F4916D;
			remoteInfo = "dogo-ios-build";
		};
/* End PBXContainerItemProxy section */

/* Begin PBXFileReference section */
		2C1884951687C2830071A3CE /* AdSupport.framework */ = {isa = PBXFileReference; lastKnownFileType = wrapper.framework; name = AdSupport.framework; path = System/Library/Frameworks/AdSupport.framework; sourceTree = SDKROOT; };
		2C1884971687C28D0071A3CE /* Accounts.framework */ = {isa = PBXFileReference; lastKnownFileType = wrapper.framework; name = Accounts.framework; path = System/Library/Frameworks/Accounts.framework; sourceTree = SDKROOT; };
		2C1884991687C2950071A3CE /* Social.framework */ = {isa = PBXFileReference; lastKnownFileType = wrapper.framework; name = Social.framework; path = System/Library/Frameworks/Social.framework; sourceTree = SDKROOT; };
		2C2153AA16C9947F00255CFB /* .gitignore */ = {isa = PBXFileReference; fileEncoding = 4; lastKnownFileType = text; path = .gitignore; sourceTree = "<group>"; };
		2C2153AB16C9947F00255CFB /* NSArray+HHFunctional.h */ = {isa = PBXFileReference; fileEncoding = 4; lastKnownFileType = sourcecode.c.h; path = "NSArray+HHFunctional.h"; sourceTree = "<group>"; };
		2C2153AC16C9947F00255CFB /* NSArray+HHFunctional.m */ = {isa = PBXFileReference; fileEncoding = 4; lastKnownFileType = sourcecode.c.objc; path = "NSArray+HHFunctional.m"; sourceTree = "<group>"; };
		2C2153AD16C9947F00255CFB /* NSArray+NSString+HHMakeStructs.h */ = {isa = PBXFileReference; fileEncoding = 4; lastKnownFileType = sourcecode.c.h; path = "NSArray+NSString+HHMakeStructs.h"; sourceTree = "<group>"; };
		2C2153AE16C9947F00255CFB /* NSArray+NSString+HHMakeStructs.m */ = {isa = PBXFileReference; fileEncoding = 4; lastKnownFileType = sourcecode.c.objc; path = "NSArray+NSString+HHMakeStructs.m"; sourceTree = "<group>"; };
		2C2153AF16C9947F00255CFB /* NSString+HHUriEncoding.h */ = {isa = PBXFileReference; fileEncoding = 4; lastKnownFileType = sourcecode.c.h; path = "NSString+HHUriEncoding.h"; sourceTree = "<group>"; };
		2C2153B016C9947F00255CFB /* NSString+HHUriEncoding.m */ = {isa = PBXFileReference; fileEncoding = 4; lastKnownFileType = sourcecode.c.objc; path = "NSString+HHUriEncoding.m"; sourceTree = "<group>"; };
		2C2153B116C9947F00255CFB /* README.md */ = {isa = PBXFileReference; fileEncoding = 4; lastKnownFileType = text; path = README.md; sourceTree = "<group>"; };
		2C2153B216C9947F00255CFB /* UIImage+HHImages.h */ = {isa = PBXFileReference; fileEncoding = 4; lastKnownFileType = sourcecode.c.h; path = "UIImage+HHImages.h"; sourceTree = "<group>"; };
		2C2153B316C9947F00255CFB /* UIImage+HHImages.m */ = {isa = PBXFileReference; fileEncoding = 4; lastKnownFileType = sourcecode.c.objc; path = "UIImage+HHImages.m"; sourceTree = "<group>"; };
		2C2568AA16AE0DF9007C60B7 /* Base64.h */ = {isa = PBXFileReference; fileEncoding = 4; lastKnownFileType = sourcecode.c.h; path = Base64.h; sourceTree = "<group>"; };
		2C2568AB16AE0DF9007C60B7 /* Base64.m */ = {isa = PBXFileReference; fileEncoding = 4; lastKnownFileType = sourcecode.c.objc; path = Base64.m; sourceTree = "<group>"; };
		2C256F7A16B0BB4E007C60B7 /* UIColor+Util.h */ = {isa = PBXFileReference; fileEncoding = 4; lastKnownFileType = sourcecode.c.h; path = "UIColor+Util.h"; sourceTree = "<group>"; };
		2C256F7B16B0BB4E007C60B7 /* UIColor+Util.m */ = {isa = PBXFileReference; fileEncoding = 4; lastKnownFileType = sourcecode.c.objc; path = "UIColor+Util.m"; sourceTree = "<group>"; };
		2C409ABD16CB4EB6006C49F9 /* opensans-italic.ttf */ = {isa = PBXFileReference; lastKnownFileType = file; path = "opensans-italic.ttf"; sourceTree = "<group>"; };
		2C409ABE16CB4EB6006C49F9 /* opensans-light-italic.ttf */ = {isa = PBXFileReference; lastKnownFileType = file; path = "opensans-light-italic.ttf"; sourceTree = "<group>"; };
		2C409ABF16CB4EB6006C49F9 /* opensans-light.ttf */ = {isa = PBXFileReference; lastKnownFileType = file; path = "opensans-light.ttf"; sourceTree = "<group>"; };
		2C409AC016CB4EB6006C49F9 /* opensans.ttf */ = {isa = PBXFileReference; lastKnownFileType = file; path = opensans.ttf; sourceTree = "<group>"; };
		2C650ACF16A5DCAD000F381E /* BTAudio.h */ = {isa = PBXFileReference; fileEncoding = 4; lastKnownFileType = sourcecode.c.h; path = BTAudio.h; sourceTree = "<group>"; };
		2C650AD016A5DCAD000F381E /* BTAudio.m */ = {isa = PBXFileReference; fileEncoding = 4; lastKnownFileType = sourcecode.c.objc; path = BTAudio.m; sourceTree = "<group>"; };
		2C650AF516A5DCAD000F381E /* BTFacebook.h */ = {isa = PBXFileReference; fileEncoding = 4; lastKnownFileType = sourcecode.c.h; path = BTFacebook.h; sourceTree = "<group>"; };
		2C650AF616A5DCAD000F381E /* BTFacebook.m */ = {isa = PBXFileReference; fileEncoding = 4; lastKnownFileType = sourcecode.c.objc; path = BTFacebook.m; sourceTree = "<group>"; };
		2C650AF716A5DCAD000F381E /* BTImage.h */ = {isa = PBXFileReference; fileEncoding = 4; lastKnownFileType = sourcecode.c.h; path = BTImage.h; sourceTree = "<group>"; };
		2C650AF816A5DCAD000F381E /* BTImage.m */ = {isa = PBXFileReference; fileEncoding = 4; lastKnownFileType = sourcecode.c.objc; path = BTImage.m; sourceTree = "<group>"; };
		2C650AF916A5DCAD000F381E /* BTTextInput.h */ = {isa = PBXFileReference; fileEncoding = 4; lastKnownFileType = sourcecode.c.h; path = BTTextInput.h; sourceTree = "<group>"; };
		2C650AFA16A5DCAD000F381E /* BTTextInput.m */ = {isa = PBXFileReference; fileEncoding = 4; lastKnownFileType = sourcecode.c.objc; path = BTTextInput.m; sourceTree = "<group>"; };
		2C650C2616A5DFA1000F381E /* FacebookSDK.framework */ = {isa = PBXFileReference; lastKnownFileType = wrapper.framework; name = FacebookSDK.framework; path = "../../dependencies/facebook-ios-sdk/build/FacebookSDK.framework"; sourceTree = "<group>"; };
		2C650C2916A5DFB3000F381E /* Facebook.h */ = {isa = PBXFileReference; fileEncoding = 4; lastKnownFileType = sourcecode.c.h; path = Facebook.h; sourceTree = "<group>"; };
		2C650C2A16A5DFB3000F381E /* FacebookSDK.h */ = {isa = PBXFileReference; fileEncoding = 4; lastKnownFileType = sourcecode.c.h; path = FacebookSDK.h; sourceTree = "<group>"; };
		2C650C2B16A5DFB3000F381E /* FBCacheDescriptor.h */ = {isa = PBXFileReference; fileEncoding = 4; lastKnownFileType = sourcecode.c.h; path = FBCacheDescriptor.h; sourceTree = "<group>"; };
		2C650C2C16A5DFB3000F381E /* FBConnect.h */ = {isa = PBXFileReference; fileEncoding = 4; lastKnownFileType = sourcecode.c.h; path = FBConnect.h; sourceTree = "<group>"; };
		2C650C2D16A5DFB3000F381E /* FBDialog.h */ = {isa = PBXFileReference; fileEncoding = 4; lastKnownFileType = sourcecode.c.h; path = FBDialog.h; sourceTree = "<group>"; };
		2C650C2E16A5DFB3000F381E /* FBError.h */ = {isa = PBXFileReference; fileEncoding = 4; lastKnownFileType = sourcecode.c.h; path = FBError.h; sourceTree = "<group>"; };
		2C650C2F16A5DFB3000F381E /* FBFrictionlessRequestSettings.h */ = {isa = PBXFileReference; fileEncoding = 4; lastKnownFileType = sourcecode.c.h; path = FBFrictionlessRequestSettings.h; sourceTree = "<group>"; };
		2C650C3016A5DFB3000F381E /* FBFriendPickerViewController.h */ = {isa = PBXFileReference; fileEncoding = 4; lastKnownFileType = sourcecode.c.h; path = FBFriendPickerViewController.h; sourceTree = "<group>"; };
		2C650C3116A5DFB3000F381E /* FBGraphLocation.h */ = {isa = PBXFileReference; fileEncoding = 4; lastKnownFileType = sourcecode.c.h; path = FBGraphLocation.h; sourceTree = "<group>"; };
		2C650C3216A5DFB3000F381E /* FBGraphObject.h */ = {isa = PBXFileReference; fileEncoding = 4; lastKnownFileType = sourcecode.c.h; path = FBGraphObject.h; sourceTree = "<group>"; };
		2C650C3316A5DFB3000F381E /* FBGraphPlace.h */ = {isa = PBXFileReference; fileEncoding = 4; lastKnownFileType = sourcecode.c.h; path = FBGraphPlace.h; sourceTree = "<group>"; };
		2C650C3416A5DFB3000F381E /* FBGraphUser.h */ = {isa = PBXFileReference; fileEncoding = 4; lastKnownFileType = sourcecode.c.h; path = FBGraphUser.h; sourceTree = "<group>"; };
		2C650C3516A5DFB3000F381E /* FBLoginDialog.h */ = {isa = PBXFileReference; fileEncoding = 4; lastKnownFileType = sourcecode.c.h; path = FBLoginDialog.h; sourceTree = "<group>"; };
		2C650C3616A5DFB3000F381E /* FBLoginView.h */ = {isa = PBXFileReference; fileEncoding = 4; lastKnownFileType = sourcecode.c.h; path = FBLoginView.h; sourceTree = "<group>"; };
		2C650C3716A5DFB3000F381E /* FBNativeDialogs.h */ = {isa = PBXFileReference; fileEncoding = 4; lastKnownFileType = sourcecode.c.h; path = FBNativeDialogs.h; sourceTree = "<group>"; };
		2C650C3816A5DFB3000F381E /* FBOpenGraphAction.h */ = {isa = PBXFileReference; fileEncoding = 4; lastKnownFileType = sourcecode.c.h; path = FBOpenGraphAction.h; sourceTree = "<group>"; };
		2C650C3916A5DFB3000F381E /* FBPlacePickerViewController.h */ = {isa = PBXFileReference; fileEncoding = 4; lastKnownFileType = sourcecode.c.h; path = FBPlacePickerViewController.h; sourceTree = "<group>"; };
		2C650C3A16A5DFB3000F381E /* FBProfilePictureView.h */ = {isa = PBXFileReference; fileEncoding = 4; lastKnownFileType = sourcecode.c.h; path = FBProfilePictureView.h; sourceTree = "<group>"; };
		2C650C3B16A5DFB3000F381E /* FBRequest.h */ = {isa = PBXFileReference; fileEncoding = 4; lastKnownFileType = sourcecode.c.h; path = FBRequest.h; sourceTree = "<group>"; };
		2C650C3C16A5DFB3000F381E /* FBRequestConnection.h */ = {isa = PBXFileReference; fileEncoding = 4; lastKnownFileType = sourcecode.c.h; path = FBRequestConnection.h; sourceTree = "<group>"; };
		2C650C3D16A5DFB3000F381E /* FBSBJSON.h */ = {isa = PBXFileReference; fileEncoding = 4; lastKnownFileType = sourcecode.c.h; path = FBSBJSON.h; sourceTree = "<group>"; };
		2C650C3E16A5DFB3000F381E /* FBSBJsonBase.h */ = {isa = PBXFileReference; fileEncoding = 4; lastKnownFileType = sourcecode.c.h; path = FBSBJsonBase.h; sourceTree = "<group>"; };
		2C650C3F16A5DFB3000F381E /* FBSBJsonParser.h */ = {isa = PBXFileReference; fileEncoding = 4; lastKnownFileType = sourcecode.c.h; path = FBSBJsonParser.h; sourceTree = "<group>"; };
		2C650C4016A5DFB3000F381E /* FBSBJsonWriter.h */ = {isa = PBXFileReference; fileEncoding = 4; lastKnownFileType = sourcecode.c.h; path = FBSBJsonWriter.h; sourceTree = "<group>"; };
		2C650C4116A5DFB3000F381E /* FBSession.h */ = {isa = PBXFileReference; fileEncoding = 4; lastKnownFileType = sourcecode.c.h; path = FBSession.h; sourceTree = "<group>"; };
		2C650C4216A5DFB3000F381E /* FBSessionManualTokenCachingStrategy.h */ = {isa = PBXFileReference; fileEncoding = 4; lastKnownFileType = sourcecode.c.h; path = FBSessionManualTokenCachingStrategy.h; sourceTree = "<group>"; };
		2C650C4316A5DFB3000F381E /* FBSessionTokenCachingStrategy.h */ = {isa = PBXFileReference; fileEncoding = 4; lastKnownFileType = sourcecode.c.h; path = FBSessionTokenCachingStrategy.h; sourceTree = "<group>"; };
		2C650C4416A5DFB3000F381E /* FBSettings.h */ = {isa = PBXFileReference; fileEncoding = 4; lastKnownFileType = sourcecode.c.h; path = FBSettings.h; sourceTree = "<group>"; };
		2C650C4516A5DFB3000F381E /* FBTestSession.h */ = {isa = PBXFileReference; fileEncoding = 4; lastKnownFileType = sourcecode.c.h; path = FBTestSession.h; sourceTree = "<group>"; };
		2C650C4616A5DFB3000F381E /* FBUserSettingsViewController.h */ = {isa = PBXFileReference; fileEncoding = 4; lastKnownFileType = sourcecode.c.h; path = FBUserSettingsViewController.h; sourceTree = "<group>"; };
		2C650C4716A5DFB3000F381E /* FBViewController.h */ = {isa = PBXFileReference; fileEncoding = 4; lastKnownFileType = sourcecode.c.h; path = FBViewController.h; sourceTree = "<group>"; };
		2C650C4816A5DFD1000F381E /* FacebookSDKResources.bundle */ = {isa = PBXFileReference; lastKnownFileType = "wrapper.plug-in"; name = FacebookSDKResources.bundle; path = "../../dependencies/facebook-ios-sdk/build/FacebookSDK.framework/Versions/A/Resources/FacebookSDKResources.bundle"; sourceTree = "<group>"; };
		2C650C6216A5E459000F381E /* BTAppDelegate.h */ = {isa = PBXFileReference; fileEncoding = 4; lastKnownFileType = sourcecode.c.h; path = BTAppDelegate.h; sourceTree = "<group>"; };
		2C650C6316A5E459000F381E /* BTAppDelegate.m */ = {isa = PBXFileReference; fileEncoding = 4; lastKnownFileType = sourcecode.c.objc; path = BTAppDelegate.m; sourceTree = "<group>"; };
		2C650C6416A5E459000F381E /* BTCache.h */ = {isa = PBXFileReference; fileEncoding = 4; lastKnownFileType = sourcecode.c.h; path = BTCache.h; sourceTree = "<group>"; };
		2C650C6516A5E459000F381E /* BTCache.m */ = {isa = PBXFileReference; fileEncoding = 4; lastKnownFileType = sourcecode.c.objc; path = BTCache.m; sourceTree = "<group>"; };
		2C650C6616A5E459000F381E /* BTIndex.h */ = {isa = PBXFileReference; fileEncoding = 4; lastKnownFileType = sourcecode.c.h; path = BTIndex.h; sourceTree = "<group>"; };
		2C650C6716A5E459000F381E /* BTIndex.m */ = {isa = PBXFileReference; fileEncoding = 4; lastKnownFileType = sourcecode.c.objc; path = BTIndex.m; sourceTree = "<group>"; };
		2C650C6816A5E459000F381E /* BTModule.h */ = {isa = PBXFileReference; fileEncoding = 4; lastKnownFileType = sourcecode.c.h; path = BTModule.h; sourceTree = "<group>"; };
		2C650C6916A5E459000F381E /* BTModule.m */ = {isa = PBXFileReference; fileEncoding = 4; lastKnownFileType = sourcecode.c.objc; path = BTModule.m; sourceTree = "<group>"; };
		2C650C6A16A5E459000F381E /* BTNet.h */ = {isa = PBXFileReference; fileEncoding = 4; lastKnownFileType = sourcecode.c.h; path = BTNet.h; sourceTree = "<group>"; };
		2C650C6B16A5E459000F381E /* BTNet.m */ = {isa = PBXFileReference; fileEncoding = 4; lastKnownFileType = sourcecode.c.objc; path = BTNet.m; sourceTree = "<group>"; };
		2C650C6C16A5E459000F381E /* BTResponse.h */ = {isa = PBXFileReference; fileEncoding = 4; lastKnownFileType = sourcecode.c.h; path = BTResponse.h; sourceTree = "<group>"; };
		2C650C6D16A5E459000F381E /* BTResponse.m */ = {isa = PBXFileReference; fileEncoding = 4; lastKnownFileType = sourcecode.c.objc; path = BTResponse.m; sourceTree = "<group>"; };
		2C650C6E16A5E459000F381E /* BTState.h */ = {isa = PBXFileReference; fileEncoding = 4; lastKnownFileType = sourcecode.c.h; path = BTState.h; sourceTree = "<group>"; };
		2C650C6F16A5E459000F381E /* BTState.m */ = {isa = PBXFileReference; fileEncoding = 4; lastKnownFileType = sourcecode.c.objc; path = BTState.m; sourceTree = "<group>"; };
		2C650C7016A5E459000F381E /* BTViewController.h */ = {isa = PBXFileReference; fileEncoding = 4; lastKnownFileType = sourcecode.c.h; path = BTViewController.h; sourceTree = "<group>"; };
		2C650C7116A5E459000F381E /* BTViewController.m */ = {isa = PBXFileReference; fileEncoding = 4; lastKnownFileType = sourcecode.c.objc; path = BTViewController.m; sourceTree = "<group>"; };
		2C650C7316A5E459000F381E /* NSString+Util.h */ = {isa = PBXFileReference; fileEncoding = 4; lastKnownFileType = sourcecode.c.h; path = "NSString+Util.h"; sourceTree = "<group>"; };
		2C650C7416A5E459000F381E /* NSString+Util.m */ = {isa = PBXFileReference; fileEncoding = 4; lastKnownFileType = sourcecode.c.objc; path = "NSString+Util.m"; sourceTree = "<group>"; };
		2C650C7616A5E459000F381E /* README.md */ = {isa = PBXFileReference; fileEncoding = 4; lastKnownFileType = text; path = README.md; sourceTree = "<group>"; };
		2C650C7716A5E459000F381E /* UIImage+Alpha.h */ = {isa = PBXFileReference; fileEncoding = 4; lastKnownFileType = sourcecode.c.h; path = "UIImage+Alpha.h"; sourceTree = "<group>"; };
		2C650C7816A5E459000F381E /* UIImage+Alpha.m */ = {isa = PBXFileReference; fileEncoding = 4; lastKnownFileType = sourcecode.c.objc; path = "UIImage+Alpha.m"; sourceTree = "<group>"; };
		2C650C7916A5E459000F381E /* UIImage+Resize.h */ = {isa = PBXFileReference; fileEncoding = 4; lastKnownFileType = sourcecode.c.h; path = "UIImage+Resize.h"; sourceTree = "<group>"; };
		2C650C7A16A5E459000F381E /* UIImage+Resize.m */ = {isa = PBXFileReference; fileEncoding = 4; lastKnownFileType = sourcecode.c.objc; path = "UIImage+Resize.m"; sourceTree = "<group>"; };
		2C650C7B16A5E459000F381E /* UIImage+RoundedCorner.h */ = {isa = PBXFileReference; fileEncoding = 4; lastKnownFileType = sourcecode.c.h; path = "UIImage+RoundedCorner.h"; sourceTree = "<group>"; };
		2C650C7C16A5E459000F381E /* UIImage+RoundedCorner.m */ = {isa = PBXFileReference; fileEncoding = 4; lastKnownFileType = sourcecode.c.objc; path = "UIImage+RoundedCorner.m"; sourceTree = "<group>"; };
		2C650C7D16A5E459000F381E /* DebugUIWebView.h */ = {isa = PBXFileReference; fileEncoding = 4; lastKnownFileType = sourcecode.c.h; path = DebugUIWebView.h; sourceTree = "<group>"; };
		2C650C7E16A5E459000F381E /* DebugUIWebView.m */ = {isa = PBXFileReference; fileEncoding = 4; lastKnownFileType = sourcecode.c.objc; path = DebugUIWebView.m; sourceTree = "<group>"; };
		2C650C8316A5E459000F381E /* NSFileManager+Tar.h */ = {isa = PBXFileReference; fileEncoding = 4; lastKnownFileType = sourcecode.c.h; path = "NSFileManager+Tar.h"; sourceTree = "<group>"; };
		2C650C8416A5E459000F381E /* NSFileManager+Tar.m */ = {isa = PBXFileReference; fileEncoding = 4; lastKnownFileType = sourcecode.c.objc; path = "NSFileManager+Tar.m"; sourceTree = "<group>"; };
		2C650CB016A5E459000F381E /* WebViewProxy.h */ = {isa = PBXFileReference; fileEncoding = 4; lastKnownFileType = sourcecode.c.h; path = WebViewProxy.h; sourceTree = "<group>"; };
		2C650CB116A5E459000F381E /* WebViewProxy.m */ = {isa = PBXFileReference; fileEncoding = 4; lastKnownFileType = sourcecode.c.objc; path = WebViewProxy.m; sourceTree = "<group>"; };
		2C650CEF16A5E50E000F381E /* WebViewJavascriptBridge.h */ = {isa = PBXFileReference; fileEncoding = 4; lastKnownFileType = sourcecode.c.h; path = WebViewJavascriptBridge.h; sourceTree = "<group>"; };
		2C650CF016A5E50E000F381E /* WebViewJavascriptBridge.js.txt */ = {isa = PBXFileReference; fileEncoding = 4; lastKnownFileType = text; path = WebViewJavascriptBridge.js.txt; sourceTree = "<group>"; };
		2C650CF116A5E50E000F381E /* WebViewJavascriptBridge.m */ = {isa = PBXFileReference; fileEncoding = 4; lastKnownFileType = sourcecode.c.objc; path = WebViewJavascriptBridge.m; sourceTree = "<group>"; };
		2C650CF516A5E6CF000F381E /* app.html */ = {isa = PBXFileReference; fileEncoding = 4; lastKnownFileType = text.html; path = app.html; sourceTree = "<group>"; };
		2C650CF616A5E6CF000F381E /* appCss.css */ = {isa = PBXFileReference; fileEncoding = 4; lastKnownFileType = text.css; path = appCss.css; sourceTree = "<group>"; };
		2C650CF716A5E6CF000F381E /* appJs.html */ = {isa = PBXFileReference; fileEncoding = 4; lastKnownFileType = text.html; path = appJs.html; sourceTree = "<group>"; };
		2C650CF816A5E6CF000F381E /* dev-hostname.txt */ = {isa = PBXFileReference; fileEncoding = 4; lastKnownFileType = text; path = "dev-hostname.txt"; sourceTree = "<group>"; };
		2C650D8116A5E7D1000F381E /* mobileApp */ = {isa = PBXFileReference; lastKnownFileType = folder; name = mobileApp; path = ../graphics/mobileApp; sourceTree = "<group>"; };
		2C709417165A14DA007DDECD /* logo.png */ = {isa = PBXFileReference; lastKnownFileType = image.png; path = logo.png; sourceTree = "<group>"; };
		2C70941B165A14E9007DDECD /* Default.png */ = {isa = PBXFileReference; lastKnownFileType = image.png; path = Default.png; sourceTree = "<group>"; };
		2C70941D165A14EE007DDECD /* Default@2x.png */ = {isa = PBXFileReference; lastKnownFileType = image.png; path = "Default@2x.png"; sourceTree = "<group>"; };
		2C70941F165A14F2007DDECD /* Default-568h@2x.png */ = {isa = PBXFileReference; lastKnownFileType = image.png; path = "Default-568h@2x.png"; sourceTree = "<group>"; };
		2C709429165A8965007DDECD /* logo@2x.png */ = {isa = PBXFileReference; lastKnownFileType = image.png; path = "logo@2x.png"; sourceTree = "<group>"; };
		2CAE30581556262500742518 /* AudioToolbox.framework */ = {isa = PBXFileReference; lastKnownFileType = wrapper.framework; name = AudioToolbox.framework; path = System/Library/Frameworks/AudioToolbox.framework; sourceTree = SDKROOT; };
		2CC5C23D169FB874005050DB /* AVFoundation.framework */ = {isa = PBXFileReference; lastKnownFileType = wrapper.framework; name = AVFoundation.framework; path = System/Library/Frameworks/AVFoundation.framework; sourceTree = SDKROOT; };
		2CCAFE681569EC1C002766A1 /* vibrate.wav */ = {isa = PBXFileReference; lastKnownFileType = audio.wav; path = vibrate.wav; sourceTree = "<group>"; };
		2CD132771567B639002386F3 /* CFNetwork.framework */ = {isa = PBXFileReference; lastKnownFileType = wrapper.framework; name = CFNetwork.framework; path = System/Library/Frameworks/CFNetwork.framework; sourceTree = SDKROOT; };
		2CD132791567B63F002386F3 /* SystemConfiguration.framework */ = {isa = PBXFileReference; lastKnownFileType = wrapper.framework; name = SystemConfiguration.framework; path = System/Library/Frameworks/SystemConfiguration.framework; sourceTree = SDKROOT; };
		2CD1327B1567B645002386F3 /* MobileCoreServices.framework */ = {isa = PBXFileReference; lastKnownFileType = wrapper.framework; name = MobileCoreServices.framework; path = System/Library/Frameworks/MobileCoreServices.framework; sourceTree = SDKROOT; };
		2CD133E61567C2C0002386F3 /* Security.framework */ = {isa = PBXFileReference; lastKnownFileType = wrapper.framework; name = Security.framework; path = System/Library/Frameworks/Security.framework; sourceTree = SDKROOT; };
		2CD1A029153FB6B0008949F2 /* dogo.app */ = {isa = PBXFileReference; explicitFileType = wrapper.application; includeInIndex = 0; path = dogo.app; sourceTree = BUILT_PRODUCTS_DIR; };
		2CD1A02D153FB6B0008949F2 /* UIKit.framework */ = {isa = PBXFileReference; lastKnownFileType = wrapper.framework; name = UIKit.framework; path = System/Library/Frameworks/UIKit.framework; sourceTree = SDKROOT; };
		2CD1A02F153FB6B0008949F2 /* Foundation.framework */ = {isa = PBXFileReference; lastKnownFileType = wrapper.framework; name = Foundation.framework; path = System/Library/Frameworks/Foundation.framework; sourceTree = SDKROOT; };
		2CD1A031153FB6B0008949F2 /* CoreGraphics.framework */ = {isa = PBXFileReference; lastKnownFileType = wrapper.framework; name = CoreGraphics.framework; path = System/Library/Frameworks/CoreGraphics.framework; sourceTree = SDKROOT; };
		2CD1A035153FB6B0008949F2 /* dogo-Info.plist */ = {isa = PBXFileReference; lastKnownFileType = text.plist.xml; path = "dogo-Info.plist"; sourceTree = "<group>"; };
		2CD1A037153FB6B0008949F2 /* en */ = {isa = PBXFileReference; lastKnownFileType = text.plist.strings; name = en; path = en.lproj/InfoPlist.strings; sourceTree = "<group>"; };
		2CD1A039153FB6B0008949F2 /* main.m */ = {isa = PBXFileReference; lastKnownFileType = sourcecode.c.objc; path = main.m; sourceTree = "<group>"; };
		2CD1A03B153FB6B1008949F2 /* dogo-Prefix.pch */ = {isa = PBXFileReference; lastKnownFileType = sourcecode.c.h; path = "dogo-Prefix.pch"; sourceTree = "<group>"; };
		2CD1A03C153FB6B1008949F2 /* AppDelegate.h */ = {isa = PBXFileReference; lastKnownFileType = sourcecode.c.h; path = AppDelegate.h; sourceTree = "<group>"; };
		2CD1A03D153FB6B1008949F2 /* AppDelegate.m */ = {isa = PBXFileReference; lastKnownFileType = sourcecode.c.objc; path = AppDelegate.m; sourceTree = "<group>"; };
		2CFF879315D2B6FB00F73150 /* UIDeviceHardware.h */ = {isa = PBXFileReference; fileEncoding = 4; lastKnownFileType = sourcecode.c.h; path = UIDeviceHardware.h; sourceTree = "<group>"; };
		2CFF879415D2B6FB00F73150 /* UIDeviceHardware.m */ = {isa = PBXFileReference; fileEncoding = 4; lastKnownFileType = sourcecode.c.objc; path = UIDeviceHardware.m; sourceTree = "<group>"; };
/* End PBXFileReference section */

/* Begin PBXFrameworksBuildPhase section */
		2CD1A026153FB6B0008949F2 /* Frameworks */ = {
			isa = PBXFrameworksBuildPhase;
			buildActionMask = 2147483647;
			files = (
				2CC5C23E169FB874005050DB /* AVFoundation.framework in Frameworks */,
				2C18849A1687C2950071A3CE /* Social.framework in Frameworks */,
				2C1884981687C28D0071A3CE /* Accounts.framework in Frameworks */,
				2C1884961687C2830071A3CE /* AdSupport.framework in Frameworks */,
				2CD133E81567C2D9002386F3 /* Security.framework in Frameworks */,
				2CD132AA1567B827002386F3 /* SystemConfiguration.framework in Frameworks */,
				2CD1A032153FB6B0008949F2 /* CoreGraphics.framework in Frameworks */,
				2CD132781567B639002386F3 /* CFNetwork.framework in Frameworks */,
				2CAE30591556262500742518 /* AudioToolbox.framework in Frameworks */,
				2CD1A02E153FB6B0008949F2 /* UIKit.framework in Frameworks */,
				2CD1A030153FB6B0008949F2 /* Foundation.framework in Frameworks */,
				2C650C2716A5DFA1000F381E /* FacebookSDK.framework in Frameworks */,
			);
			runOnlyForDeploymentPostprocessing = 0;
		};
/* End PBXFrameworksBuildPhase section */

/* Begin PBXGroup section */
		2C2153A916C9947F00255CFB /* HandyHelpers */ = {
			isa = PBXGroup;
			children = (
				2C2153AA16C9947F00255CFB /* .gitignore */,
				2C2153AB16C9947F00255CFB /* NSArray+HHFunctional.h */,
				2C2153AC16C9947F00255CFB /* NSArray+HHFunctional.m */,
				2C2153AD16C9947F00255CFB /* NSArray+NSString+HHMakeStructs.h */,
				2C2153AE16C9947F00255CFB /* NSArray+NSString+HHMakeStructs.m */,
				2C2153AF16C9947F00255CFB /* NSString+HHUriEncoding.h */,
				2C2153B016C9947F00255CFB /* NSString+HHUriEncoding.m */,
				2C2153B116C9947F00255CFB /* README.md */,
				2C2153B216C9947F00255CFB /* UIImage+HHImages.h */,
				2C2153B316C9947F00255CFB /* UIImage+HHImages.m */,
			);
			name = HandyHelpers;
			path = ../../../dependencies/HandyHelpers;
			sourceTree = "<group>";
		};
		2C2568A916AE0DF9007C60B7 /* Base64 */ = {
			isa = PBXGroup;
			children = (
				2C2568AA16AE0DF9007C60B7 /* Base64.h */,
				2C2568AB16AE0DF9007C60B7 /* Base64.m */,
			);
			path = Base64;
			sourceTree = "<group>";
		};
		2C409ABC16CB4EB6006C49F9 /* fonts */ = {
			isa = PBXGroup;
			children = (
				2C409ABD16CB4EB6006C49F9 /* opensans-italic.ttf */,
				2C409ABE16CB4EB6006C49F9 /* opensans-light-italic.ttf */,
				2C409ABF16CB4EB6006C49F9 /* opensans-light.ttf */,
				2C409AC016CB4EB6006C49F9 /* opensans.ttf */,
			);
			name = fonts;
			path = ../fonts;
			sourceTree = "<group>";
		};
		2C650ACD16A5DCAD000F381E /* blowtorch-ios-modules */ = {
			isa = PBXGroup;
			children = (
				2C650ACE16A5DCAD000F381E /* BTAudio */,
				2C650AF516A5DCAD000F381E /* BTFacebook.h */,
				2C650AF616A5DCAD000F381E /* BTFacebook.m */,
				2C650AF716A5DCAD000F381E /* BTImage.h */,
				2C650AF816A5DCAD000F381E /* BTImage.m */,
				2C650AF916A5DCAD000F381E /* BTTextInput.h */,
				2C650AFA16A5DCAD000F381E /* BTTextInput.m */,
			);
			name = "blowtorch-ios-modules";
			path = "../../dependencies/blowtorch/sdk/blowtorch-ios-modules";
			sourceTree = "<group>";
		};
		2C650ACE16A5DCAD000F381E /* BTAudio */ = {
			isa = PBXGroup;
			children = (
				2C650ACF16A5DCAD000F381E /* BTAudio.h */,
				2C650AD016A5DCAD000F381E /* BTAudio.m */,
			);
			path = BTAudio;
			sourceTree = "<group>";
		};
		2C650C2816A5DFB3000F381E /* DeprecatedHeaders */ = {
			isa = PBXGroup;
			children = (
				2C650C2916A5DFB3000F381E /* Facebook.h */,
				2C650C2A16A5DFB3000F381E /* FacebookSDK.h */,
				2C650C2B16A5DFB3000F381E /* FBCacheDescriptor.h */,
				2C650C2C16A5DFB3000F381E /* FBConnect.h */,
				2C650C2D16A5DFB3000F381E /* FBDialog.h */,
				2C650C2E16A5DFB3000F381E /* FBError.h */,
				2C650C2F16A5DFB3000F381E /* FBFrictionlessRequestSettings.h */,
				2C650C3016A5DFB3000F381E /* FBFriendPickerViewController.h */,
				2C650C3116A5DFB3000F381E /* FBGraphLocation.h */,
				2C650C3216A5DFB3000F381E /* FBGraphObject.h */,
				2C650C3316A5DFB3000F381E /* FBGraphPlace.h */,
				2C650C3416A5DFB3000F381E /* FBGraphUser.h */,
				2C650C3516A5DFB3000F381E /* FBLoginDialog.h */,
				2C650C3616A5DFB3000F381E /* FBLoginView.h */,
				2C650C3716A5DFB3000F381E /* FBNativeDialogs.h */,
				2C650C3816A5DFB3000F381E /* FBOpenGraphAction.h */,
				2C650C3916A5DFB3000F381E /* FBPlacePickerViewController.h */,
				2C650C3A16A5DFB3000F381E /* FBProfilePictureView.h */,
				2C650C3B16A5DFB3000F381E /* FBRequest.h */,
				2C650C3C16A5DFB3000F381E /* FBRequestConnection.h */,
				2C650C3D16A5DFB3000F381E /* FBSBJSON.h */,
				2C650C3E16A5DFB3000F381E /* FBSBJsonBase.h */,
				2C650C3F16A5DFB3000F381E /* FBSBJsonParser.h */,
				2C650C4016A5DFB3000F381E /* FBSBJsonWriter.h */,
				2C650C4116A5DFB3000F381E /* FBSession.h */,
				2C650C4216A5DFB3000F381E /* FBSessionManualTokenCachingStrategy.h */,
				2C650C4316A5DFB3000F381E /* FBSessionTokenCachingStrategy.h */,
				2C650C4416A5DFB3000F381E /* FBSettings.h */,
				2C650C4516A5DFB3000F381E /* FBTestSession.h */,
				2C650C4616A5DFB3000F381E /* FBUserSettingsViewController.h */,
				2C650C4716A5DFB3000F381E /* FBViewController.h */,
			);
			name = DeprecatedHeaders;
			path = "../../dependencies/facebook-ios-sdk/build/FacebookSDK.framework/Versions/A/DeprecatedHeaders";
			sourceTree = "<group>";
		};
		2C650C6116A5E459000F381E /* blowtorch-ios-sdk */ = {
			isa = PBXGroup;
			children = (
				2C650C6216A5E459000F381E /* BTAppDelegate.h */,
				2C650C6316A5E459000F381E /* BTAppDelegate.m */,
				2C650C6416A5E459000F381E /* BTCache.h */,
				2C650C6516A5E459000F381E /* BTCache.m */,
				2C650C6616A5E459000F381E /* BTIndex.h */,
				2C650C6716A5E459000F381E /* BTIndex.m */,
				2C650C6816A5E459000F381E /* BTModule.h */,
				2C650C6916A5E459000F381E /* BTModule.m */,
				2C650C6A16A5E459000F381E /* BTNet.h */,
				2C650C6B16A5E459000F381E /* BTNet.m */,
				2C650C6C16A5E459000F381E /* BTResponse.h */,
				2C650C6D16A5E459000F381E /* BTResponse.m */,
				2C650C6E16A5E459000F381E /* BTState.h */,
				2C650C6F16A5E459000F381E /* BTState.m */,
				2C650C7016A5E459000F381E /* BTViewController.h */,
				2C650C7116A5E459000F381E /* BTViewController.m */,
				2C650C7216A5E459000F381E /* Categories */,
				2C650C7D16A5E459000F381E /* DebugUIWebView.h */,
				2C650C7E16A5E459000F381E /* DebugUIWebView.m */,
				2C650C8216A5E459000F381E /* Light-Untar */,
				2C650CEE16A5E50E000F381E /* WebViewJavascriptBridge */,
				2C650CAF16A5E459000F381E /* WebViewProxy */,
			);
			name = "blowtorch-ios-sdk";
			path = "../../dependencies/blowtorch/sdk/blowtorch-ios-sdk";
			sourceTree = "<group>";
		};
		2C650C7216A5E459000F381E /* Categories */ = {
			isa = PBXGroup;
			children = (
				2C2153A916C9947F00255CFB /* HandyHelpers */,
				2C2568A916AE0DF9007C60B7 /* Base64 */,
				2C650C7316A5E459000F381E /* NSString+Util.h */,
				2C650C7416A5E459000F381E /* NSString+Util.m */,
				2C256F7A16B0BB4E007C60B7 /* UIColor+Util.h */,
				2C256F7B16B0BB4E007C60B7 /* UIColor+Util.m */,
				2C650C7516A5E459000F381E /* UIImage-Categories */,
			);
			path = Categories;
			sourceTree = "<group>";
		};
		2C650C7516A5E459000F381E /* UIImage-Categories */ = {
			isa = PBXGroup;
			children = (
				2C650C7616A5E459000F381E /* README.md */,
				2C650C7716A5E459000F381E /* UIImage+Alpha.h */,
				2C650C7816A5E459000F381E /* UIImage+Alpha.m */,
				2C650C7916A5E459000F381E /* UIImage+Resize.h */,
				2C650C7A16A5E459000F381E /* UIImage+Resize.m */,
				2C650C7B16A5E459000F381E /* UIImage+RoundedCorner.h */,
				2C650C7C16A5E459000F381E /* UIImage+RoundedCorner.m */,
			);
			path = "UIImage-Categories";
			sourceTree = "<group>";
		};
		2C650C8216A5E459000F381E /* Light-Untar */ = {
			isa = PBXGroup;
			children = (
				2C650C8316A5E459000F381E /* NSFileManager+Tar.h */,
				2C650C8416A5E459000F381E /* NSFileManager+Tar.m */,
			);
			path = "Light-Untar";
			sourceTree = "<group>";
		};
		2C650CAF16A5E459000F381E /* WebViewProxy */ = {
			isa = PBXGroup;
			children = (
				2C650CB016A5E459000F381E /* WebViewProxy.h */,
				2C650CB116A5E459000F381E /* WebViewProxy.m */,
			);
			path = WebViewProxy;
			sourceTree = "<group>";
		};
		2C650CEE16A5E50E000F381E /* WebViewJavascriptBridge */ = {
			isa = PBXGroup;
			children = (
				2C650CEF16A5E50E000F381E /* WebViewJavascriptBridge.h */,
				2C650CF016A5E50E000F381E /* WebViewJavascriptBridge.js.txt */,
				2C650CF116A5E50E000F381E /* WebViewJavascriptBridge.m */,
			);
			path = WebViewJavascriptBridge;
			sourceTree = "<group>";
		};
		2C650CF416A5E6CF000F381E /* dogo-ios-build */ = {
			isa = PBXGroup;
			children = (
				2C650CF516A5E6CF000F381E /* app.html */,
				2C650CF616A5E6CF000F381E /* appCss.css */,
				2C650CF716A5E6CF000F381E /* appJs.html */,
				2C650CF816A5E6CF000F381E /* dev-hostname.txt */,
			);
			name = "dogo-ios-build";
			path = "../../../build/dogo-ios-build";
			sourceTree = "<group>";
		};
		2C650D8016A5E7C5000F381E /* graphics */ = {
			isa = PBXGroup;
			children = (
				2C650D8116A5E7D1000F381E /* mobileApp */,
			);
			name = graphics;
			sourceTree = "<group>";
		};
		2CCAFE671569EC1C002766A1 /* sounds */ = {
			isa = PBXGroup;
			children = (
				2CCAFE681569EC1C002766A1 /* vibrate.wav */,
			);
			path = sounds;
			sourceTree = SOURCE_ROOT;
		};
		2CD1A01E153FB6B0008949F2 = {
			isa = PBXGroup;
			children = (
				2C409ABC16CB4EB6006C49F9 /* fonts */,
				2C650D8016A5E7C5000F381E /* graphics */,
				2CCAFE671569EC1C002766A1 /* sounds */,
				2C70941F165A14F2007DDECD /* Default-568h@2x.png */,
				2C70941D165A14EE007DDECD /* Default@2x.png */,
				2C70941B165A14E9007DDECD /* Default.png */,
				2C709417165A14DA007DDECD /* logo.png */,
				2C709429165A8965007DDECD /* logo@2x.png */,
				2CD1A033153FB6B0008949F2 /* dogo */,
				2C650C6116A5E459000F381E /* blowtorch-ios-sdk */,
				2C650ACD16A5DCAD000F381E /* blowtorch-ios-modules */,
				2CD1A02C153FB6B0008949F2 /* Frameworks */,
				2CD1A02A153FB6B0008949F2 /* Products */,
			);
			sourceTree = "<group>";
		};
		2CD1A02A153FB6B0008949F2 /* Products */ = {
			isa = PBXGroup;
			children = (
				2CD1A029153FB6B0008949F2 /* dogo.app */,
			);
			name = Products;
			sourceTree = "<group>";
		};
		2CD1A02C153FB6B0008949F2 /* Frameworks */ = {
			isa = PBXGroup;
			children = (
				2CC5C23D169FB874005050DB /* AVFoundation.framework */,
				2C1884991687C2950071A3CE /* Social.framework */,
				2C1884971687C28D0071A3CE /* Accounts.framework */,
				2C1884951687C2830071A3CE /* AdSupport.framework */,
				2CD133E61567C2C0002386F3 /* Security.framework */,
				2CD1327B1567B645002386F3 /* MobileCoreServices.framework */,
				2CD132791567B63F002386F3 /* SystemConfiguration.framework */,
				2CD132771567B639002386F3 /* CFNetwork.framework */,
				2CD1A031153FB6B0008949F2 /* CoreGraphics.framework */,
				2CD1A02F153FB6B0008949F2 /* Foundation.framework */,
				2CD1A02D153FB6B0008949F2 /* UIKit.framework */,
				2CAE30581556262500742518 /* AudioToolbox.framework */,
				2C650C2616A5DFA1000F381E /* FacebookSDK.framework */,
				2C650C4816A5DFD1000F381E /* FacebookSDKResources.bundle */,
				2C650C2816A5DFB3000F381E /* DeprecatedHeaders */,
			);
			name = Frameworks;
			sourceTree = "<group>";
		};
		2CD1A033153FB6B0008949F2 /* dogo */ = {
			isa = PBXGroup;
			children = (
				2CD1A03C153FB6B1008949F2 /* AppDelegate.h */,
				2CD1A03D153FB6B1008949F2 /* AppDelegate.m */,
				2CFF879315D2B6FB00F73150 /* UIDeviceHardware.h */,
				2CFF879415D2B6FB00F73150 /* UIDeviceHardware.m */,
				2C650CF416A5E6CF000F381E /* dogo-ios-build */,
				2CD1A034153FB6B0008949F2 /* Supporting Files */,
			);
			path = dogo;
			sourceTree = "<group>";
		};
		2CD1A034153FB6B0008949F2 /* Supporting Files */ = {
			isa = PBXGroup;
			children = (
				2CD1A035153FB6B0008949F2 /* dogo-Info.plist */,
				2CD1A036153FB6B0008949F2 /* InfoPlist.strings */,
				2CD1A039153FB6B0008949F2 /* main.m */,
				2CD1A03B153FB6B1008949F2 /* dogo-Prefix.pch */,
			);
			name = "Supporting Files";
			sourceTree = "<group>";
		};
/* End PBXGroup section */

/* Begin PBXLegacyTarget section */
		2CF1C8B915E9BAA600F4916D /* dogo-ios-build */ = {
			isa = PBXLegacyTarget;
			buildArgumentsString = "ios-client";
			buildConfigurationList = 2CF1C8BA15E9BAA600F4916D /* Build configuration list for PBXLegacyTarget "dogo-ios-build" */;
			buildPhases = (
			);
			buildToolPath = /usr/bin/make;
			buildWorkingDirectory = ../../;
			dependencies = (
			);
			name = "dogo-ios-build";
			passBuildSettingsInEnvironment = 1;
			productName = "dogo-ios-build";
		};
/* End PBXLegacyTarget section */

/* Begin PBXNativeTarget section */
		2CD1A028153FB6B0008949F2 /* dogo */ = {
			isa = PBXNativeTarget;
			buildConfigurationList = 2CD1A041153FB6B1008949F2 /* Build configuration list for PBXNativeTarget "dogo" */;
			buildPhases = (
				2CD1A025153FB6B0008949F2 /* Sources */,
				2CD1A026153FB6B0008949F2 /* Frameworks */,
				2CD1A027153FB6B0008949F2 /* Resources */,
			);
			buildRules = (
			);
			dependencies = (
				2CF1C8BE15E9BABA00F4916D /* PBXTargetDependency */,
			);
			name = dogo;
			productName = dogo;
			productReference = 2CD1A029153FB6B0008949F2 /* dogo.app */;
			productType = "com.apple.product-type.application";
		};
/* End PBXNativeTarget section */

/* Begin PBXProject section */
		2CD1A020153FB6B0008949F2 /* Project object */ = {
			isa = PBXProject;
			attributes = {
				LastUpgradeCheck = 0460;
				ORGANIZATIONNAME = Flutterby;
			};
			buildConfigurationList = 2CD1A023153FB6B0008949F2 /* Build configuration list for PBXProject "dogo" */;
			compatibilityVersion = "Xcode 3.2";
			developmentRegion = English;
			hasScannedForEncodings = 0;
			knownRegions = (
				en,
			);
			mainGroup = 2CD1A01E153FB6B0008949F2;
			productRefGroup = 2CD1A02A153FB6B0008949F2 /* Products */;
			projectDirPath = "";
			projectRoot = "";
			targets = (
				2CD1A028153FB6B0008949F2 /* dogo */,
				2CF1C8B915E9BAA600F4916D /* dogo-ios-build */,
			);
		};
/* End PBXProject section */

/* Begin PBXResourcesBuildPhase section */
		2CD1A027153FB6B0008949F2 /* Resources */ = {
			isa = PBXResourcesBuildPhase;
			buildActionMask = 2147483647;
			files = (
				2CD1A038153FB6B0008949F2 /* InfoPlist.strings in Resources */,
				2CCAFE691569EC1C002766A1 /* vibrate.wav in Resources */,
				2C709418165A14DA007DDECD /* logo.png in Resources */,
				2C70941C165A14E9007DDECD /* Default.png in Resources */,
				2C70941E165A14EE007DDECD /* Default@2x.png in Resources */,
				2C709420165A14F2007DDECD /* Default-568h@2x.png in Resources */,
				2C70942A165A8965007DDECD /* logo@2x.png in Resources */,
				2C650C4916A5DFD1000F381E /* FacebookSDKResources.bundle in Resources */,
				2C650CBF16A5E459000F381E /* README.md in Resources */,
				2C650CF216A5E50E000F381E /* WebViewJavascriptBridge.js.txt in Resources */,
				2C650CF916A5E6CF000F381E /* app.html in Resources */,
				2C650CFA16A5E6CF000F381E /* appCss.css in Resources */,
				2C650CFB16A5E6CF000F381E /* appJs.html in Resources */,
				2C650CFC16A5E6CF000F381E /* dev-hostname.txt in Resources */,
				2C650D8216A5E7D1000F381E /* mobileApp in Resources */,
				2C2153B416C9947F00255CFB /* .gitignore in Resources */,
				2C2153B816C9947F00255CFB /* README.md in Resources */,
				2C409AC116CB4EB6006C49F9 /* opensans-italic.ttf in Resources */,
				2C409AC216CB4EB6006C49F9 /* opensans-light-italic.ttf in Resources */,
				2C409AC316CB4EB6006C49F9 /* opensans-light.ttf in Resources */,
				2C409AC416CB4EB6006C49F9 /* opensans.ttf in Resources */,
			);
			runOnlyForDeploymentPostprocessing = 0;
		};
/* End PBXResourcesBuildPhase section */

/* Begin PBXSourcesBuildPhase section */
		2CD1A025153FB6B0008949F2 /* Sources */ = {
			isa = PBXSourcesBuildPhase;
			buildActionMask = 2147483647;
			files = (
				2CD1A03A153FB6B0008949F2 /* main.m in Sources */,
				2CD1A03E153FB6B1008949F2 /* AppDelegate.m in Sources */,
				2CFF879515D2B6FB00F73150 /* UIDeviceHardware.m in Sources */,
				2C650B3016A5DCAD000F381E /* BTAudio.m in Sources */,
				2C650B4116A5DCAD000F381E /* BTFacebook.m in Sources */,
				2C650B4216A5DCAD000F381E /* BTImage.m in Sources */,
				2C650B4316A5DCAD000F381E /* BTTextInput.m in Sources */,
				2C650CB616A5E459000F381E /* BTAppDelegate.m in Sources */,
				2C650CB716A5E459000F381E /* BTCache.m in Sources */,
				2C650CB816A5E459000F381E /* BTIndex.m in Sources */,
				2C650CB916A5E459000F381E /* BTModule.m in Sources */,
				2C650CBA16A5E459000F381E /* BTNet.m in Sources */,
				2C650CBB16A5E459000F381E /* BTResponse.m in Sources */,
				2C650CBC16A5E459000F381E /* BTState.m in Sources */,
				2C650CBD16A5E459000F381E /* BTViewController.m in Sources */,
				2C650CBE16A5E459000F381E /* NSString+Util.m in Sources */,
				2C650CC016A5E459000F381E /* UIImage+Alpha.m in Sources */,
				2C650CC116A5E459000F381E /* UIImage+Resize.m in Sources */,
				2C650CC216A5E459000F381E /* UIImage+RoundedCorner.m in Sources */,
				2C650CC316A5E459000F381E /* DebugUIWebView.m in Sources */,
				2C650CC616A5E459000F381E /* NSFileManager+Tar.m in Sources */,
				2C650CE416A5E459000F381E /* WebViewProxy.m in Sources */,
				2C650CF316A5E50E000F381E /* WebViewJavascriptBridge.m in Sources */,
				2C2568AC16AE0DF9007C60B7 /* Base64.m in Sources */,
				2C256F7C16B0BB4E007C60B7 /* UIColor+Util.m in Sources */,
				2C2153B516C9947F00255CFB /* NSArray+HHFunctional.m in Sources */,
				2C2153B616C9947F00255CFB /* NSArray+NSString+HHMakeStructs.m in Sources */,
				2C2153B716C9947F00255CFB /* NSString+HHUriEncoding.m in Sources */,
				2C2153B916C9947F00255CFB /* UIImage+HHImages.m in Sources */,
			);
			runOnlyForDeploymentPostprocessing = 0;
		};
/* End PBXSourcesBuildPhase section */

/* Begin PBXTargetDependency section */
		2CF1C8BE15E9BABA00F4916D /* PBXTargetDependency */ = {
			isa = PBXTargetDependency;
			target = 2CF1C8B915E9BAA600F4916D /* dogo-ios-build */;
			targetProxy = 2CF1C8BD15E9BABA00F4916D /* PBXContainerItemProxy */;
		};
/* End PBXTargetDependency section */

/* Begin PBXVariantGroup section */
		2CD1A036153FB6B0008949F2 /* InfoPlist.strings */ = {
			isa = PBXVariantGroup;
			children = (
				2CD1A037153FB6B0008949F2 /* en */,
			);
			name = InfoPlist.strings;
			sourceTree = "<group>";
		};
/* End PBXVariantGroup section */

/* Begin XCBuildConfiguration section */
		2CD1A03F153FB6B1008949F2 /* Debug */ = {
			isa = XCBuildConfiguration;
			buildSettings = {
				ALWAYS_SEARCH_USER_PATHS = NO;
				ARCHS = "$(ARCHS_STANDARD_32_BIT)";
				CLANG_ENABLE_OBJC_ARC = YES;
				CLANG_WARN_CONSTANT_CONVERSION = YES;
				CLANG_WARN_ENUM_CONVERSION = YES;
				CLANG_WARN_INT_CONVERSION = YES;
				CLANG_WARN__DUPLICATE_METHOD_MATCH = YES;
				CODE_SIGN_IDENTITY = "iPhone Developer";
				"CODE_SIGN_IDENTITY[sdk=iphoneos*]" = "iPhone Developer";
				COPY_PHASE_STRIP = NO;
				GCC_C_LANGUAGE_STANDARD = gnu99;
				GCC_DYNAMIC_NO_PIC = NO;
				GCC_OPTIMIZATION_LEVEL = 0;
				GCC_PREPROCESSOR_DEFINITIONS = (
					"DEBUG=1",
					"$(inherited)",
				);
				GCC_SYMBOLS_PRIVATE_EXTERN = NO;
				GCC_VERSION = com.apple.compilers.llvm.clang.1_0;
				GCC_WARN_ABOUT_RETURN_TYPE = YES;
				GCC_WARN_UNINITIALIZED_AUTOS = YES;
				GCC_WARN_UNUSED_VARIABLE = YES;
				IPHONEOS_DEPLOYMENT_TARGET = 5.1;
				PRODUCT_NAME = "";
				PROVISIONING_PROFILE = "";
				"PROVISIONING_PROFILE[sdk=iphoneos*]" = "";
				SDKROOT = iphoneos;
			};
			name = Debug;
		};
		2CD1A040153FB6B1008949F2 /* Release */ = {
			isa = XCBuildConfiguration;
			buildSettings = {
				ALWAYS_SEARCH_USER_PATHS = NO;
				ARCHS = "$(ARCHS_STANDARD_32_BIT)";
				CLANG_ENABLE_OBJC_ARC = YES;
				CLANG_WARN_CONSTANT_CONVERSION = YES;
				CLANG_WARN_ENUM_CONVERSION = YES;
				CLANG_WARN_INT_CONVERSION = YES;
				CLANG_WARN__DUPLICATE_METHOD_MATCH = YES;
				CODE_SIGN_IDENTITY = "iPhone Developer";
				"CODE_SIGN_IDENTITY[sdk=iphoneos*]" = "iPhone Developer";
				COPY_PHASE_STRIP = YES;
				GCC_C_LANGUAGE_STANDARD = gnu99;
				GCC_VERSION = com.apple.compilers.llvm.clang.1_0;
				GCC_WARN_ABOUT_RETURN_TYPE = YES;
				GCC_WARN_UNINITIALIZED_AUTOS = YES;
				GCC_WARN_UNUSED_VARIABLE = YES;
				IPHONEOS_DEPLOYMENT_TARGET = 5.1;
				OTHER_CFLAGS = "-DNS_BLOCK_ASSERTIONS=1";
				PRODUCT_NAME = "";
				PROVISIONING_PROFILE = "";
				"PROVISIONING_PROFILE[sdk=iphoneos*]" = "";
				SDKROOT = iphoneos;
				VALIDATE_PRODUCT = YES;
			};
			name = Release;
		};
		2CD1A042153FB6B1008949F2 /* Debug */ = {
			isa = XCBuildConfiguration;
			buildSettings = {
				FRAMEWORK_SEARCH_PATHS = (
					"$(inherited)",
					"\"$(SRCROOT)/../../dependencies/facebook-ios-sdk/build\"",
					"\"$(SRCROOT)/../../dependencies/facebook-ios-sdk/build\"",
				);
				GCC_PRECOMPILE_PREFIX_HEADER = YES;
				GCC_PREFIX_HEADER = "dogo/dogo-Prefix.pch";
				INFOPLIST_FILE = "dogo/dogo-Info.plist";
				IPHONEOS_DEPLOYMENT_TARGET = 5.0;
				LIBRARY_SEARCH_PATHS = (
					"$(inherited)",
					"\"$(SRCROOT)/../../dependencies/facebook-ios-sdk/build/FacebookSDK.framework\"",
				);
				OTHER_CFLAGS = "";
				OTHER_LDFLAGS = "-lsqlite3.0";
				PRODUCT_NAME = "$(TARGET_NAME)";
				WRAPPER_EXTENSION = app;
			};
			name = Debug;
		};
		2CD1A043153FB6B1008949F2 /* Release */ = {
			isa = XCBuildConfiguration;
			buildSettings = {
				FRAMEWORK_SEARCH_PATHS = (
					"$(inherited)",
					"\"$(SRCROOT)/../../dependencies/facebook-ios-sdk/build\"",
					"\"$(SRCROOT)/../../dependencies/facebook-ios-sdk/build\"",
				);
				GCC_PRECOMPILE_PREFIX_HEADER = YES;
				GCC_PREFIX_HEADER = "dogo/dogo-Prefix.pch";
				INFOPLIST_FILE = "dogo/dogo-Info.plist";
				IPHONEOS_DEPLOYMENT_TARGET = 5.0;
				LIBRARY_SEARCH_PATHS = (
					"$(inherited)",
					"\"$(SRCROOT)/../../dependencies/facebook-ios-sdk/build/FacebookSDK.framework\"",
				);
				OTHER_LDFLAGS = "-lsqlite3.0";
				PRODUCT_NAME = "$(TARGET_NAME)";
				WRAPPER_EXTENSION = app;
			};
			name = Release;
		};
		2CF1C8BB15E9BAA600F4916D /* Debug */ = {
			isa = XCBuildConfiguration;
			buildSettings = {
				ARCHS = "$(ARCHS_STANDARD_64_BIT)";
				CLANG_CXX_LANGUAGE_STANDARD = "gnu++0x";
				CLANG_CXX_LIBRARY = "libc++";
				CLANG_WARN__DUPLICATE_METHOD_MATCH = YES;
				COMBINE_HIDPI_IMAGES = YES;
				DEBUGGING_SYMBOLS = YES;
				GCC_ENABLE_OBJC_EXCEPTIONS = YES;
				GCC_GENERATE_DEBUGGING_SYMBOLS = YES;
				GCC_OPTIMIZATION_LEVEL = 0;
				GCC_WARN_64_TO_32_BIT_CONVERSION = YES;
				MACOSX_DEPLOYMENT_TARGET = 10.8;
				ONLY_ACTIVE_ARCH = YES;
				OTHER_CFLAGS = "";
				OTHER_LDFLAGS = "";
				PRODUCT_NAME = "$(TARGET_NAME)";
				SDKROOT = macosx;
			};
			name = Debug;
		};
		2CF1C8BC15E9BAA600F4916D /* Release */ = {
			isa = XCBuildConfiguration;
			buildSettings = {
				ARCHS = "$(ARCHS_STANDARD_64_BIT)";
				CLANG_CXX_LANGUAGE_STANDARD = "gnu++0x";
				CLANG_CXX_LIBRARY = "libc++";
				CLANG_WARN__DUPLICATE_METHOD_MATCH = YES;
				COMBINE_HIDPI_IMAGES = YES;
				DEBUG_INFORMATION_FORMAT = "dwarf-with-dsym";
				GCC_ENABLE_OBJC_EXCEPTIONS = YES;
				GCC_WARN_64_TO_32_BIT_CONVERSION = YES;
				MACOSX_DEPLOYMENT_TARGET = 10.8;
				OTHER_CFLAGS = "";
				OTHER_LDFLAGS = "";
				PRODUCT_NAME = "$(TARGET_NAME)";
				SDKROOT = macosx;
			};
			name = Release;
		};
/* End XCBuildConfiguration section */

/* Begin XCConfigurationList section */
		2CD1A023153FB6B0008949F2 /* Build configuration list for PBXProject "dogo" */ = {
			isa = XCConfigurationList;
			buildConfigurations = (
				2CD1A03F153FB6B1008949F2 /* Debug */,
				2CD1A040153FB6B1008949F2 /* Release */,
			);
			defaultConfigurationIsVisible = 0;
			defaultConfigurationName = Release;
		};
		2CD1A041153FB6B1008949F2 /* Build configuration list for PBXNativeTarget "dogo" */ = {
			isa = XCConfigurationList;
			buildConfigurations = (
				2CD1A042153FB6B1008949F2 /* Debug */,
				2CD1A043153FB6B1008949F2 /* Release */,
			);
			defaultConfigurationIsVisible = 0;
			defaultConfigurationName = Release;
		};
		2CF1C8BA15E9BAA600F4916D /* Build configuration list for PBXLegacyTarget "dogo-ios-build" */ = {
			isa = XCConfigurationList;
			buildConfigurations = (
				2CF1C8BB15E9BAA600F4916D /* Debug */,
				2CF1C8BC15E9BAA600F4916D /* Release */,
			);
			defaultConfigurationIsVisible = 0;
			defaultConfigurationName = Release;
		};
/* End XCConfigurationList section */
	};
	rootObject = 2CD1A020153FB6B0008949F2 /* Project object */;
}
