// !$*UTF8*$!
{
	archiveVersion = 1;
	classes = {
	};
	objectVersion = 46;
	objects = {

/* Begin PBXBuildFile section */
		2CCDC91C152BD21800F5C105 /* UIKit.framework in Frameworks */ = {isa = PBXBuildFile; fileRef = 2CCDC91B152BD21800F5C105 /* UIKit.framework */; };
		2CCDC91E152BD21800F5C105 /* Foundation.framework in Frameworks */ = {isa = PBXBuildFile; fileRef = 2CCDC91D152BD21800F5C105 /* Foundation.framework */; };
		2CCDC920152BD21800F5C105 /* CoreGraphics.framework in Frameworks */ = {isa = PBXBuildFile; fileRef = 2CCDC91F152BD21800F5C105 /* CoreGraphics.framework */; };
		2CCDC926152BD21800F5C105 /* InfoPlist.strings in Resources */ = {isa = PBXBuildFile; fileRef = 2CCDC924152BD21800F5C105 /* InfoPlist.strings */; };
		2CCDC928152BD21800F5C105 /* main.m in Sources */ = {isa = PBXBuildFile; fileRef = 2CCDC927152BD21800F5C105 /* main.m */; };
		2CCDC92C152BD21800F5C105 /* AppDelegate.m in Sources */ = {isa = PBXBuildFile; fileRef = 2CCDC92B152BD21800F5C105 /* AppDelegate.m */; };
		2CCDC954152BD2E700F5C105 /* AFHTTPClient.m in Sources */ = {isa = PBXBuildFile; fileRef = 2CCDC935152BD2E700F5C105 /* AFHTTPClient.m */; settings = {COMPILER_FLAGS = "-fno-objc-arc"; }; };
		2CCDC955152BD2E700F5C105 /* AFHTTPRequestOperation.m in Sources */ = {isa = PBXBuildFile; fileRef = 2CCDC937152BD2E700F5C105 /* AFHTTPRequestOperation.m */; settings = {COMPILER_FLAGS = "-fno-objc-arc"; }; };
		2CCDC956152BD2E700F5C105 /* AFImageRequestOperation.m in Sources */ = {isa = PBXBuildFile; fileRef = 2CCDC939152BD2E700F5C105 /* AFImageRequestOperation.m */; settings = {COMPILER_FLAGS = "-fno-objc-arc"; }; };
		2CCDC957152BD2E700F5C105 /* AFJSONRequestOperation.m in Sources */ = {isa = PBXBuildFile; fileRef = 2CCDC93B152BD2E700F5C105 /* AFJSONRequestOperation.m */; settings = {COMPILER_FLAGS = "-fno-objc-arc"; }; };
		2CCDC958152BD2E700F5C105 /* AFJSONUtilities.m in Sources */ = {isa = PBXBuildFile; fileRef = 2CCDC93D152BD2E700F5C105 /* AFJSONUtilities.m */; settings = {COMPILER_FLAGS = "-fno-objc-arc"; }; };
		2CCDC959152BD2E700F5C105 /* AFNetworkActivityIndicatorManager.m in Sources */ = {isa = PBXBuildFile; fileRef = 2CCDC93F152BD2E700F5C105 /* AFNetworkActivityIndicatorManager.m */; settings = {COMPILER_FLAGS = "-fno-objc-arc"; }; };
		2CCDC95A152BD2E700F5C105 /* AFPropertyListRequestOperation.m in Sources */ = {isa = PBXBuildFile; fileRef = 2CCDC942152BD2E700F5C105 /* AFPropertyListRequestOperation.m */; settings = {COMPILER_FLAGS = "-fno-objc-arc"; }; };
		2CCDC95B152BD2E700F5C105 /* AFURLConnectionOperation.m in Sources */ = {isa = PBXBuildFile; fileRef = 2CCDC944152BD2E700F5C105 /* AFURLConnectionOperation.m */; settings = {COMPILER_FLAGS = "-fno-objc-arc"; }; };
		2CCDC95C152BD2E700F5C105 /* AFXMLRequestOperation.m in Sources */ = {isa = PBXBuildFile; fileRef = 2CCDC946152BD2E700F5C105 /* AFXMLRequestOperation.m */; settings = {COMPILER_FLAGS = "-fno-objc-arc"; }; };
		2CCDC95D152BD2E700F5C105 /* UIImageView+AFNetworking.m in Sources */ = {isa = PBXBuildFile; fileRef = 2CCDC948152BD2E700F5C105 /* UIImageView+AFNetworking.m */; settings = {COMPILER_FLAGS = "-fno-objc-arc"; }; };
		2CCDC95E152BD2E700F5C105 /* BTAppDelegate.m in Sources */ = {isa = PBXBuildFile; fileRef = 2CCDC94A152BD2E700F5C105 /* BTAppDelegate.m */; };
		2CCDC95F152BD2E700F5C105 /* JSONKit.m in Sources */ = {isa = PBXBuildFile; fileRef = 2CCDC94D152BD2E700F5C105 /* JSONKit.m */; settings = {COMPILER_FLAGS = "-fno-objc-arc"; }; };
		2CCDC960152BD2E700F5C105 /* NSFileManager+Tar.m in Sources */ = {isa = PBXBuildFile; fileRef = 2CCDC950152BD2E700F5C105 /* NSFileManager+Tar.m */; settings = {COMPILER_FLAGS = "-fno-objc-arc"; }; };
		2CCDC961152BD2E700F5C105 /* WebViewJavascriptBridge.m in Sources */ = {isa = PBXBuildFile; fileRef = 2CCDC953152BD2E700F5C105 /* WebViewJavascriptBridge.m */; settings = {COMPILER_FLAGS = "-fno-objc-arc"; }; };
/* End PBXBuildFile section */

/* Begin PBXFileReference section */
		2CCDC917152BD21800F5C105 /* instapop.app */ = {isa = PBXFileReference; explicitFileType = wrapper.application; includeInIndex = 0; path = instapop.app; sourceTree = BUILT_PRODUCTS_DIR; };
		2CCDC91B152BD21800F5C105 /* UIKit.framework */ = {isa = PBXFileReference; lastKnownFileType = wrapper.framework; name = UIKit.framework; path = System/Library/Frameworks/UIKit.framework; sourceTree = SDKROOT; };
		2CCDC91D152BD21800F5C105 /* Foundation.framework */ = {isa = PBXFileReference; lastKnownFileType = wrapper.framework; name = Foundation.framework; path = System/Library/Frameworks/Foundation.framework; sourceTree = SDKROOT; };
		2CCDC91F152BD21800F5C105 /* CoreGraphics.framework */ = {isa = PBXFileReference; lastKnownFileType = wrapper.framework; name = CoreGraphics.framework; path = System/Library/Frameworks/CoreGraphics.framework; sourceTree = SDKROOT; };
		2CCDC923152BD21800F5C105 /* instapop-Info.plist */ = {isa = PBXFileReference; lastKnownFileType = text.plist.xml; path = "instapop-Info.plist"; sourceTree = "<group>"; };
		2CCDC925152BD21800F5C105 /* en */ = {isa = PBXFileReference; lastKnownFileType = text.plist.strings; name = en; path = en.lproj/InfoPlist.strings; sourceTree = "<group>"; };
		2CCDC927152BD21800F5C105 /* main.m */ = {isa = PBXFileReference; lastKnownFileType = sourcecode.c.objc; path = main.m; sourceTree = "<group>"; };
		2CCDC929152BD21800F5C105 /* instapop-Prefix.pch */ = {isa = PBXFileReference; lastKnownFileType = sourcecode.c.h; path = "instapop-Prefix.pch"; sourceTree = "<group>"; };
		2CCDC92A152BD21800F5C105 /* AppDelegate.h */ = {isa = PBXFileReference; lastKnownFileType = sourcecode.c.h; path = AppDelegate.h; sourceTree = "<group>"; };
		2CCDC92B152BD21800F5C105 /* AppDelegate.m */ = {isa = PBXFileReference; lastKnownFileType = sourcecode.c.objc; path = AppDelegate.m; sourceTree = "<group>"; };
		2CCDC934152BD2E700F5C105 /* AFHTTPClient.h */ = {isa = PBXFileReference; fileEncoding = 4; lastKnownFileType = sourcecode.c.h; path = AFHTTPClient.h; sourceTree = "<group>"; };
		2CCDC935152BD2E700F5C105 /* AFHTTPClient.m */ = {isa = PBXFileReference; fileEncoding = 4; lastKnownFileType = sourcecode.c.objc; path = AFHTTPClient.m; sourceTree = "<group>"; };
		2CCDC936152BD2E700F5C105 /* AFHTTPRequestOperation.h */ = {isa = PBXFileReference; fileEncoding = 4; lastKnownFileType = sourcecode.c.h; path = AFHTTPRequestOperation.h; sourceTree = "<group>"; };
		2CCDC937152BD2E700F5C105 /* AFHTTPRequestOperation.m */ = {isa = PBXFileReference; fileEncoding = 4; lastKnownFileType = sourcecode.c.objc; path = AFHTTPRequestOperation.m; sourceTree = "<group>"; };
		2CCDC938152BD2E700F5C105 /* AFImageRequestOperation.h */ = {isa = PBXFileReference; fileEncoding = 4; lastKnownFileType = sourcecode.c.h; path = AFImageRequestOperation.h; sourceTree = "<group>"; };
		2CCDC939152BD2E700F5C105 /* AFImageRequestOperation.m */ = {isa = PBXFileReference; fileEncoding = 4; lastKnownFileType = sourcecode.c.objc; path = AFImageRequestOperation.m; sourceTree = "<group>"; };
		2CCDC93A152BD2E700F5C105 /* AFJSONRequestOperation.h */ = {isa = PBXFileReference; fileEncoding = 4; lastKnownFileType = sourcecode.c.h; path = AFJSONRequestOperation.h; sourceTree = "<group>"; };
		2CCDC93B152BD2E700F5C105 /* AFJSONRequestOperation.m */ = {isa = PBXFileReference; fileEncoding = 4; lastKnownFileType = sourcecode.c.objc; path = AFJSONRequestOperation.m; sourceTree = "<group>"; };
		2CCDC93C152BD2E700F5C105 /* AFJSONUtilities.h */ = {isa = PBXFileReference; fileEncoding = 4; lastKnownFileType = sourcecode.c.h; path = AFJSONUtilities.h; sourceTree = "<group>"; };
		2CCDC93D152BD2E700F5C105 /* AFJSONUtilities.m */ = {isa = PBXFileReference; fileEncoding = 4; lastKnownFileType = sourcecode.c.objc; path = AFJSONUtilities.m; sourceTree = "<group>"; };
		2CCDC93E152BD2E700F5C105 /* AFNetworkActivityIndicatorManager.h */ = {isa = PBXFileReference; fileEncoding = 4; lastKnownFileType = sourcecode.c.h; path = AFNetworkActivityIndicatorManager.h; sourceTree = "<group>"; };
		2CCDC93F152BD2E700F5C105 /* AFNetworkActivityIndicatorManager.m */ = {isa = PBXFileReference; fileEncoding = 4; lastKnownFileType = sourcecode.c.objc; path = AFNetworkActivityIndicatorManager.m; sourceTree = "<group>"; };
		2CCDC940152BD2E700F5C105 /* AFNetworking.h */ = {isa = PBXFileReference; fileEncoding = 4; lastKnownFileType = sourcecode.c.h; path = AFNetworking.h; sourceTree = "<group>"; };
		2CCDC941152BD2E700F5C105 /* AFPropertyListRequestOperation.h */ = {isa = PBXFileReference; fileEncoding = 4; lastKnownFileType = sourcecode.c.h; path = AFPropertyListRequestOperation.h; sourceTree = "<group>"; };
		2CCDC942152BD2E700F5C105 /* AFPropertyListRequestOperation.m */ = {isa = PBXFileReference; fileEncoding = 4; lastKnownFileType = sourcecode.c.objc; path = AFPropertyListRequestOperation.m; sourceTree = "<group>"; };
		2CCDC943152BD2E700F5C105 /* AFURLConnectionOperation.h */ = {isa = PBXFileReference; fileEncoding = 4; lastKnownFileType = sourcecode.c.h; path = AFURLConnectionOperation.h; sourceTree = "<group>"; };
		2CCDC944152BD2E700F5C105 /* AFURLConnectionOperation.m */ = {isa = PBXFileReference; fileEncoding = 4; lastKnownFileType = sourcecode.c.objc; path = AFURLConnectionOperation.m; sourceTree = "<group>"; };
		2CCDC945152BD2E700F5C105 /* AFXMLRequestOperation.h */ = {isa = PBXFileReference; fileEncoding = 4; lastKnownFileType = sourcecode.c.h; path = AFXMLRequestOperation.h; sourceTree = "<group>"; };
		2CCDC946152BD2E700F5C105 /* AFXMLRequestOperation.m */ = {isa = PBXFileReference; fileEncoding = 4; lastKnownFileType = sourcecode.c.objc; path = AFXMLRequestOperation.m; sourceTree = "<group>"; };
		2CCDC947152BD2E700F5C105 /* UIImageView+AFNetworking.h */ = {isa = PBXFileReference; fileEncoding = 4; lastKnownFileType = sourcecode.c.h; path = "UIImageView+AFNetworking.h"; sourceTree = "<group>"; };
		2CCDC948152BD2E700F5C105 /* UIImageView+AFNetworking.m */ = {isa = PBXFileReference; fileEncoding = 4; lastKnownFileType = sourcecode.c.objc; path = "UIImageView+AFNetworking.m"; sourceTree = "<group>"; };
		2CCDC949152BD2E700F5C105 /* BTAppDelegate.h */ = {isa = PBXFileReference; fileEncoding = 4; lastKnownFileType = sourcecode.c.h; path = BTAppDelegate.h; sourceTree = "<group>"; };
		2CCDC94A152BD2E700F5C105 /* BTAppDelegate.m */ = {isa = PBXFileReference; fileEncoding = 4; lastKnownFileType = sourcecode.c.objc; path = BTAppDelegate.m; sourceTree = "<group>"; };
		2CCDC94C152BD2E700F5C105 /* JSONKit.h */ = {isa = PBXFileReference; fileEncoding = 4; lastKnownFileType = sourcecode.c.h; path = JSONKit.h; sourceTree = "<group>"; };
		2CCDC94D152BD2E700F5C105 /* JSONKit.m */ = {isa = PBXFileReference; fileEncoding = 4; lastKnownFileType = sourcecode.c.objc; path = JSONKit.m; sourceTree = "<group>"; };
		2CCDC94F152BD2E700F5C105 /* NSFileManager+Tar.h */ = {isa = PBXFileReference; fileEncoding = 4; lastKnownFileType = sourcecode.c.h; path = "NSFileManager+Tar.h"; sourceTree = "<group>"; };
		2CCDC950152BD2E700F5C105 /* NSFileManager+Tar.m */ = {isa = PBXFileReference; fileEncoding = 4; lastKnownFileType = sourcecode.c.objc; path = "NSFileManager+Tar.m"; sourceTree = "<group>"; };
		2CCDC952152BD2E700F5C105 /* WebViewJavascriptBridge.h */ = {isa = PBXFileReference; fileEncoding = 4; lastKnownFileType = sourcecode.c.h; path = WebViewJavascriptBridge.h; sourceTree = "<group>"; };
		2CCDC953152BD2E700F5C105 /* WebViewJavascriptBridge.m */ = {isa = PBXFileReference; fileEncoding = 4; lastKnownFileType = sourcecode.c.objc; path = WebViewJavascriptBridge.m; sourceTree = "<group>"; };
/* End PBXFileReference section */

/* Begin PBXFrameworksBuildPhase section */
		2CCDC914152BD21800F5C105 /* Frameworks */ = {
			isa = PBXFrameworksBuildPhase;
			buildActionMask = 2147483647;
			files = (
				2CCDC91C152BD21800F5C105 /* UIKit.framework in Frameworks */,
				2CCDC91E152BD21800F5C105 /* Foundation.framework in Frameworks */,
				2CCDC920152BD21800F5C105 /* CoreGraphics.framework in Frameworks */,
			);
			runOnlyForDeploymentPostprocessing = 0;
		};
/* End PBXFrameworksBuildPhase section */

/* Begin PBXGroup section */
		2CCDC90C152BD21800F5C105 = {
			isa = PBXGroup;
			children = (
				2CCDC921152BD21800F5C105 /* instapop */,
				2CCDC91A152BD21800F5C105 /* Frameworks */,
				2CCDC918152BD21800F5C105 /* Products */,
			);
			sourceTree = "<group>";
		};
		2CCDC918152BD21800F5C105 /* Products */ = {
			isa = PBXGroup;
			children = (
				2CCDC917152BD21800F5C105 /* instapop.app */,
			);
			name = Products;
			sourceTree = "<group>";
		};
		2CCDC91A152BD21800F5C105 /* Frameworks */ = {
			isa = PBXGroup;
			children = (
				2CCDC91B152BD21800F5C105 /* UIKit.framework */,
				2CCDC91D152BD21800F5C105 /* Foundation.framework */,
				2CCDC91F152BD21800F5C105 /* CoreGraphics.framework */,
			);
			name = Frameworks;
			sourceTree = "<group>";
		};
		2CCDC921152BD21800F5C105 /* instapop */ = {
			isa = PBXGroup;
			children = (
				2CCDC92A152BD21800F5C105 /* AppDelegate.h */,
				2CCDC92B152BD21800F5C105 /* AppDelegate.m */,
				2CCDC932152BD2E700F5C105 /* blowtorch-ios-sdk */,
				2CCDC922152BD21800F5C105 /* Supporting Files */,
			);
			path = instapop;
			sourceTree = "<group>";
		};
		2CCDC922152BD21800F5C105 /* Supporting Files */ = {
			isa = PBXGroup;
			children = (
				2CCDC923152BD21800F5C105 /* instapop-Info.plist */,
				2CCDC924152BD21800F5C105 /* InfoPlist.strings */,
				2CCDC927152BD21800F5C105 /* main.m */,
				2CCDC929152BD21800F5C105 /* instapop-Prefix.pch */,
			);
			name = "Supporting Files";
			sourceTree = "<group>";
		};
		2CCDC932152BD2E700F5C105 /* blowtorch-ios-sdk */ = {
			isa = PBXGroup;
			children = (
				2CCDC933152BD2E700F5C105 /* AFNetworking */,
				2CCDC949152BD2E700F5C105 /* BTAppDelegate.h */,
				2CCDC94A152BD2E700F5C105 /* BTAppDelegate.m */,
				2CCDC94B152BD2E700F5C105 /* JSONKit */,
				2CCDC94E152BD2E700F5C105 /* Light-Untar */,
				2CCDC951152BD2E700F5C105 /* WebViewJavascriptBridge */,
			);
			name = "blowtorch-ios-sdk";
			path = "../../dependencies/blowtorch/sdk/blowtorch-ios-sdk";
			sourceTree = "<group>";
		};
		2CCDC933152BD2E700F5C105 /* AFNetworking */ = {
			isa = PBXGroup;
			children = (
				2CCDC934152BD2E700F5C105 /* AFHTTPClient.h */,
				2CCDC935152BD2E700F5C105 /* AFHTTPClient.m */,
				2CCDC936152BD2E700F5C105 /* AFHTTPRequestOperation.h */,
				2CCDC937152BD2E700F5C105 /* AFHTTPRequestOperation.m */,
				2CCDC938152BD2E700F5C105 /* AFImageRequestOperation.h */,
				2CCDC939152BD2E700F5C105 /* AFImageRequestOperation.m */,
				2CCDC93A152BD2E700F5C105 /* AFJSONRequestOperation.h */,
				2CCDC93B152BD2E700F5C105 /* AFJSONRequestOperation.m */,
				2CCDC93C152BD2E700F5C105 /* AFJSONUtilities.h */,
				2CCDC93D152BD2E700F5C105 /* AFJSONUtilities.m */,
				2CCDC93E152BD2E700F5C105 /* AFNetworkActivityIndicatorManager.h */,
				2CCDC93F152BD2E700F5C105 /* AFNetworkActivityIndicatorManager.m */,
				2CCDC940152BD2E700F5C105 /* AFNetworking.h */,
				2CCDC941152BD2E700F5C105 /* AFPropertyListRequestOperation.h */,
				2CCDC942152BD2E700F5C105 /* AFPropertyListRequestOperation.m */,
				2CCDC943152BD2E700F5C105 /* AFURLConnectionOperation.h */,
				2CCDC944152BD2E700F5C105 /* AFURLConnectionOperation.m */,
				2CCDC945152BD2E700F5C105 /* AFXMLRequestOperation.h */,
				2CCDC946152BD2E700F5C105 /* AFXMLRequestOperation.m */,
				2CCDC947152BD2E700F5C105 /* UIImageView+AFNetworking.h */,
				2CCDC948152BD2E700F5C105 /* UIImageView+AFNetworking.m */,
			);
			path = AFNetworking;
			sourceTree = "<group>";
		};
		2CCDC94B152BD2E700F5C105 /* JSONKit */ = {
			isa = PBXGroup;
			children = (
				2CCDC94C152BD2E700F5C105 /* JSONKit.h */,
				2CCDC94D152BD2E700F5C105 /* JSONKit.m */,
			);
			path = JSONKit;
			sourceTree = "<group>";
		};
		2CCDC94E152BD2E700F5C105 /* Light-Untar */ = {
			isa = PBXGroup;
			children = (
				2CCDC94F152BD2E700F5C105 /* NSFileManager+Tar.h */,
				2CCDC950152BD2E700F5C105 /* NSFileManager+Tar.m */,
			);
			path = "Light-Untar";
			sourceTree = "<group>";
		};
		2CCDC951152BD2E700F5C105 /* WebViewJavascriptBridge */ = {
			isa = PBXGroup;
			children = (
				2CCDC952152BD2E700F5C105 /* WebViewJavascriptBridge.h */,
				2CCDC953152BD2E700F5C105 /* WebViewJavascriptBridge.m */,
			);
			path = WebViewJavascriptBridge;
			sourceTree = "<group>";
		};
/* End PBXGroup section */

/* Begin PBXNativeTarget section */
		2CCDC916152BD21800F5C105 /* instapop */ = {
			isa = PBXNativeTarget;
			buildConfigurationList = 2CCDC92F152BD21800F5C105 /* Build configuration list for PBXNativeTarget "instapop" */;
			buildPhases = (
				2CCDC913152BD21800F5C105 /* Sources */,
				2CCDC914152BD21800F5C105 /* Frameworks */,
				2CCDC915152BD21800F5C105 /* Resources */,
			);
			buildRules = (
			);
			dependencies = (
			);
			name = instapop;
			productName = instapop;
			productReference = 2CCDC917152BD21800F5C105 /* instapop.app */;
			productType = "com.apple.product-type.application";
		};
/* End PBXNativeTarget section */

/* Begin PBXProject section */
		2CCDC90E152BD21800F5C105 /* Project object */ = {
			isa = PBXProject;
			attributes = {
				LastUpgradeCheck = 0430;
				ORGANIZATIONNAME = Meebo;
			};
			buildConfigurationList = 2CCDC911152BD21800F5C105 /* Build configuration list for PBXProject "instapop" */;
			compatibilityVersion = "Xcode 3.2";
			developmentRegion = English;
			hasScannedForEncodings = 0;
			knownRegions = (
				en,
			);
			mainGroup = 2CCDC90C152BD21800F5C105;
			productRefGroup = 2CCDC918152BD21800F5C105 /* Products */;
			projectDirPath = "";
			projectRoot = "";
			targets = (
				2CCDC916152BD21800F5C105 /* instapop */,
			);
		};
/* End PBXProject section */

/* Begin PBXResourcesBuildPhase section */
		2CCDC915152BD21800F5C105 /* Resources */ = {
			isa = PBXResourcesBuildPhase;
			buildActionMask = 2147483647;
			files = (
				2CCDC926152BD21800F5C105 /* InfoPlist.strings in Resources */,
			);
			runOnlyForDeploymentPostprocessing = 0;
		};
/* End PBXResourcesBuildPhase section */

/* Begin PBXSourcesBuildPhase section */
		2CCDC913152BD21800F5C105 /* Sources */ = {
			isa = PBXSourcesBuildPhase;
			buildActionMask = 2147483647;
			files = (
				2CCDC928152BD21800F5C105 /* main.m in Sources */,
				2CCDC92C152BD21800F5C105 /* AppDelegate.m in Sources */,
				2CCDC954152BD2E700F5C105 /* AFHTTPClient.m in Sources */,
				2CCDC955152BD2E700F5C105 /* AFHTTPRequestOperation.m in Sources */,
				2CCDC956152BD2E700F5C105 /* AFImageRequestOperation.m in Sources */,
				2CCDC957152BD2E700F5C105 /* AFJSONRequestOperation.m in Sources */,
				2CCDC958152BD2E700F5C105 /* AFJSONUtilities.m in Sources */,
				2CCDC959152BD2E700F5C105 /* AFNetworkActivityIndicatorManager.m in Sources */,
				2CCDC95A152BD2E700F5C105 /* AFPropertyListRequestOperation.m in Sources */,
				2CCDC95B152BD2E700F5C105 /* AFURLConnectionOperation.m in Sources */,
				2CCDC95C152BD2E700F5C105 /* AFXMLRequestOperation.m in Sources */,
				2CCDC95D152BD2E700F5C105 /* UIImageView+AFNetworking.m in Sources */,
				2CCDC95E152BD2E700F5C105 /* BTAppDelegate.m in Sources */,
				2CCDC95F152BD2E700F5C105 /* JSONKit.m in Sources */,
				2CCDC960152BD2E700F5C105 /* NSFileManager+Tar.m in Sources */,
				2CCDC961152BD2E700F5C105 /* WebViewJavascriptBridge.m in Sources */,
			);
			runOnlyForDeploymentPostprocessing = 0;
		};
/* End PBXSourcesBuildPhase section */

/* Begin PBXVariantGroup section */
		2CCDC924152BD21800F5C105 /* InfoPlist.strings */ = {
			isa = PBXVariantGroup;
			children = (
				2CCDC925152BD21800F5C105 /* en */,
			);
			name = InfoPlist.strings;
			sourceTree = "<group>";
		};
/* End PBXVariantGroup section */

/* Begin XCBuildConfiguration section */
		2CCDC92D152BD21800F5C105 /* Debug */ = {
			isa = XCBuildConfiguration;
			buildSettings = {
				ALWAYS_SEARCH_USER_PATHS = NO;
				ARCHS = "$(ARCHS_STANDARD_32_BIT)";
				CLANG_ENABLE_OBJC_ARC = YES;
				"CODE_SIGN_IDENTITY[sdk=iphoneos*]" = "iPhone Developer";
				COPY_PHASE_STRIP = NO;
				GCC_C_LANGUAGE_STANDARD = gnu99;
				GCC_DYNAMIC_NO_PIC = NO;
				GCC_OPTIMIZATION_LEVEL = 0;
				GCC_PREPROCESSOR_DEFINITIONS = (
					"DEBUG=1",
					"$(inherited)",
				);
				GCC_SYMBOLS_PRIVATE_EXTERN = NO;
				GCC_VERSION = com.apple.compilers.llvm.clang.1_0;
				GCC_WARN_ABOUT_RETURN_TYPE = YES;
				GCC_WARN_UNINITIALIZED_AUTOS = YES;
				GCC_WARN_UNUSED_VARIABLE = YES;
				IPHONEOS_DEPLOYMENT_TARGET = 5.1;
				SDKROOT = iphoneos;
			};
			name = Debug;
		};
		2CCDC92E152BD21800F5C105 /* Release */ = {
			isa = XCBuildConfiguration;
			buildSettings = {
				ALWAYS_SEARCH_USER_PATHS = NO;
				ARCHS = "$(ARCHS_STANDARD_32_BIT)";
				CLANG_ENABLE_OBJC_ARC = YES;
				"CODE_SIGN_IDENTITY[sdk=iphoneos*]" = "iPhone Developer";
				COPY_PHASE_STRIP = YES;
				GCC_C_LANGUAGE_STANDARD = gnu99;
				GCC_VERSION = com.apple.compilers.llvm.clang.1_0;
				GCC_WARN_ABOUT_RETURN_TYPE = YES;
				GCC_WARN_UNINITIALIZED_AUTOS = YES;
				GCC_WARN_UNUSED_VARIABLE = YES;
				IPHONEOS_DEPLOYMENT_TARGET = 5.1;
				OTHER_CFLAGS = "-DNS_BLOCK_ASSERTIONS=1";
				SDKROOT = iphoneos;
				VALIDATE_PRODUCT = YES;
			};
			name = Release;
		};
		2CCDC930152BD21800F5C105 /* Debug */ = {
			isa = XCBuildConfiguration;
			buildSettings = {
				GCC_PRECOMPILE_PREFIX_HEADER = YES;
				GCC_PREFIX_HEADER = "instapop/instapop-Prefix.pch";
				INFOPLIST_FILE = "instapop/instapop-Info.plist";
				PRODUCT_NAME = "$(TARGET_NAME)";
				WRAPPER_EXTENSION = app;
			};
			name = Debug;
		};
		2CCDC931152BD21800F5C105 /* Release */ = {
			isa = XCBuildConfiguration;
			buildSettings = {
				GCC_PRECOMPILE_PREFIX_HEADER = YES;
				GCC_PREFIX_HEADER = "instapop/instapop-Prefix.pch";
				INFOPLIST_FILE = "instapop/instapop-Info.plist";
				PRODUCT_NAME = "$(TARGET_NAME)";
				WRAPPER_EXTENSION = app;
			};
			name = Release;
		};
/* End XCBuildConfiguration section */

/* Begin XCConfigurationList section */
		2CCDC911152BD21800F5C105 /* Build configuration list for PBXProject "instapop" */ = {
			isa = XCConfigurationList;
			buildConfigurations = (
				2CCDC92D152BD21800F5C105 /* Debug */,
				2CCDC92E152BD21800F5C105 /* Release */,
			);
			defaultConfigurationIsVisible = 0;
			defaultConfigurationName = Release;
		};
		2CCDC92F152BD21800F5C105 /* Build configuration list for PBXNativeTarget "instapop" */ = {
			isa = XCConfigurationList;
			buildConfigurations = (
				2CCDC930152BD21800F5C105 /* Debug */,
				2CCDC931152BD21800F5C105 /* Release */,
			);
			defaultConfigurationIsVisible = 0;
			defaultConfigurationName = Release;
		};
/* End XCConfigurationList section */
	};
	rootObject = 2CCDC90E152BD21800F5C105 /* Project object */;
}
